// !$*UTF8*$!
{
	archiveVersion = 1;
	classes = {
	};
	objectVersion = 52;
	objects = {

/* Begin PBXBuildFile section */
		DA04E3A8242726F400AB2EF0 /* UITableViewCells+Create.swift in Sources */ = {isa = PBXBuildFile; fileRef = DA04E3A7242726F400AB2EF0 /* UITableViewCells+Create.swift */; };
		DA0C4CEC26818C1B004831EC /* SetVC.swift in Sources */ = {isa = PBXBuildFile; fileRef = DA0C4CEB26818C1B004831EC /* SetVC.swift */; };
		DA0C4CF02683F6E3004831EC /* SetCell.swift in Sources */ = {isa = PBXBuildFile; fileRef = DA0C4CEF2683F6E2004831EC /* SetCell.swift */; };
		DA0E5D55255773B600FF6E42 /* SetView.swift in Sources */ = {isa = PBXBuildFile; fileRef = DA0E5D54255773B600FF6E42 /* SetView.swift */; };
		DA1C9279241220AE00E5BA96 /* TournamentLocationCell.swift in Sources */ = {isa = PBXBuildFile; fileRef = DA1C9278241220AE00E5BA96 /* TournamentLocationCell.swift */; };
		DA1C927F2413311D00E5BA96 /* UIView+Constraints.swift in Sources */ = {isa = PBXBuildFile; fileRef = DA1C927E2413311D00E5BA96 /* UIView+Constraints.swift */; };
		DA1D51C82688FA82000BBD4A /* PhaseGroupSetGame.swift in Sources */ = {isa = PBXBuildFile; fileRef = DA1D51C72688FA82000BBD4A /* PhaseGroupSetGame.swift */; };
		DA1DD9C8263C479800A1B4A9 /* ScrollableRowCell.swift in Sources */ = {isa = PBXBuildFile; fileRef = DA1DD9C7263C479800A1B4A9 /* ScrollableRowCell.swift */; };
		DA234B1D269797A400E0E6C9 /* icon_alt_83.5pt@2x.png in Resources */ = {isa = PBXBuildFile; fileRef = DA234B0F269797A300E0E6C9 /* icon_alt_83.5pt@2x.png */; };
		DA234B1E269797A400E0E6C9 /* icon_alt_29pt@2x.png in Resources */ = {isa = PBXBuildFile; fileRef = DA234B10269797A300E0E6C9 /* icon_alt_29pt@2x.png */; };
		DA234B1F269797A400E0E6C9 /* icon_alt_76pt@2x.png in Resources */ = {isa = PBXBuildFile; fileRef = DA234B11269797A300E0E6C9 /* icon_alt_76pt@2x.png */; };
		DA234B20269797A400E0E6C9 /* icon_alt_20pt@2x.png in Resources */ = {isa = PBXBuildFile; fileRef = DA234B12269797A300E0E6C9 /* icon_alt_20pt@2x.png */; };
		DA234B21269797A400E0E6C9 /* icon_alt_60pt@3x.png in Resources */ = {isa = PBXBuildFile; fileRef = DA234B13269797A300E0E6C9 /* icon_alt_60pt@3x.png */; };
		DA234B22269797A400E0E6C9 /* icon_alt_40pt@3x.png in Resources */ = {isa = PBXBuildFile; fileRef = DA234B14269797A300E0E6C9 /* icon_alt_40pt@3x.png */; };
		DA234B23269797A400E0E6C9 /* icon_alt_29pt.png in Resources */ = {isa = PBXBuildFile; fileRef = DA234B15269797A300E0E6C9 /* icon_alt_29pt.png */; };
		DA234B24269797A400E0E6C9 /* icon_alt_20pt.png in Resources */ = {isa = PBXBuildFile; fileRef = DA234B16269797A300E0E6C9 /* icon_alt_20pt.png */; };
		DA234B25269797A400E0E6C9 /* icon_alt_40pt@2x.png in Resources */ = {isa = PBXBuildFile; fileRef = DA234B17269797A300E0E6C9 /* icon_alt_40pt@2x.png */; };
		DA234B26269797A400E0E6C9 /* icon_alt_76pt.png in Resources */ = {isa = PBXBuildFile; fileRef = DA234B18269797A300E0E6C9 /* icon_alt_76pt.png */; };
		DA234B27269797A400E0E6C9 /* icon_alt_40pt.png in Resources */ = {isa = PBXBuildFile; fileRef = DA234B19269797A300E0E6C9 /* icon_alt_40pt.png */; };
		DA234B28269797A400E0E6C9 /* icon_alt_29pt@3x.png in Resources */ = {isa = PBXBuildFile; fileRef = DA234B1A269797A300E0E6C9 /* icon_alt_29pt@3x.png */; };
		DA234B29269797A400E0E6C9 /* icon_alt_20pt@3x.png in Resources */ = {isa = PBXBuildFile; fileRef = DA234B1B269797A300E0E6C9 /* icon_alt_20pt@3x.png */; };
		DA234B2A269797A400E0E6C9 /* icon_alt_60pt@2x.png in Resources */ = {isa = PBXBuildFile; fileRef = DA234B1C269797A400E0E6C9 /* icon_alt_60pt@2x.png */; };
		DA266131265C89A100ACEA8D /* AuthTokenStepsVC.swift in Sources */ = {isa = PBXBuildFile; fileRef = DA266130265C89A100ACEA8D /* AuthTokenStepsVC.swift */; };
		DA2939CA23E7CAF400E5DB3A /* Tournament.swift in Sources */ = {isa = PBXBuildFile; fileRef = DA2939C923E7CAF400E5DB3A /* Tournament.swift */; };
		DA2939D223E7D1D800E5DB3A /* NetworkService.swift in Sources */ = {isa = PBXBuildFile; fileRef = DA2939D123E7D1D800E5DB3A /* NetworkService.swift */; };
		DA2D5F2B256B389000C44EEC /* Apollo in Frameworks */ = {isa = PBXBuildFile; productRef = DA2D5F2A256B389000C44EEC /* Apollo */; };
		DA2D5F31256B678300C44EEC /* ApolloService.swift in Sources */ = {isa = PBXBuildFile; fileRef = DA2D5F30256B678300C44EEC /* ApolloService.swift */; };
		DA2E80A52659A91500B876F1 /* ViewAllTournamentsVC.swift in Sources */ = {isa = PBXBuildFile; fileRef = DA2E80A42659A91500B876F1 /* ViewAllTournamentsVC.swift */; };
		DA2E80A92659A95900B876F1 /* TournamentSearchResultsVC.swift in Sources */ = {isa = PBXBuildFile; fileRef = DA2E80A82659A95900B876F1 /* TournamentSearchResultsVC.swift */; };
		DA33C2EE26AE275E00363E70 /* ProfileCell.swift in Sources */ = {isa = PBXBuildFile; fileRef = DA33C2ED26AE275E00363E70 /* ProfileCell.swift */; };
		DA33C2F026AE576B00363E70 /* ProfileService.swift in Sources */ = {isa = PBXBuildFile; fileRef = DA33C2EF26AE576B00363E70 /* ProfileService.swift */; };
		DA33C2F226AE58D100363E70 /* ProfileTournamentsVC.swift in Sources */ = {isa = PBXBuildFile; fileRef = DA33C2F126AE58D100363E70 /* ProfileTournamentsVC.swift */; };
		DA395A4B265ABE43008086EB /* TournamentSearchVC.swift in Sources */ = {isa = PBXBuildFile; fileRef = DA395A4A265ABE43008086EB /* TournamentSearchVC.swift */; };
		DA3FE2C2263DFBC000593504 /* ScrollableRowItemCell.swift in Sources */ = {isa = PBXBuildFile; fileRef = DA3FE2C1263DFBC000593504 /* ScrollableRowItemCell.swift */; };
		DA4055BF26A8784800A465FE /* ProfileVC.swift in Sources */ = {isa = PBXBuildFile; fileRef = DA4055BE26A8784800A465FE /* ProfileVC.swift */; };
		DA4A1C5B2679A4F800736D8F /* EditPinnedTournamentsVC.swift in Sources */ = {isa = PBXBuildFile; fileRef = DA4A1C5A2679A4F800736D8F /* EditPinnedTournamentsVC.swift */; };
		DA4B496024FCC6ED00BE7E0E /* Event.swift in Sources */ = {isa = PBXBuildFile; fileRef = DA4B495F24FCC6ED00BE7E0E /* Event.swift */; };
		DA4B496224FCC6FC00BE7E0E /* Location.swift in Sources */ = {isa = PBXBuildFile; fileRef = DA4B496124FCC6FC00BE7E0E /* Location.swift */; };
		DA4B496424FCC72000BE7E0E /* Stream.swift in Sources */ = {isa = PBXBuildFile; fileRef = DA4B496324FCC72000BE7E0E /* Stream.swift */; };
		DA4B496624FCC72D00BE7E0E /* Phase.swift in Sources */ = {isa = PBXBuildFile; fileRef = DA4B496524FCC72D00BE7E0E /* Phase.swift */; };
		DA4B496824FCC73400BE7E0E /* PhaseGroup.swift in Sources */ = {isa = PBXBuildFile; fileRef = DA4B496724FCC73400BE7E0E /* PhaseGroup.swift */; };
		DA4CE1FC23EF9CDA00BDE107 /* Collection+Safe.swift in Sources */ = {isa = PBXBuildFile; fileRef = DA4CE1FB23EF9CDA00BDE107 /* Collection+Safe.swift */; };
		DA5121AC26921A190086CBED /* StandingsVC.swift in Sources */ = {isa = PBXBuildFile; fileRef = DA5121AB26921A190086CBED /* StandingsVC.swift */; };
		DA51F6CE265E0551004D6EE5 /* AuthTokenSettingsVC.swift in Sources */ = {isa = PBXBuildFile; fileRef = DA51F6CD265E0551004D6EE5 /* AuthTokenSettingsVC.swift */; };
		DA56559423E50C51003FEF20 /* Constants.swift in Sources */ = {isa = PBXBuildFile; fileRef = DA56559323E50C51003FEF20 /* Constants.swift */; };
		DA5C7D36257F3C6400CB787E /* Entrant.swift in Sources */ = {isa = PBXBuildFile; fileRef = DA5C7D35257F3C6400CB787E /* Entrant.swift */; };
		DA637A8B23F5010D00268A85 /* SettingsVC.swift in Sources */ = {isa = PBXBuildFile; fileRef = DA637A8A23F5010D00268A85 /* SettingsVC.swift */; };
		DA637A8D23F5012B00268A85 /* VideoGamesVC.swift in Sources */ = {isa = PBXBuildFile; fileRef = DA637A8C23F5012B00268A85 /* VideoGamesVC.swift */; };
		DA637A9123F7A6FE00268A85 /* TournamentVC.swift in Sources */ = {isa = PBXBuildFile; fileRef = DA637A9023F7A6FE00268A85 /* TournamentVC.swift */; };
		DA637A9323F7B1A800268A85 /* TournamentGeneralInfoCell.swift in Sources */ = {isa = PBXBuildFile; fileRef = DA637A9223F7B1A800268A85 /* TournamentGeneralInfoCell.swift */; };
		DA64A2F0241B3FCA00481280 /* DateFormatter+FromTimestamp.swift in Sources */ = {isa = PBXBuildFile; fileRef = DA64A2EF241B3FCA00481280 /* DateFormatter+FromTimestamp.swift */; };
		DA64A2F6241DADB000481280 /* SubtitleCell.swift in Sources */ = {isa = PBXBuildFile; fileRef = DA64A2F5241DADB000481280 /* SubtitleCell.swift */; };
		DA64A2FD241DF1AA00481280 /* EventVC.swift in Sources */ = {isa = PBXBuildFile; fileRef = DA64A2FC241DF1AA00481280 /* EventVC.swift */; };
		DA68B684257C9A6B00A010F3 /* SetPathView.swift in Sources */ = {isa = PBXBuildFile; fileRef = DA68B683257C9A6B00A010F3 /* SetPathView.swift */; };
		DA68B6AE257D322200A010F3 /* InvalidBracketView.swift in Sources */ = {isa = PBXBuildFile; fileRef = DA68B6AD257D322200A010F3 /* InvalidBracketView.swift */; };
		DA68B6B5257EB3BE00A010F3 /* RoundRobinBracketView.swift in Sources */ = {isa = PBXBuildFile; fileRef = DA68B6B4257EB3BE00A010F3 /* RoundRobinBracketView.swift */; };
		DA68B6C1257EB7CB00A010F3 /* BracketView.swift in Sources */ = {isa = PBXBuildFile; fileRef = DA68B6C0257EB7CB00A010F3 /* BracketView.swift */; };
		DA6CBE6524300B0A006DB38F /* LoadingCell.swift in Sources */ = {isa = PBXBuildFile; fileRef = DA6CBE6424300B0A006DB38F /* LoadingCell.swift */; };
		DA6CBE68243039EA006DB38F /* GRDB in Frameworks */ = {isa = PBXBuildFile; productRef = DA6CBE67243039EA006DB38F /* GRDB */; };
		DA6CBE6A24303D1E006DB38F /* VideoGameDatabase.swift in Sources */ = {isa = PBXBuildFile; fileRef = DA6CBE6924303D1E006DB38F /* VideoGameDatabase.swift */; };
		DA759E5B23E4FE5500D4B3E7 /* MainVC.swift in Sources */ = {isa = PBXBuildFile; fileRef = DA759E5A23E4FE5500D4B3E7 /* MainVC.swift */; };
		DA770573268656C300BBD8CA /* SetUtilities.swift in Sources */ = {isa = PBXBuildFile; fileRef = DA770572268656C300BBD8CA /* SetUtilities.swift */; };
		DA79A6312589AA7800651BB4 /* RoundRobinSetCell.swift in Sources */ = {isa = PBXBuildFile; fileRef = DA79A6302589AA7800651BB4 /* RoundRobinSetCell.swift */; };
		DA7AF00E24F59BAB009A00E2 /* schema.json in Resources */ = {isa = PBXBuildFile; fileRef = DA7AF00D24F59BAB009A00E2 /* schema.json */; };
		DA7AF01224F5B2DC009A00E2 /* Value1Cell.swift in Sources */ = {isa = PBXBuildFile; fileRef = DA7AF01124F5B2DC009A00E2 /* Value1Cell.swift */; };
		DA7AF01824F5E53C009A00E2 /* PhaseGroupListVC.swift in Sources */ = {isa = PBXBuildFile; fileRef = DA7AF01724F5E53C009A00E2 /* PhaseGroupListVC.swift */; };
		DA7AF02B24F71A83009A00E2 /* PhaseGroupVC.swift in Sources */ = {isa = PBXBuildFile; fileRef = DA7AF02A24F71A83009A00E2 /* PhaseGroupVC.swift */; };
		DA7E519E23E46EAB0037E757 /* AppDelegate.swift in Sources */ = {isa = PBXBuildFile; fileRef = DA7E519D23E46EAB0037E757 /* AppDelegate.swift */; };
		DA7E51A023E46EAB0037E757 /* SceneDelegate.swift in Sources */ = {isa = PBXBuildFile; fileRef = DA7E519F23E46EAB0037E757 /* SceneDelegate.swift */; };
		DA7E51A723E46EAC0037E757 /* Assets.xcassets in Resources */ = {isa = PBXBuildFile; fileRef = DA7E51A623E46EAC0037E757 /* Assets.xcassets */; };
		DA7E51AA23E46EAC0037E757 /* LaunchScreen.storyboard in Resources */ = {isa = PBXBuildFile; fileRef = DA7E51A823E46EAC0037E757 /* LaunchScreen.storyboard */; };
		DA80061F2697AE57003FD3F7 /* FirebaseAnalytics in Frameworks */ = {isa = PBXBuildFile; productRef = DA80061E2697AE57003FD3F7 /* FirebaseAnalytics */; };
		DA8006212697AE57003FD3F7 /* FirebaseCrashlytics in Frameworks */ = {isa = PBXBuildFile; productRef = DA8006202697AE57003FD3F7 /* FirebaseCrashlytics */; };
		DA80062E2698DD8E003FD3F7 /* FirebaseService.swift in Sources */ = {isa = PBXBuildFile; fileRef = DA80062D2698DD8E003FD3F7 /* FirebaseService.swift */; };
		DA80063C2698FEFD003FD3F7 /* GoogleService-Info.plist in Resources */ = {isa = PBXBuildFile; fileRef = DA80063B2698FEFD003FD3F7 /* GoogleService-Info.plist */; };
		DA81E8AC2693A28200C256D2 /* Standing.swift in Sources */ = {isa = PBXBuildFile; fileRef = DA81E8AB2693A28200C256D2 /* Standing.swift */; };
		DA81E8B2269415F200C256D2 /* RefreshPhaseGroupView.swift in Sources */ = {isa = PBXBuildFile; fileRef = DA81E8B1269415F200C256D2 /* RefreshPhaseGroupView.swift */; };
		DA83B1DE23F7B372002D06C1 /* ImageService.swift in Sources */ = {isa = PBXBuildFile; fileRef = DA83B1DD23F7B372002D06C1 /* ImageService.swift */; };
		DA86242626630A8E00FD0A9C /* TournamentListCell.swift in Sources */ = {isa = PBXBuildFile; fileRef = DA86242526630A8E00FD0A9C /* TournamentListCell.swift */; };
		DA9429AA24F1CF19002595AF /* videoGame.sqlite in Resources */ = {isa = PBXBuildFile; fileRef = DA9429A924F1CF19002595AF /* videoGame.sqlite */; };
		DAA59C192676DC3000A27B43 /* PinnedTournamentsService.swift in Sources */ = {isa = PBXBuildFile; fileRef = DAA59C182676DC3000A27B43 /* PinnedTournamentsService.swift */; };
		DAADCDB026B37C0E009B46B3 /* TournamentOptionsVC.swift in Sources */ = {isa = PBXBuildFile; fileRef = DAADCDAF26B37C0E009B46B3 /* TournamentOptionsVC.swift */; };
		DAADCDB326B4A6C1009B46B3 /* FollowingVC.swift in Sources */ = {isa = PBXBuildFile; fileRef = DAADCDB226B4A6C1009B46B3 /* FollowingVC.swift */; };
		DAADCDB526B4B0A6009B46B3 /* TOFollowedService.swift in Sources */ = {isa = PBXBuildFile; fileRef = DAADCDB426B4B0A6009B46B3 /* TOFollowedService.swift */; };
		DAADCDB726B4B0E4009B46B3 /* TournamentOrganizer.swift in Sources */ = {isa = PBXBuildFile; fileRef = DAADCDB626B4B0E4009B46B3 /* TournamentOrganizer.swift */; };
		DAADCDB926B4B0FC009B46B3 /* TournamentsByTOVC.swift in Sources */ = {isa = PBXBuildFile; fileRef = DAADCDB826B4B0FC009B46B3 /* TournamentsByTOVC.swift */; };
		DAAF59152413FC18008F79DA /* UIImage+Helpers.swift in Sources */ = {isa = PBXBuildFile; fileRef = DAAF59142413FC18008F79DA /* UIImage+Helpers.swift */; };
		DABECAF126B8AA9C00F6D170 /* LocationVC.swift in Sources */ = {isa = PBXBuildFile; fileRef = DABECAF026B8AA9C00F6D170 /* LocationVC.swift */; };
		DAC290F2251B854F003D05B9 /* AuthTokenVC.swift in Sources */ = {isa = PBXBuildFile; fileRef = DAC290F1251B854F003D05B9 /* AuthTokenVC.swift */; };
		DAC4257A26503C0600F523CC /* TournamentListVC.swift in Sources */ = {isa = PBXBuildFile; fileRef = DAC4257926503C0600F523CC /* TournamentListVC.swift */; };
		DACC4AD523E81990004A8CF3 /* NetworkService.graphql in Resources */ = {isa = PBXBuildFile; fileRef = DA92DF1623E812350084FEB1 /* NetworkService.graphql */; };
		DADBE41524074A38005B707F /* AboutVC.swift in Sources */ = {isa = PBXBuildFile; fileRef = DADBE41424074A38005B707F /* AboutVC.swift */; };
		DADBE41724074AC5005B707F /* AboutInfoCell.swift in Sources */ = {isa = PBXBuildFile; fileRef = DADBE41624074AC5005B707F /* AboutInfoCell.swift */; };
		DADBE41924074BB7005B707F /* VideoGame.swift in Sources */ = {isa = PBXBuildFile; fileRef = DADBE41824074BB7005B707F /* VideoGame.swift */; };
		DAEACF8F250AF53E002F0674 /* EliminationBracketView.swift in Sources */ = {isa = PBXBuildFile; fileRef = DAEACF8E250AF53E002F0674 /* EliminationBracketView.swift */; };
		DAEACF97250AF963002F0674 /* PhaseGroupSet.swift in Sources */ = {isa = PBXBuildFile; fileRef = DAEACF96250AF963002F0674 /* PhaseGroupSet.swift */; };
		DAECFB652647436000661EDA /* PreferredGamesService.swift in Sources */ = {isa = PBXBuildFile; fileRef = DAECFB642647436000661EDA /* PreferredGamesService.swift */; };
		DAF0BE412665BAB8000F7506 /* AppIconVC.swift in Sources */ = {isa = PBXBuildFile; fileRef = DAF0BE402665BAB8000F7506 /* AppIconVC.swift */; };
		DAF0BE51266C03FD000F7506 /* EntrantService.swift in Sources */ = {isa = PBXBuildFile; fileRef = DAF0BE50266C03FD000F7506 /* EntrantService.swift */; };
		DAF0BE57267032DA000F7506 /* SetIdentifierView.swift in Sources */ = {isa = PBXBuildFile; fileRef = DAF0BE56267032DA000F7506 /* SetIdentifierView.swift */; };
		DAF2A20D256B345B00580AAB /* API.swift in Sources */ = {isa = PBXBuildFile; fileRef = DAF2A20C256B345B00580AAB /* API.swift */; };
		DAF39622265F4D5C00FA9778 /* VideoGamesSearchResultsVC.swift in Sources */ = {isa = PBXBuildFile; fileRef = DAF39621265F4D5C00FA9778 /* VideoGamesSearchResultsVC.swift */; };
		DAF618E9241E176100AB4D93 /* UIStackView+Setup.swift in Sources */ = {isa = PBXBuildFile; fileRef = DAF618E8241E176100AB4D93 /* UIStackView+Setup.swift */; };
/* End PBXBuildFile section */

/* Begin PBXContainerItemProxy section */
		DA2939E023E7E35B00E5DB3A /* PBXContainerItemProxy */ = {
			isa = PBXContainerItemProxy;
			containerPortal = DA7E519223E46EAB0037E757 /* Project object */;
			proxyType = 1;
			remoteGlobalIDString = DA7E519923E46EAB0037E757;
			remoteInfo = pocket.gg;
		};
/* End PBXContainerItemProxy section */

/* Begin PBXFileReference section */
		DA04E3A7242726F400AB2EF0 /* UITableViewCells+Create.swift */ = {isa = PBXFileReference; lastKnownFileType = sourcecode.swift; path = "UITableViewCells+Create.swift"; sourceTree = "<group>"; };
		DA0C4CEB26818C1B004831EC /* SetVC.swift */ = {isa = PBXFileReference; lastKnownFileType = sourcecode.swift; path = SetVC.swift; sourceTree = "<group>"; };
		DA0C4CEF2683F6E2004831EC /* SetCell.swift */ = {isa = PBXFileReference; lastKnownFileType = sourcecode.swift; path = SetCell.swift; sourceTree = "<group>"; };
		DA0E5D54255773B600FF6E42 /* SetView.swift */ = {isa = PBXFileReference; lastKnownFileType = sourcecode.swift; path = SetView.swift; sourceTree = "<group>"; };
		DA1C9278241220AE00E5BA96 /* TournamentLocationCell.swift */ = {isa = PBXFileReference; lastKnownFileType = sourcecode.swift; path = TournamentLocationCell.swift; sourceTree = "<group>"; };
		DA1C927E2413311D00E5BA96 /* UIView+Constraints.swift */ = {isa = PBXFileReference; lastKnownFileType = sourcecode.swift; path = "UIView+Constraints.swift"; sourceTree = "<group>"; };
		DA1D51C72688FA82000BBD4A /* PhaseGroupSetGame.swift */ = {isa = PBXFileReference; lastKnownFileType = sourcecode.swift; path = PhaseGroupSetGame.swift; sourceTree = "<group>"; };
		DA1DD9C7263C479800A1B4A9 /* ScrollableRowCell.swift */ = {isa = PBXFileReference; lastKnownFileType = sourcecode.swift; path = ScrollableRowCell.swift; sourceTree = "<group>"; };
		DA234B0F269797A300E0E6C9 /* icon_alt_83.5pt@2x.png */ = {isa = PBXFileReference; lastKnownFileType = image.png; path = "icon_alt_83.5pt@2x.png"; sourceTree = "<group>"; };
		DA234B10269797A300E0E6C9 /* icon_alt_29pt@2x.png */ = {isa = PBXFileReference; lastKnownFileType = image.png; path = "icon_alt_29pt@2x.png"; sourceTree = "<group>"; };
		DA234B11269797A300E0E6C9 /* icon_alt_76pt@2x.png */ = {isa = PBXFileReference; lastKnownFileType = image.png; path = "icon_alt_76pt@2x.png"; sourceTree = "<group>"; };
		DA234B12269797A300E0E6C9 /* icon_alt_20pt@2x.png */ = {isa = PBXFileReference; lastKnownFileType = image.png; path = "icon_alt_20pt@2x.png"; sourceTree = "<group>"; };
		DA234B13269797A300E0E6C9 /* icon_alt_60pt@3x.png */ = {isa = PBXFileReference; lastKnownFileType = image.png; path = "icon_alt_60pt@3x.png"; sourceTree = "<group>"; };
		DA234B14269797A300E0E6C9 /* icon_alt_40pt@3x.png */ = {isa = PBXFileReference; lastKnownFileType = image.png; path = "icon_alt_40pt@3x.png"; sourceTree = "<group>"; };
		DA234B15269797A300E0E6C9 /* icon_alt_29pt.png */ = {isa = PBXFileReference; lastKnownFileType = image.png; path = icon_alt_29pt.png; sourceTree = "<group>"; };
		DA234B16269797A300E0E6C9 /* icon_alt_20pt.png */ = {isa = PBXFileReference; lastKnownFileType = image.png; path = icon_alt_20pt.png; sourceTree = "<group>"; };
		DA234B17269797A300E0E6C9 /* icon_alt_40pt@2x.png */ = {isa = PBXFileReference; lastKnownFileType = image.png; path = "icon_alt_40pt@2x.png"; sourceTree = "<group>"; };
		DA234B18269797A300E0E6C9 /* icon_alt_76pt.png */ = {isa = PBXFileReference; lastKnownFileType = image.png; path = icon_alt_76pt.png; sourceTree = "<group>"; };
		DA234B19269797A300E0E6C9 /* icon_alt_40pt.png */ = {isa = PBXFileReference; lastKnownFileType = image.png; path = icon_alt_40pt.png; sourceTree = "<group>"; };
		DA234B1A269797A300E0E6C9 /* icon_alt_29pt@3x.png */ = {isa = PBXFileReference; lastKnownFileType = image.png; path = "icon_alt_29pt@3x.png"; sourceTree = "<group>"; };
		DA234B1B269797A300E0E6C9 /* icon_alt_20pt@3x.png */ = {isa = PBXFileReference; lastKnownFileType = image.png; path = "icon_alt_20pt@3x.png"; sourceTree = "<group>"; };
		DA234B1C269797A400E0E6C9 /* icon_alt_60pt@2x.png */ = {isa = PBXFileReference; lastKnownFileType = image.png; path = "icon_alt_60pt@2x.png"; sourceTree = "<group>"; };
		DA266130265C89A100ACEA8D /* AuthTokenStepsVC.swift */ = {isa = PBXFileReference; lastKnownFileType = sourcecode.swift; path = AuthTokenStepsVC.swift; sourceTree = "<group>"; };
		DA2939C923E7CAF400E5DB3A /* Tournament.swift */ = {isa = PBXFileReference; lastKnownFileType = sourcecode.swift; path = Tournament.swift; sourceTree = "<group>"; };
		DA2939D123E7D1D800E5DB3A /* NetworkService.swift */ = {isa = PBXFileReference; lastKnownFileType = sourcecode.swift; path = NetworkService.swift; sourceTree = "<group>"; };
		DA2939DB23E7E35B00E5DB3A /* pocket.ggTests.xctest */ = {isa = PBXFileReference; explicitFileType = wrapper.cfbundle; includeInIndex = 0; path = pocket.ggTests.xctest; sourceTree = BUILT_PRODUCTS_DIR; };
		DA2D5F30256B678300C44EEC /* ApolloService.swift */ = {isa = PBXFileReference; lastKnownFileType = sourcecode.swift; path = ApolloService.swift; sourceTree = "<group>"; };
		DA2E80A42659A91500B876F1 /* ViewAllTournamentsVC.swift */ = {isa = PBXFileReference; lastKnownFileType = sourcecode.swift; path = ViewAllTournamentsVC.swift; sourceTree = "<group>"; };
		DA2E80A82659A95900B876F1 /* TournamentSearchResultsVC.swift */ = {isa = PBXFileReference; lastKnownFileType = sourcecode.swift; path = TournamentSearchResultsVC.swift; sourceTree = "<group>"; };
		DA33C2ED26AE275E00363E70 /* ProfileCell.swift */ = {isa = PBXFileReference; lastKnownFileType = sourcecode.swift; path = ProfileCell.swift; sourceTree = "<group>"; };
		DA33C2EF26AE576B00363E70 /* ProfileService.swift */ = {isa = PBXFileReference; lastKnownFileType = sourcecode.swift; path = ProfileService.swift; sourceTree = "<group>"; };
		DA33C2F126AE58D100363E70 /* ProfileTournamentsVC.swift */ = {isa = PBXFileReference; lastKnownFileType = sourcecode.swift; path = ProfileTournamentsVC.swift; sourceTree = "<group>"; };
		DA395A4A265ABE43008086EB /* TournamentSearchVC.swift */ = {isa = PBXFileReference; lastKnownFileType = sourcecode.swift; path = TournamentSearchVC.swift; sourceTree = "<group>"; };
		DA3FE2C1263DFBC000593504 /* ScrollableRowItemCell.swift */ = {isa = PBXFileReference; lastKnownFileType = sourcecode.swift; path = ScrollableRowItemCell.swift; sourceTree = "<group>"; };
		DA4055BE26A8784800A465FE /* ProfileVC.swift */ = {isa = PBXFileReference; lastKnownFileType = sourcecode.swift; path = ProfileVC.swift; sourceTree = "<group>"; };
		DA4A1C5A2679A4F800736D8F /* EditPinnedTournamentsVC.swift */ = {isa = PBXFileReference; lastKnownFileType = sourcecode.swift; path = EditPinnedTournamentsVC.swift; sourceTree = "<group>"; };
		DA4B495F24FCC6ED00BE7E0E /* Event.swift */ = {isa = PBXFileReference; lastKnownFileType = sourcecode.swift; path = Event.swift; sourceTree = "<group>"; };
		DA4B496124FCC6FC00BE7E0E /* Location.swift */ = {isa = PBXFileReference; lastKnownFileType = sourcecode.swift; path = Location.swift; sourceTree = "<group>"; };
		DA4B496324FCC72000BE7E0E /* Stream.swift */ = {isa = PBXFileReference; lastKnownFileType = sourcecode.swift; path = Stream.swift; sourceTree = "<group>"; };
		DA4B496524FCC72D00BE7E0E /* Phase.swift */ = {isa = PBXFileReference; lastKnownFileType = sourcecode.swift; path = Phase.swift; sourceTree = "<group>"; };
		DA4B496724FCC73400BE7E0E /* PhaseGroup.swift */ = {isa = PBXFileReference; lastKnownFileType = sourcecode.swift; path = PhaseGroup.swift; sourceTree = "<group>"; };
		DA4CE1FB23EF9CDA00BDE107 /* Collection+Safe.swift */ = {isa = PBXFileReference; lastKnownFileType = sourcecode.swift; path = "Collection+Safe.swift"; sourceTree = "<group>"; };
		DA5121AB26921A190086CBED /* StandingsVC.swift */ = {isa = PBXFileReference; lastKnownFileType = sourcecode.swift; path = StandingsVC.swift; sourceTree = "<group>"; };
		DA51F6CD265E0551004D6EE5 /* AuthTokenSettingsVC.swift */ = {isa = PBXFileReference; lastKnownFileType = sourcecode.swift; path = AuthTokenSettingsVC.swift; sourceTree = "<group>"; };
		DA56559323E50C51003FEF20 /* Constants.swift */ = {isa = PBXFileReference; lastKnownFileType = sourcecode.swift; path = Constants.swift; sourceTree = "<group>"; };
		DA5C7D35257F3C6400CB787E /* Entrant.swift */ = {isa = PBXFileReference; lastKnownFileType = sourcecode.swift; path = Entrant.swift; sourceTree = "<group>"; };
		DA637A8A23F5010D00268A85 /* SettingsVC.swift */ = {isa = PBXFileReference; lastKnownFileType = sourcecode.swift; path = SettingsVC.swift; sourceTree = "<group>"; };
		DA637A8C23F5012B00268A85 /* VideoGamesVC.swift */ = {isa = PBXFileReference; lastKnownFileType = sourcecode.swift; path = VideoGamesVC.swift; sourceTree = "<group>"; };
		DA637A9023F7A6FE00268A85 /* TournamentVC.swift */ = {isa = PBXFileReference; lastKnownFileType = sourcecode.swift; path = TournamentVC.swift; sourceTree = "<group>"; };
		DA637A9223F7B1A800268A85 /* TournamentGeneralInfoCell.swift */ = {isa = PBXFileReference; lastKnownFileType = sourcecode.swift; path = TournamentGeneralInfoCell.swift; sourceTree = "<group>"; };
		DA64A2EF241B3FCA00481280 /* DateFormatter+FromTimestamp.swift */ = {isa = PBXFileReference; lastKnownFileType = sourcecode.swift; path = "DateFormatter+FromTimestamp.swift"; sourceTree = "<group>"; };
		DA64A2F5241DADB000481280 /* SubtitleCell.swift */ = {isa = PBXFileReference; lastKnownFileType = sourcecode.swift; path = SubtitleCell.swift; sourceTree = "<group>"; };
		DA64A2FC241DF1AA00481280 /* EventVC.swift */ = {isa = PBXFileReference; lastKnownFileType = sourcecode.swift; path = EventVC.swift; sourceTree = "<group>"; };
		DA68B683257C9A6B00A010F3 /* SetPathView.swift */ = {isa = PBXFileReference; lastKnownFileType = sourcecode.swift; path = SetPathView.swift; sourceTree = "<group>"; };
		DA68B6AD257D322200A010F3 /* InvalidBracketView.swift */ = {isa = PBXFileReference; lastKnownFileType = sourcecode.swift; path = InvalidBracketView.swift; sourceTree = "<group>"; };
		DA68B6B4257EB3BE00A010F3 /* RoundRobinBracketView.swift */ = {isa = PBXFileReference; lastKnownFileType = sourcecode.swift; path = RoundRobinBracketView.swift; sourceTree = "<group>"; };
		DA68B6C0257EB7CB00A010F3 /* BracketView.swift */ = {isa = PBXFileReference; lastKnownFileType = sourcecode.swift; path = BracketView.swift; sourceTree = "<group>"; };
		DA6CBE6424300B0A006DB38F /* LoadingCell.swift */ = {isa = PBXFileReference; lastKnownFileType = sourcecode.swift; path = LoadingCell.swift; sourceTree = "<group>"; };
		DA6CBE6924303D1E006DB38F /* VideoGameDatabase.swift */ = {isa = PBXFileReference; lastKnownFileType = sourcecode.swift; path = VideoGameDatabase.swift; sourceTree = "<group>"; };
		DA759E5A23E4FE5500D4B3E7 /* MainVC.swift */ = {isa = PBXFileReference; lastKnownFileType = sourcecode.swift; path = MainVC.swift; sourceTree = "<group>"; };
		DA770572268656C300BBD8CA /* SetUtilities.swift */ = {isa = PBXFileReference; lastKnownFileType = sourcecode.swift; path = SetUtilities.swift; sourceTree = "<group>"; };
		DA79A6302589AA7800651BB4 /* RoundRobinSetCell.swift */ = {isa = PBXFileReference; lastKnownFileType = sourcecode.swift; path = RoundRobinSetCell.swift; sourceTree = "<group>"; };
		DA7AF00D24F59BAB009A00E2 /* schema.json */ = {isa = PBXFileReference; fileEncoding = 4; lastKnownFileType = text.json; path = schema.json; sourceTree = "<group>"; };
		DA7AF01124F5B2DC009A00E2 /* Value1Cell.swift */ = {isa = PBXFileReference; lastKnownFileType = sourcecode.swift; path = Value1Cell.swift; sourceTree = "<group>"; };
		DA7AF01724F5E53C009A00E2 /* PhaseGroupListVC.swift */ = {isa = PBXFileReference; lastKnownFileType = sourcecode.swift; path = PhaseGroupListVC.swift; sourceTree = "<group>"; };
		DA7AF02A24F71A83009A00E2 /* PhaseGroupVC.swift */ = {isa = PBXFileReference; lastKnownFileType = sourcecode.swift; path = PhaseGroupVC.swift; sourceTree = "<group>"; };
		DA7E519A23E46EAB0037E757 /* pocket.gg.app */ = {isa = PBXFileReference; explicitFileType = wrapper.application; includeInIndex = 0; path = pocket.gg.app; sourceTree = BUILT_PRODUCTS_DIR; };
		DA7E519D23E46EAB0037E757 /* AppDelegate.swift */ = {isa = PBXFileReference; lastKnownFileType = sourcecode.swift; path = AppDelegate.swift; sourceTree = "<group>"; };
		DA7E519F23E46EAB0037E757 /* SceneDelegate.swift */ = {isa = PBXFileReference; lastKnownFileType = sourcecode.swift; path = SceneDelegate.swift; sourceTree = "<group>"; };
		DA7E51A623E46EAC0037E757 /* Assets.xcassets */ = {isa = PBXFileReference; lastKnownFileType = folder.assetcatalog; path = Assets.xcassets; sourceTree = "<group>"; };
		DA7E51A923E46EAC0037E757 /* Base */ = {isa = PBXFileReference; lastKnownFileType = file.storyboard; name = Base; path = Base.lproj/LaunchScreen.storyboard; sourceTree = "<group>"; };
		DA7E51AB23E46EAC0037E757 /* Info.plist */ = {isa = PBXFileReference; lastKnownFileType = text.plist.xml; path = Info.plist; sourceTree = "<group>"; };
		DA80062D2698DD8E003FD3F7 /* FirebaseService.swift */ = {isa = PBXFileReference; lastKnownFileType = sourcecode.swift; path = FirebaseService.swift; sourceTree = "<group>"; };
		DA80063B2698FEFD003FD3F7 /* GoogleService-Info.plist */ = {isa = PBXFileReference; fileEncoding = 4; lastKnownFileType = text.plist.xml; path = "GoogleService-Info.plist"; sourceTree = "<group>"; };
		DA81E8AB2693A28200C256D2 /* Standing.swift */ = {isa = PBXFileReference; lastKnownFileType = sourcecode.swift; path = Standing.swift; sourceTree = "<group>"; };
		DA81E8B1269415F200C256D2 /* RefreshPhaseGroupView.swift */ = {isa = PBXFileReference; lastKnownFileType = sourcecode.swift; path = RefreshPhaseGroupView.swift; sourceTree = "<group>"; };
		DA83B1DD23F7B372002D06C1 /* ImageService.swift */ = {isa = PBXFileReference; lastKnownFileType = sourcecode.swift; path = ImageService.swift; sourceTree = "<group>"; };
		DA86242526630A8E00FD0A9C /* TournamentListCell.swift */ = {isa = PBXFileReference; lastKnownFileType = sourcecode.swift; path = TournamentListCell.swift; sourceTree = "<group>"; };
		DA92DF1623E812350084FEB1 /* NetworkService.graphql */ = {isa = PBXFileReference; lastKnownFileType = text; path = NetworkService.graphql; sourceTree = "<group>"; };
		DA9429A924F1CF19002595AF /* videoGame.sqlite */ = {isa = PBXFileReference; lastKnownFileType = file; path = videoGame.sqlite; sourceTree = "<group>"; };
		DAA59C182676DC3000A27B43 /* PinnedTournamentsService.swift */ = {isa = PBXFileReference; lastKnownFileType = sourcecode.swift; path = PinnedTournamentsService.swift; sourceTree = "<group>"; };
		DAADCDAF26B37C0E009B46B3 /* TournamentOptionsVC.swift */ = {isa = PBXFileReference; lastKnownFileType = sourcecode.swift; path = TournamentOptionsVC.swift; sourceTree = "<group>"; };
		DAADCDB226B4A6C1009B46B3 /* FollowingVC.swift */ = {isa = PBXFileReference; lastKnownFileType = sourcecode.swift; path = FollowingVC.swift; sourceTree = "<group>"; };
		DAADCDB426B4B0A6009B46B3 /* TOFollowedService.swift */ = {isa = PBXFileReference; lastKnownFileType = sourcecode.swift; path = TOFollowedService.swift; sourceTree = "<group>"; };
		DAADCDB626B4B0E4009B46B3 /* TournamentOrganizer.swift */ = {isa = PBXFileReference; lastKnownFileType = sourcecode.swift; path = TournamentOrganizer.swift; sourceTree = "<group>"; };
		DAADCDB826B4B0FC009B46B3 /* TournamentsByTOVC.swift */ = {isa = PBXFileReference; lastKnownFileType = sourcecode.swift; path = TournamentsByTOVC.swift; sourceTree = "<group>"; };
		DAAF59142413FC18008F79DA /* UIImage+Helpers.swift */ = {isa = PBXFileReference; lastKnownFileType = sourcecode.swift; path = "UIImage+Helpers.swift"; sourceTree = "<group>"; };
		DABECAF026B8AA9C00F6D170 /* LocationVC.swift */ = {isa = PBXFileReference; lastKnownFileType = sourcecode.swift; path = LocationVC.swift; sourceTree = "<group>"; };
		DAC290F1251B854F003D05B9 /* AuthTokenVC.swift */ = {isa = PBXFileReference; lastKnownFileType = sourcecode.swift; path = AuthTokenVC.swift; sourceTree = "<group>"; };
		DAC4257926503C0600F523CC /* TournamentListVC.swift */ = {isa = PBXFileReference; lastKnownFileType = sourcecode.swift; path = TournamentListVC.swift; sourceTree = "<group>"; };
		DADBE41424074A38005B707F /* AboutVC.swift */ = {isa = PBXFileReference; lastKnownFileType = sourcecode.swift; path = AboutVC.swift; sourceTree = "<group>"; };
		DADBE41624074AC5005B707F /* AboutInfoCell.swift */ = {isa = PBXFileReference; lastKnownFileType = sourcecode.swift; path = AboutInfoCell.swift; sourceTree = "<group>"; };
		DADBE41824074BB7005B707F /* VideoGame.swift */ = {isa = PBXFileReference; lastKnownFileType = sourcecode.swift; path = VideoGame.swift; sourceTree = "<group>"; };
		DAEACF8E250AF53E002F0674 /* EliminationBracketView.swift */ = {isa = PBXFileReference; lastKnownFileType = sourcecode.swift; path = EliminationBracketView.swift; sourceTree = "<group>"; };
		DAEACF96250AF963002F0674 /* PhaseGroupSet.swift */ = {isa = PBXFileReference; lastKnownFileType = sourcecode.swift; path = PhaseGroupSet.swift; sourceTree = "<group>"; };
		DAECFB642647436000661EDA /* PreferredGamesService.swift */ = {isa = PBXFileReference; lastKnownFileType = sourcecode.swift; path = PreferredGamesService.swift; sourceTree = "<group>"; };
		DAF0BE402665BAB8000F7506 /* AppIconVC.swift */ = {isa = PBXFileReference; lastKnownFileType = sourcecode.swift; path = AppIconVC.swift; sourceTree = "<group>"; };
		DAF0BE50266C03FD000F7506 /* EntrantService.swift */ = {isa = PBXFileReference; lastKnownFileType = sourcecode.swift; path = EntrantService.swift; sourceTree = "<group>"; };
		DAF0BE56267032DA000F7506 /* SetIdentifierView.swift */ = {isa = PBXFileReference; lastKnownFileType = sourcecode.swift; path = SetIdentifierView.swift; sourceTree = "<group>"; };
		DAF2A20C256B345B00580AAB /* API.swift */ = {isa = PBXFileReference; fileEncoding = 4; lastKnownFileType = sourcecode.swift; path = API.swift; sourceTree = "<group>"; };
		DAF39621265F4D5C00FA9778 /* VideoGamesSearchResultsVC.swift */ = {isa = PBXFileReference; lastKnownFileType = sourcecode.swift; path = VideoGamesSearchResultsVC.swift; sourceTree = "<group>"; };
		DAF618E8241E176100AB4D93 /* UIStackView+Setup.swift */ = {isa = PBXFileReference; lastKnownFileType = sourcecode.swift; path = "UIStackView+Setup.swift"; sourceTree = "<group>"; };
/* End PBXFileReference section */

/* Begin PBXFrameworksBuildPhase section */
		DA2939D823E7E35B00E5DB3A /* Frameworks */ = {
			isa = PBXFrameworksBuildPhase;
			buildActionMask = 2147483647;
			files = (
			);
			runOnlyForDeploymentPostprocessing = 0;
		};
		DA7E519723E46EAB0037E757 /* Frameworks */ = {
			isa = PBXFrameworksBuildPhase;
			buildActionMask = 2147483647;
			files = (
				DA6CBE68243039EA006DB38F /* GRDB in Frameworks */,
				DA8006212697AE57003FD3F7 /* FirebaseCrashlytics in Frameworks */,
				DA2D5F2B256B389000C44EEC /* Apollo in Frameworks */,
				DA80061F2697AE57003FD3F7 /* FirebaseAnalytics in Frameworks */,
			);
			runOnlyForDeploymentPostprocessing = 0;
		};
/* End PBXFrameworksBuildPhase section */

/* Begin PBXGroup section */
		DA1C92862413780200E5BA96 /* Tournament */ = {
			isa = PBXGroup;
			children = (
				DA637A9223F7B1A800268A85 /* TournamentGeneralInfoCell.swift */,
				DA1C9278241220AE00E5BA96 /* TournamentLocationCell.swift */,
				DA68B6B3257EB27000A010F3 /* Bracket */,
			);
			path = Tournament;
			sourceTree = "<group>";
		};
		DA234B0E2697976B00E0E6C9 /* App Icons */ = {
			isa = PBXGroup;
			children = (
				DA234B16269797A300E0E6C9 /* icon_alt_20pt.png */,
				DA234B12269797A300E0E6C9 /* icon_alt_20pt@2x.png */,
				DA234B1B269797A300E0E6C9 /* icon_alt_20pt@3x.png */,
				DA234B15269797A300E0E6C9 /* icon_alt_29pt.png */,
				DA234B10269797A300E0E6C9 /* icon_alt_29pt@2x.png */,
				DA234B1A269797A300E0E6C9 /* icon_alt_29pt@3x.png */,
				DA234B19269797A300E0E6C9 /* icon_alt_40pt.png */,
				DA234B17269797A300E0E6C9 /* icon_alt_40pt@2x.png */,
				DA234B14269797A300E0E6C9 /* icon_alt_40pt@3x.png */,
				DA234B1C269797A400E0E6C9 /* icon_alt_60pt@2x.png */,
				DA234B13269797A300E0E6C9 /* icon_alt_60pt@3x.png */,
				DA234B18269797A300E0E6C9 /* icon_alt_76pt.png */,
				DA234B11269797A300E0E6C9 /* icon_alt_76pt@2x.png */,
				DA234B0F269797A300E0E6C9 /* icon_alt_83.5pt@2x.png */,
			);
			path = "App Icons";
			sourceTree = "<group>";
		};
		DA2939C823E7CAE300E5DB3A /* Model */ = {
			isa = PBXGroup;
			children = (
				DA2939C923E7CAF400E5DB3A /* Tournament.swift */,
				DA4B495F24FCC6ED00BE7E0E /* Event.swift */,
				DA4B496524FCC72D00BE7E0E /* Phase.swift */,
				DA4B496724FCC73400BE7E0E /* PhaseGroup.swift */,
				DAEACF96250AF963002F0674 /* PhaseGroupSet.swift */,
				DA1D51C72688FA82000BBD4A /* PhaseGroupSetGame.swift */,
				DA81E8AB2693A28200C256D2 /* Standing.swift */,
				DA5C7D35257F3C6400CB787E /* Entrant.swift */,
				DA4B496124FCC6FC00BE7E0E /* Location.swift */,
				DA4B496324FCC72000BE7E0E /* Stream.swift */,
				DADBE41824074BB7005B707F /* VideoGame.swift */,
				DAADCDB626B4B0E4009B46B3 /* TournamentOrganizer.swift */,
			);
			path = Model;
			sourceTree = "<group>";
		};
		DA2939CB23E7CD0000E5DB3A /* Extensions */ = {
			isa = PBXGroup;
			children = (
				DA1C927E2413311D00E5BA96 /* UIView+Constraints.swift */,
				DAF618E8241E176100AB4D93 /* UIStackView+Setup.swift */,
				DAAF59142413FC18008F79DA /* UIImage+Helpers.swift */,
				DA04E3A7242726F400AB2EF0 /* UITableViewCells+Create.swift */,
				DA64A2EF241B3FCA00481280 /* DateFormatter+FromTimestamp.swift */,
				DA4CE1FB23EF9CDA00BDE107 /* Collection+Safe.swift */,
			);
			path = Extensions;
			sourceTree = "<group>";
		};
		DA2939D023E7D1C800E5DB3A /* Services */ = {
			isa = PBXGroup;
			children = (
				DA2D5F30256B678300C44EEC /* ApolloService.swift */,
				DA2939D123E7D1D800E5DB3A /* NetworkService.swift */,
				DA33C2EF26AE576B00363E70 /* ProfileService.swift */,
				DAF0BE50266C03FD000F7506 /* EntrantService.swift */,
				DA83B1DD23F7B372002D06C1 /* ImageService.swift */,
				DAECFB642647436000661EDA /* PreferredGamesService.swift */,
				DAA59C182676DC3000A27B43 /* PinnedTournamentsService.swift */,
				DA80062D2698DD8E003FD3F7 /* FirebaseService.swift */,
				DAADCDB426B4B0A6009B46B3 /* TOFollowedService.swift */,
			);
			path = Services;
			sourceTree = "<group>";
		};
		DA4055BC26A877FF00A465FE /* Profile */ = {
			isa = PBXGroup;
			children = (
				DA4055BE26A8784800A465FE /* ProfileVC.swift */,
				DA33C2F126AE58D100363E70 /* ProfileTournamentsVC.swift */,
			);
			path = Profile;
			sourceTree = "<group>";
		};
		DA56559223E50C3E003FEF20 /* Utilities */ = {
			isa = PBXGroup;
			children = (
				DA56559323E50C51003FEF20 /* Constants.swift */,
				DA6CBE6924303D1E006DB38F /* VideoGameDatabase.swift */,
				DA770572268656C300BBD8CA /* SetUtilities.swift */,
			);
			path = Utilities;
			sourceTree = "<group>";
		};
		DA637A8923F500EF00268A85 /* Settings */ = {
			isa = PBXGroup;
			children = (
				DA637A8A23F5010D00268A85 /* SettingsVC.swift */,
				DAF0BE402665BAB8000F7506 /* AppIconVC.swift */,
				DA637A8C23F5012B00268A85 /* VideoGamesVC.swift */,
				DAF39621265F4D5C00FA9778 /* VideoGamesSearchResultsVC.swift */,
				DABECAF026B8AA9C00F6D170 /* LocationVC.swift */,
				DA51F6CD265E0551004D6EE5 /* AuthTokenSettingsVC.swift */,
				DADBE41424074A38005B707F /* AboutVC.swift */,
			);
			path = Settings;
			sourceTree = "<group>";
		};
		DA64A2F9241DF04E00481280 /* Tournament */ = {
			isa = PBXGroup;
			children = (
				DA637A9023F7A6FE00268A85 /* TournamentVC.swift */,
				DAADCDAF26B37C0E009B46B3 /* TournamentOptionsVC.swift */,
				DA64A2FC241DF1AA00481280 /* EventVC.swift */,
				DA5121AB26921A190086CBED /* StandingsVC.swift */,
				DA7AF01724F5E53C009A00E2 /* PhaseGroupListVC.swift */,
				DA7AF02A24F71A83009A00E2 /* PhaseGroupVC.swift */,
				DA0C4CEB26818C1B004831EC /* SetVC.swift */,
			);
			path = Tournament;
			sourceTree = "<group>";
		};
		DA68B6B3257EB27000A010F3 /* Bracket */ = {
			isa = PBXGroup;
			children = (
				DA0C4CEF2683F6E2004831EC /* SetCell.swift */,
				DA0E5D54255773B600FF6E42 /* SetView.swift */,
				DAF0BE56267032DA000F7506 /* SetIdentifierView.swift */,
				DA68B683257C9A6B00A010F3 /* SetPathView.swift */,
				DA68B6AD257D322200A010F3 /* InvalidBracketView.swift */,
				DAEACF8E250AF53E002F0674 /* EliminationBracketView.swift */,
				DA68B6B4257EB3BE00A010F3 /* RoundRobinBracketView.swift */,
				DA68B6C0257EB7CB00A010F3 /* BracketView.swift */,
				DA79A6302589AA7800651BB4 /* RoundRobinSetCell.swift */,
				DA81E8B1269415F200C256D2 /* RefreshPhaseGroupView.swift */,
			);
			path = Bracket;
			sourceTree = "<group>";
		};
		DA759E5E23E4FECD00D4B3E7 /* View */ = {
			isa = PBXGroup;
			children = (
				DADBE41624074AC5005B707F /* AboutInfoCell.swift */,
				DA1DD9C7263C479800A1B4A9 /* ScrollableRowCell.swift */,
				DA3FE2C1263DFBC000593504 /* ScrollableRowItemCell.swift */,
				DA86242526630A8E00FD0A9C /* TournamentListCell.swift */,
				DA33C2ED26AE275E00363E70 /* ProfileCell.swift */,
				DA1C92862413780200E5BA96 /* Tournament */,
				DA7AF02324F6EC74009A00E2 /* Reusable Cells */,
			);
			path = View;
			sourceTree = "<group>";
		};
		DA7AF02324F6EC74009A00E2 /* Reusable Cells */ = {
			isa = PBXGroup;
			children = (
				DA6CBE6424300B0A006DB38F /* LoadingCell.swift */,
				DA64A2F5241DADB000481280 /* SubtitleCell.swift */,
				DA7AF01124F5B2DC009A00E2 /* Value1Cell.swift */,
			);
			path = "Reusable Cells";
			sourceTree = "<group>";
		};
		DA7E519123E46EAB0037E757 = {
			isa = PBXGroup;
			children = (
				DA7E519C23E46EAB0037E757 /* pocket.gg */,
				DA7E519B23E46EAB0037E757 /* Products */,
			);
			sourceTree = "<group>";
		};
		DA7E519B23E46EAB0037E757 /* Products */ = {
			isa = PBXGroup;
			children = (
				DA7E519A23E46EAB0037E757 /* pocket.gg.app */,
				DA2939DB23E7E35B00E5DB3A /* pocket.ggTests.xctest */,
			);
			name = Products;
			sourceTree = "<group>";
		};
		DA7E519C23E46EAB0037E757 /* pocket.gg */ = {
			isa = PBXGroup;
			children = (
				DA2939C823E7CAE300E5DB3A /* Model */,
				DA759E5E23E4FECD00D4B3E7 /* View */,
				DA7E51B123E475500037E757 /* Controller */,
				DA2939D023E7D1C800E5DB3A /* Services */,
				DA56559223E50C3E003FEF20 /* Utilities */,
				DA2939CB23E7CD0000E5DB3A /* Extensions */,
				DA92DF1523E8121E0084FEB1 /* GraphQL Files */,
				DA234B0E2697976B00E0E6C9 /* App Icons */,
				DAF2A20C256B345B00580AAB /* API.swift */,
				DA7E519D23E46EAB0037E757 /* AppDelegate.swift */,
				DA7E519F23E46EAB0037E757 /* SceneDelegate.swift */,
				DA7AF00D24F59BAB009A00E2 /* schema.json */,
				DA9429A924F1CF19002595AF /* videoGame.sqlite */,
				DA7E51A623E46EAC0037E757 /* Assets.xcassets */,
				DA7E51A823E46EAC0037E757 /* LaunchScreen.storyboard */,
				DA7E51AB23E46EAC0037E757 /* Info.plist */,
				DA80063B2698FEFD003FD3F7 /* GoogleService-Info.plist */,
			);
			path = pocket.gg;
			sourceTree = "<group>";
		};
		DA7E51B123E475500037E757 /* Controller */ = {
			isa = PBXGroup;
			children = (
				DAC290F1251B854F003D05B9 /* AuthTokenVC.swift */,
				DA266130265C89A100ACEA8D /* AuthTokenStepsVC.swift */,
				DA759E5A23E4FE5500D4B3E7 /* MainVC.swift */,
				DA4A1C5A2679A4F800736D8F /* EditPinnedTournamentsVC.swift */,
				DAC4257926503C0600F523CC /* TournamentListVC.swift */,
				DA2E80A42659A91500B876F1 /* ViewAllTournamentsVC.swift */,
				DA64A2F9241DF04E00481280 /* Tournament */,
				DAADCDBB26B4B14D009B46B3 /* Following */,
				DAADCDBA26B4B13F009B46B3 /* Search */,
				DA4055BC26A877FF00A465FE /* Profile */,
				DA637A8923F500EF00268A85 /* Settings */,
			);
			path = Controller;
			sourceTree = "<group>";
		};
		DA92DF1523E8121E0084FEB1 /* GraphQL Files */ = {
			isa = PBXGroup;
			children = (
				DA92DF1623E812350084FEB1 /* NetworkService.graphql */,
			);
			path = "GraphQL Files";
			sourceTree = "<group>";
		};
		DAADCDBA26B4B13F009B46B3 /* Search */ = {
			isa = PBXGroup;
			children = (
				DA395A4A265ABE43008086EB /* TournamentSearchVC.swift */,
				DA2E80A82659A95900B876F1 /* TournamentSearchResultsVC.swift */,
			);
			path = Search;
			sourceTree = "<group>";
		};
		DAADCDBB26B4B14D009B46B3 /* Following */ = {
			isa = PBXGroup;
			children = (
				DAADCDB226B4A6C1009B46B3 /* FollowingVC.swift */,
				DAADCDB826B4B0FC009B46B3 /* TournamentsByTOVC.swift */,
			);
			path = Following;
			sourceTree = "<group>";
		};
/* End PBXGroup section */

/* Begin PBXNativeTarget section */
		DA2939DA23E7E35B00E5DB3A /* pocket.ggTests */ = {
			isa = PBXNativeTarget;
			buildConfigurationList = DA2939E223E7E35B00E5DB3A /* Build configuration list for PBXNativeTarget "pocket.ggTests" */;
			buildPhases = (
				DA2939D723E7E35B00E5DB3A /* Sources */,
				DA2939D823E7E35B00E5DB3A /* Frameworks */,
				DA2939D923E7E35B00E5DB3A /* Resources */,
			);
			buildRules = (
			);
			dependencies = (
				DA2939E123E7E35B00E5DB3A /* PBXTargetDependency */,
			);
			name = pocket.ggTests;
			productName = pocket.ggTests;
			productReference = DA2939DB23E7E35B00E5DB3A /* pocket.ggTests.xctest */;
			productType = "com.apple.product-type.bundle.unit-test";
		};
		DA7E519923E46EAB0037E757 /* pocket.gg */ = {
			isa = PBXNativeTarget;
			buildConfigurationList = DA7E51AE23E46EAC0037E757 /* Build configuration list for PBXNativeTarget "pocket.gg" */;
			buildPhases = (
				DA2B3B6323E80FC40013362D /* Generate Apollo GraphQL API */,
				DA04E3AB2427F1FD00AB2EF0 /* SwiftLint */,
				DA7E519623E46EAB0037E757 /* Sources */,
				DA7E519723E46EAB0037E757 /* Frameworks */,
				DA7E519823E46EAB0037E757 /* Resources */,
				DAA15BA326A3D76400C39446 /* Upload Firebase Crashlytics Debug Symbols */,
			);
			buildRules = (
			);
			dependencies = (
			);
			name = pocket.gg;
			packageProductDependencies = (
				DA6CBE67243039EA006DB38F /* GRDB */,
				DA2D5F2A256B389000C44EEC /* Apollo */,
				DA80061E2697AE57003FD3F7 /* FirebaseAnalytics */,
				DA8006202697AE57003FD3F7 /* FirebaseCrashlytics */,
			);
			productName = pocket.gg;
			productReference = DA7E519A23E46EAB0037E757 /* pocket.gg.app */;
			productType = "com.apple.product-type.application";
		};
/* End PBXNativeTarget section */

/* Begin PBXProject section */
		DA7E519223E46EAB0037E757 /* Project object */ = {
			isa = PBXProject;
			attributes = {
				LastSwiftUpdateCheck = 1130;
				LastUpgradeCheck = 1200;
				ORGANIZATIONNAME = "Gabriel Siu";
				TargetAttributes = {
					DA2939DA23E7E35B00E5DB3A = {
						CreatedOnToolsVersion = 11.3.1;
						TestTargetID = DA7E519923E46EAB0037E757;
					};
					DA7E519923E46EAB0037E757 = {
						CreatedOnToolsVersion = 11.3.1;
					};
				};
			};
			buildConfigurationList = DA7E519523E46EAB0037E757 /* Build configuration list for PBXProject "pocket.gg" */;
			compatibilityVersion = "Xcode 9.3";
			developmentRegion = en;
			hasScannedForEncodings = 0;
			knownRegions = (
				en,
				Base,
			);
			mainGroup = DA7E519123E46EAB0037E757;
			packageReferences = (
				DA6CBE66243039E9006DB38F /* XCRemoteSwiftPackageReference "GRDB.swift" */,
				DA2D5F29256B389000C44EEC /* XCRemoteSwiftPackageReference "apollo-ios" */,
				DA80061D2697AE57003FD3F7 /* XCRemoteSwiftPackageReference "firebase-ios-sdk" */,
			);
			productRefGroup = DA7E519B23E46EAB0037E757 /* Products */;
			projectDirPath = "";
			projectRoot = "";
			targets = (
				DA7E519923E46EAB0037E757 /* pocket.gg */,
				DA2939DA23E7E35B00E5DB3A /* pocket.ggTests */,
			);
		};
/* End PBXProject section */

/* Begin PBXResourcesBuildPhase section */
		DA2939D923E7E35B00E5DB3A /* Resources */ = {
			isa = PBXResourcesBuildPhase;
			buildActionMask = 2147483647;
			files = (
			);
			runOnlyForDeploymentPostprocessing = 0;
		};
		DA7E519823E46EAB0037E757 /* Resources */ = {
			isa = PBXResourcesBuildPhase;
			buildActionMask = 2147483647;
			files = (
				DA234B29269797A400E0E6C9 /* icon_alt_20pt@3x.png in Resources */,
				DA234B20269797A400E0E6C9 /* icon_alt_20pt@2x.png in Resources */,
				DA234B28269797A400E0E6C9 /* icon_alt_29pt@3x.png in Resources */,
				DA234B26269797A400E0E6C9 /* icon_alt_76pt.png in Resources */,
				DA234B25269797A400E0E6C9 /* icon_alt_40pt@2x.png in Resources */,
				DA9429AA24F1CF19002595AF /* videoGame.sqlite in Resources */,
				DA234B27269797A400E0E6C9 /* icon_alt_40pt.png in Resources */,
				DA234B24269797A400E0E6C9 /* icon_alt_20pt.png in Resources */,
				DA234B21269797A400E0E6C9 /* icon_alt_60pt@3x.png in Resources */,
				DA7AF00E24F59BAB009A00E2 /* schema.json in Resources */,
				DA234B1F269797A400E0E6C9 /* icon_alt_76pt@2x.png in Resources */,
				DA7E51AA23E46EAC0037E757 /* LaunchScreen.storyboard in Resources */,
				DA234B1E269797A400E0E6C9 /* icon_alt_29pt@2x.png in Resources */,
				DA234B22269797A400E0E6C9 /* icon_alt_40pt@3x.png in Resources */,
				DA234B1D269797A400E0E6C9 /* icon_alt_83.5pt@2x.png in Resources */,
				DACC4AD523E81990004A8CF3 /* NetworkService.graphql in Resources */,
				DA234B2A269797A400E0E6C9 /* icon_alt_60pt@2x.png in Resources */,
				DA80063C2698FEFD003FD3F7 /* GoogleService-Info.plist in Resources */,
				DA7E51A723E46EAC0037E757 /* Assets.xcassets in Resources */,
				DA234B23269797A400E0E6C9 /* icon_alt_29pt.png in Resources */,
			);
			runOnlyForDeploymentPostprocessing = 0;
		};
/* End PBXResourcesBuildPhase section */

/* Begin PBXShellScriptBuildPhase section */
		DA04E3AB2427F1FD00AB2EF0 /* SwiftLint */ = {
			isa = PBXShellScriptBuildPhase;
			buildActionMask = 2147483647;
			files = (
			);
			inputFileListPaths = (
			);
			inputPaths = (
			);
			name = SwiftLint;
			outputFileListPaths = (
			);
			outputPaths = (
			);
			runOnlyForDeploymentPostprocessing = 0;
			shellPath = /bin/sh;
			shellScript = "# Type a script or drag a script file from your workspace to insert its path.\nif which swiftlint >/dev/null; then\n  swiftlint\nelse\n  echo \"warning: SwiftLint not installed, download from https://github.com/realm/SwiftLint\"\nfi\n";
		};
		DA2B3B6323E80FC40013362D /* Generate Apollo GraphQL API */ = {
			isa = PBXShellScriptBuildPhase;
			buildActionMask = 12;
			files = (
			);
			inputFileListPaths = (
			);
			inputPaths = (
			);
			name = "Generate Apollo GraphQL API";
			outputFileListPaths = (
			);
			outputPaths = (
			);
			runOnlyForDeploymentPostprocessing = 0;
			shellPath = /bin/sh;
			shellScript = "# Go to the build root and search up the chain to find the Derived Data Path where the source packages are checked out.\nDERIVED_DATA_CANDIDATE=\"${BUILD_ROOT}\"\n\nwhile ! [ -d \"${DERIVED_DATA_CANDIDATE}/SourcePackages\" ]; do\n  if [ \"${DERIVED_DATA_CANDIDATE}\" = / ]; then\n    echo >&2 \"error: Unable to locate SourcePackages directory from BUILD_ROOT: '${BUILD_ROOT}'\"\n    exit 1\n  fi\n\n  DERIVED_DATA_CANDIDATE=\"$(dirname \"${DERIVED_DATA_CANDIDATE}\")\"\ndone\n\n# Grab a reference to the directory where scripts are checked out\nSCRIPT_PATH=\"${DERIVED_DATA_CANDIDATE}/SourcePackages/checkouts/apollo-ios/scripts\"\n\nif [ -z \"${SCRIPT_PATH}\" ]; then\n    echo >&2 \"error: Couldn't find the CLI script in your checked out SPM packages; make sure to add the framework to your project.\"\n    exit 1\nfi\n\ncd \"${SRCROOT}/${TARGET_NAME}\"\n\"${SCRIPT_PATH}\"/run-bundled-codegen.sh codegen:generate --target=swift --includes=./**/*.graphql --localSchemaFile=\"schema.json\" API.swift\n";
		};
		DAA15BA326A3D76400C39446 /* Upload Firebase Crashlytics Debug Symbols */ = {
			isa = PBXShellScriptBuildPhase;
			buildActionMask = 2147483647;
			files = (
			);
			inputFileListPaths = (
			);
			inputPaths = (
				"${DWARF_DSYM_FOLDER_PATH}/${DWARF_DSYM_FILE_NAME}/Contents/Resources/DWARF/${TARGET_NAME}",
				"$(SRCROOT)/$(BUILT_PRODUCTS_DIR)/$(INFOPLIST_PATH)",
			);
			name = "Upload Firebase Crashlytics Debug Symbols";
			outputFileListPaths = (
			);
			outputPaths = (
			);
			runOnlyForDeploymentPostprocessing = 0;
			shellPath = /bin/sh;
			shellScript = "${BUILD_DIR%Build/*}/SourcePackages/checkouts/firebase-ios-sdk/Crashlytics/run\n";
		};
/* End PBXShellScriptBuildPhase section */

/* Begin PBXSourcesBuildPhase section */
		DA2939D723E7E35B00E5DB3A /* Sources */ = {
			isa = PBXSourcesBuildPhase;
			buildActionMask = 2147483647;
			files = (
			);
			runOnlyForDeploymentPostprocessing = 0;
		};
		DA7E519623E46EAB0037E757 /* Sources */ = {
			isa = PBXSourcesBuildPhase;
			buildActionMask = 2147483647;
			files = (
				DA79A6312589AA7800651BB4 /* RoundRobinSetCell.swift in Sources */,
				DAF618E9241E176100AB4D93 /* UIStackView+Setup.swift in Sources */,
				DA4B496824FCC73400BE7E0E /* PhaseGroup.swift in Sources */,
				DAADCDB926B4B0FC009B46B3 /* TournamentsByTOVC.swift in Sources */,
				DAECFB652647436000661EDA /* PreferredGamesService.swift in Sources */,
				DA2D5F31256B678300C44EEC /* ApolloService.swift in Sources */,
				DADBE41924074BB7005B707F /* VideoGame.swift in Sources */,
				DA4B496224FCC6FC00BE7E0E /* Location.swift in Sources */,
				DA4CE1FC23EF9CDA00BDE107 /* Collection+Safe.swift in Sources */,
				DA33C2EE26AE275E00363E70 /* ProfileCell.swift in Sources */,
				DA0E5D55255773B600FF6E42 /* SetView.swift in Sources */,
				DAF0BE412665BAB8000F7506 /* AppIconVC.swift in Sources */,
				DAC4257A26503C0600F523CC /* TournamentListVC.swift in Sources */,
				DA68B6AE257D322200A010F3 /* InvalidBracketView.swift in Sources */,
				DA1C927F2413311D00E5BA96 /* UIView+Constraints.swift in Sources */,
				DA266131265C89A100ACEA8D /* AuthTokenStepsVC.swift in Sources */,
				DAF0BE57267032DA000F7506 /* SetIdentifierView.swift in Sources */,
				DA2E80A92659A95900B876F1 /* TournamentSearchResultsVC.swift in Sources */,
				DA68B6C1257EB7CB00A010F3 /* BracketView.swift in Sources */,
				DA80062E2698DD8E003FD3F7 /* FirebaseService.swift in Sources */,
				DA64A2FD241DF1AA00481280 /* EventVC.swift in Sources */,
				DADBE41524074A38005B707F /* AboutVC.swift in Sources */,
				DA68B6B5257EB3BE00A010F3 /* RoundRobinBracketView.swift in Sources */,
				DAC290F2251B854F003D05B9 /* AuthTokenVC.swift in Sources */,
				DA33C2F226AE58D100363E70 /* ProfileTournamentsVC.swift in Sources */,
				DA770573268656C300BBD8CA /* SetUtilities.swift in Sources */,
				DA0C4CEC26818C1B004831EC /* SetVC.swift in Sources */,
				DA7AF01824F5E53C009A00E2 /* PhaseGroupListVC.swift in Sources */,
				DA51F6CE265E0551004D6EE5 /* AuthTokenSettingsVC.swift in Sources */,
				DAA59C192676DC3000A27B43 /* PinnedTournamentsService.swift in Sources */,
				DAEACF8F250AF53E002F0674 /* EliminationBracketView.swift in Sources */,
				DA2939CA23E7CAF400E5DB3A /* Tournament.swift in Sources */,
				DAF39622265F4D5C00FA9778 /* VideoGamesSearchResultsVC.swift in Sources */,
				DA4055BF26A8784800A465FE /* ProfileVC.swift in Sources */,
				DA68B684257C9A6B00A010F3 /* SetPathView.swift in Sources */,
				DADBE41724074AC5005B707F /* AboutInfoCell.swift in Sources */,
				DA637A8D23F5012B00268A85 /* VideoGamesVC.swift in Sources */,
				DA1C9279241220AE00E5BA96 /* TournamentLocationCell.swift in Sources */,
				DA64A2F0241B3FCA00481280 /* DateFormatter+FromTimestamp.swift in Sources */,
				DAADCDB526B4B0A6009B46B3 /* TOFollowedService.swift in Sources */,
				DA4B496024FCC6ED00BE7E0E /* Event.swift in Sources */,
				DA2939D223E7D1D800E5DB3A /* NetworkService.swift in Sources */,
				DA0C4CF02683F6E3004831EC /* SetCell.swift in Sources */,
				DA86242626630A8E00FD0A9C /* TournamentListCell.swift in Sources */,
				DAADCDB726B4B0E4009B46B3 /* TournamentOrganizer.swift in Sources */,
				DA81E8AC2693A28200C256D2 /* Standing.swift in Sources */,
				DAEACF97250AF963002F0674 /* PhaseGroupSet.swift in Sources */,
				DA759E5B23E4FE5500D4B3E7 /* MainVC.swift in Sources */,
				DAF2A20D256B345B00580AAB /* API.swift in Sources */,
				DA1DD9C8263C479800A1B4A9 /* ScrollableRowCell.swift in Sources */,
				DA4A1C5B2679A4F800736D8F /* EditPinnedTournamentsVC.swift in Sources */,
				DA64A2F6241DADB000481280 /* SubtitleCell.swift in Sources */,
				DA04E3A8242726F400AB2EF0 /* UITableViewCells+Create.swift in Sources */,
				DA637A9323F7B1A800268A85 /* TournamentGeneralInfoCell.swift in Sources */,
				DA5121AC26921A190086CBED /* StandingsVC.swift in Sources */,
				DA7E519E23E46EAB0037E757 /* AppDelegate.swift in Sources */,
				DA7E51A023E46EAB0037E757 /* SceneDelegate.swift in Sources */,
				DA4B496424FCC72000BE7E0E /* Stream.swift in Sources */,
				DA3FE2C2263DFBC000593504 /* ScrollableRowItemCell.swift in Sources */,
				DA5C7D36257F3C6400CB787E /* Entrant.swift in Sources */,
				DA395A4B265ABE43008086EB /* TournamentSearchVC.swift in Sources */,
				DA1D51C82688FA82000BBD4A /* PhaseGroupSetGame.swift in Sources */,
				DA4B496624FCC72D00BE7E0E /* Phase.swift in Sources */,
				DA6CBE6A24303D1E006DB38F /* VideoGameDatabase.swift in Sources */,
				DAAF59152413FC18008F79DA /* UIImage+Helpers.swift in Sources */,
				DA7AF01224F5B2DC009A00E2 /* Value1Cell.swift in Sources */,
				DA6CBE6524300B0A006DB38F /* LoadingCell.swift in Sources */,
				DA637A8B23F5010D00268A85 /* SettingsVC.swift in Sources */,
				DAADCDB326B4A6C1009B46B3 /* FollowingVC.swift in Sources */,
				DA2E80A52659A91500B876F1 /* ViewAllTournamentsVC.swift in Sources */,
				DA33C2F026AE576B00363E70 /* ProfileService.swift in Sources */,
				DA81E8B2269415F200C256D2 /* RefreshPhaseGroupView.swift in Sources */,
				DAF0BE51266C03FD000F7506 /* EntrantService.swift in Sources */,
				DA56559423E50C51003FEF20 /* Constants.swift in Sources */,
				DA7AF02B24F71A83009A00E2 /* PhaseGroupVC.swift in Sources */,
				DAADCDB026B37C0E009B46B3 /* TournamentOptionsVC.swift in Sources */,
				DA637A9123F7A6FE00268A85 /* TournamentVC.swift in Sources */,
				DA83B1DE23F7B372002D06C1 /* ImageService.swift in Sources */,
				DABECAF126B8AA9C00F6D170 /* LocationVC.swift in Sources */,
			);
			runOnlyForDeploymentPostprocessing = 0;
		};
/* End PBXSourcesBuildPhase section */

/* Begin PBXTargetDependency section */
		DA2939E123E7E35B00E5DB3A /* PBXTargetDependency */ = {
			isa = PBXTargetDependency;
			target = DA7E519923E46EAB0037E757 /* pocket.gg */;
			targetProxy = DA2939E023E7E35B00E5DB3A /* PBXContainerItemProxy */;
		};
/* End PBXTargetDependency section */

/* Begin PBXVariantGroup section */
		DA7E51A823E46EAC0037E757 /* LaunchScreen.storyboard */ = {
			isa = PBXVariantGroup;
			children = (
				DA7E51A923E46EAC0037E757 /* Base */,
			);
			name = LaunchScreen.storyboard;
			sourceTree = "<group>";
		};
/* End PBXVariantGroup section */

/* Begin XCBuildConfiguration section */
		DA2939E323E7E35B00E5DB3A /* Debug */ = {
			isa = XCBuildConfiguration;
			buildSettings = {
				BUNDLE_LOADER = "$(TEST_HOST)";
				CODE_SIGN_STYLE = Automatic;
				DEVELOPMENT_TEAM = H5HY9QQ8RU;
				INFOPLIST_FILE = pocket.ggTests/Info.plist;
				LD_RUNPATH_SEARCH_PATHS = (
					"$(inherited)",
					"@executable_path/Frameworks",
					"@loader_path/Frameworks",
				);
				PRODUCT_BUNDLE_IDENTIFIER = "gcsiu.pocket-ggTests";
				PRODUCT_NAME = "$(TARGET_NAME)";
				SWIFT_VERSION = 5.0;
				TARGETED_DEVICE_FAMILY = "1,2";
				TEST_HOST = "$(BUILT_PRODUCTS_DIR)/pocket.gg.app/pocket.gg";
			};
			name = Debug;
		};
		DA2939E423E7E35B00E5DB3A /* Release */ = {
			isa = XCBuildConfiguration;
			buildSettings = {
				BUNDLE_LOADER = "$(TEST_HOST)";
				CODE_SIGN_STYLE = Automatic;
				DEVELOPMENT_TEAM = H5HY9QQ8RU;
				INFOPLIST_FILE = pocket.ggTests/Info.plist;
				LD_RUNPATH_SEARCH_PATHS = (
					"$(inherited)",
					"@executable_path/Frameworks",
					"@loader_path/Frameworks",
				);
				PRODUCT_BUNDLE_IDENTIFIER = "gcsiu.pocket-ggTests";
				PRODUCT_NAME = "$(TARGET_NAME)";
				SWIFT_VERSION = 5.0;
				TARGETED_DEVICE_FAMILY = "1,2";
				TEST_HOST = "$(BUILT_PRODUCTS_DIR)/pocket.gg.app/pocket.gg";
			};
			name = Release;
		};
		DA7E51AC23E46EAC0037E757 /* Debug */ = {
			isa = XCBuildConfiguration;
			buildSettings = {
				ALWAYS_SEARCH_USER_PATHS = NO;
				CLANG_ANALYZER_NONNULL = YES;
				CLANG_ANALYZER_NUMBER_OBJECT_CONVERSION = YES_AGGRESSIVE;
				CLANG_CXX_LANGUAGE_STANDARD = "gnu++14";
				CLANG_CXX_LIBRARY = "libc++";
				CLANG_ENABLE_MODULES = YES;
				CLANG_ENABLE_OBJC_ARC = YES;
				CLANG_ENABLE_OBJC_WEAK = YES;
				CLANG_WARN_BLOCK_CAPTURE_AUTORELEASING = YES;
				CLANG_WARN_BOOL_CONVERSION = YES;
				CLANG_WARN_COMMA = YES;
				CLANG_WARN_CONSTANT_CONVERSION = YES;
				CLANG_WARN_DEPRECATED_OBJC_IMPLEMENTATIONS = YES;
				CLANG_WARN_DIRECT_OBJC_ISA_USAGE = YES_ERROR;
				CLANG_WARN_DOCUMENTATION_COMMENTS = YES;
				CLANG_WARN_EMPTY_BODY = YES;
				CLANG_WARN_ENUM_CONVERSION = YES;
				CLANG_WARN_INFINITE_RECURSION = YES;
				CLANG_WARN_INT_CONVERSION = YES;
				CLANG_WARN_NON_LITERAL_NULL_CONVERSION = YES;
				CLANG_WARN_OBJC_IMPLICIT_RETAIN_SELF = YES;
				CLANG_WARN_OBJC_LITERAL_CONVERSION = YES;
				CLANG_WARN_OBJC_ROOT_CLASS = YES_ERROR;
				CLANG_WARN_QUOTED_INCLUDE_IN_FRAMEWORK_HEADER = YES;
				CLANG_WARN_RANGE_LOOP_ANALYSIS = YES;
				CLANG_WARN_STRICT_PROTOTYPES = YES;
				CLANG_WARN_SUSPICIOUS_MOVE = YES;
				CLANG_WARN_UNGUARDED_AVAILABILITY = YES_AGGRESSIVE;
				CLANG_WARN_UNREACHABLE_CODE = YES;
				CLANG_WARN__DUPLICATE_METHOD_MATCH = YES;
				COPY_PHASE_STRIP = NO;
				DEBUG_INFORMATION_FORMAT = dwarf;
				ENABLE_STRICT_OBJC_MSGSEND = YES;
				ENABLE_TESTABILITY = YES;
				GCC_C_LANGUAGE_STANDARD = gnu11;
				GCC_DYNAMIC_NO_PIC = NO;
				GCC_NO_COMMON_BLOCKS = YES;
				GCC_OPTIMIZATION_LEVEL = 0;
				GCC_PREPROCESSOR_DEFINITIONS = (
					"DEBUG=1",
					"$(inherited)",
				);
				GCC_WARN_64_TO_32_BIT_CONVERSION = YES;
				GCC_WARN_ABOUT_RETURN_TYPE = YES_ERROR;
				GCC_WARN_UNDECLARED_SELECTOR = YES;
				GCC_WARN_UNINITIALIZED_AUTOS = YES_AGGRESSIVE;
				GCC_WARN_UNUSED_FUNCTION = YES;
				GCC_WARN_UNUSED_VARIABLE = YES;
				IPHONEOS_DEPLOYMENT_TARGET = 13.0;
				MTL_ENABLE_DEBUG_INFO = INCLUDE_SOURCE;
				MTL_FAST_MATH = YES;
				ONLY_ACTIVE_ARCH = YES;
				OTHER_LDFLAGS = "-ObjC";
				SDKROOT = iphoneos;
				SWIFT_ACTIVE_COMPILATION_CONDITIONS = DEBUG;
				SWIFT_OPTIMIZATION_LEVEL = "-Onone";
			};
			name = Debug;
		};
		DA7E51AD23E46EAC0037E757 /* Release */ = {
			isa = XCBuildConfiguration;
			buildSettings = {
				ALWAYS_SEARCH_USER_PATHS = NO;
				CLANG_ANALYZER_NONNULL = YES;
				CLANG_ANALYZER_NUMBER_OBJECT_CONVERSION = YES_AGGRESSIVE;
				CLANG_CXX_LANGUAGE_STANDARD = "gnu++14";
				CLANG_CXX_LIBRARY = "libc++";
				CLANG_ENABLE_MODULES = YES;
				CLANG_ENABLE_OBJC_ARC = YES;
				CLANG_ENABLE_OBJC_WEAK = YES;
				CLANG_WARN_BLOCK_CAPTURE_AUTORELEASING = YES;
				CLANG_WARN_BOOL_CONVERSION = YES;
				CLANG_WARN_COMMA = YES;
				CLANG_WARN_CONSTANT_CONVERSION = YES;
				CLANG_WARN_DEPRECATED_OBJC_IMPLEMENTATIONS = YES;
				CLANG_WARN_DIRECT_OBJC_ISA_USAGE = YES_ERROR;
				CLANG_WARN_DOCUMENTATION_COMMENTS = YES;
				CLANG_WARN_EMPTY_BODY = YES;
				CLANG_WARN_ENUM_CONVERSION = YES;
				CLANG_WARN_INFINITE_RECURSION = YES;
				CLANG_WARN_INT_CONVERSION = YES;
				CLANG_WARN_NON_LITERAL_NULL_CONVERSION = YES;
				CLANG_WARN_OBJC_IMPLICIT_RETAIN_SELF = YES;
				CLANG_WARN_OBJC_LITERAL_CONVERSION = YES;
				CLANG_WARN_OBJC_ROOT_CLASS = YES_ERROR;
				CLANG_WARN_QUOTED_INCLUDE_IN_FRAMEWORK_HEADER = YES;
				CLANG_WARN_RANGE_LOOP_ANALYSIS = YES;
				CLANG_WARN_STRICT_PROTOTYPES = YES;
				CLANG_WARN_SUSPICIOUS_MOVE = YES;
				CLANG_WARN_UNGUARDED_AVAILABILITY = YES_AGGRESSIVE;
				CLANG_WARN_UNREACHABLE_CODE = YES;
				CLANG_WARN__DUPLICATE_METHOD_MATCH = YES;
				COPY_PHASE_STRIP = NO;
				DEBUG_INFORMATION_FORMAT = "dwarf-with-dsym";
				ENABLE_NS_ASSERTIONS = NO;
				ENABLE_STRICT_OBJC_MSGSEND = YES;
				GCC_C_LANGUAGE_STANDARD = gnu11;
				GCC_NO_COMMON_BLOCKS = YES;
				GCC_WARN_64_TO_32_BIT_CONVERSION = YES;
				GCC_WARN_ABOUT_RETURN_TYPE = YES_ERROR;
				GCC_WARN_UNDECLARED_SELECTOR = YES;
				GCC_WARN_UNINITIALIZED_AUTOS = YES_AGGRESSIVE;
				GCC_WARN_UNUSED_FUNCTION = YES;
				GCC_WARN_UNUSED_VARIABLE = YES;
				IPHONEOS_DEPLOYMENT_TARGET = 13.0;
				MTL_ENABLE_DEBUG_INFO = NO;
				MTL_FAST_MATH = YES;
				OTHER_LDFLAGS = "-ObjC";
				SDKROOT = iphoneos;
				SWIFT_COMPILATION_MODE = wholemodule;
				SWIFT_OPTIMIZATION_LEVEL = "-O";
				VALIDATE_PRODUCT = YES;
			};
			name = Release;
		};
		DA7E51AF23E46EAC0037E757 /* Debug */ = {
			isa = XCBuildConfiguration;
			buildSettings = {
				ASSETCATALOG_COMPILER_APPICON_NAME = AppIcon;
				CODE_SIGN_STYLE = Automatic;
				CURRENT_PROJECT_VERSION = 1;
				DEBUG_INFORMATION_FORMAT = "dwarf-with-dsym";
				DEVELOPMENT_TEAM = H5HY9QQ8RU;
				INFOPLIST_FILE = pocket.gg/Info.plist;
				IPHONEOS_DEPLOYMENT_TARGET = 13.0;
				LD_RUNPATH_SEARCH_PATHS = (
					"$(inherited)",
					"@executable_path/Frameworks",
				);
				MARKETING_VERSION = 1.1;
				PRODUCT_BUNDLE_IDENTIFIER = com.gabrielsiu.pocketgg;
				PRODUCT_NAME = "$(TARGET_NAME)";
				SWIFT_VERSION = 5.0;
				TARGETED_DEVICE_FAMILY = "1,2";
			};
			name = Debug;
		};
		DA7E51B023E46EAC0037E757 /* Release */ = {
			isa = XCBuildConfiguration;
			buildSettings = {
				ASSETCATALOG_COMPILER_APPICON_NAME = AppIcon;
				CODE_SIGN_STYLE = Automatic;
				CURRENT_PROJECT_VERSION = 1;
				DEVELOPMENT_TEAM = H5HY9QQ8RU;
				INFOPLIST_FILE = pocket.gg/Info.plist;
				IPHONEOS_DEPLOYMENT_TARGET = 13.0;
				LD_RUNPATH_SEARCH_PATHS = (
					"$(inherited)",
					"@executable_path/Frameworks",
				);
				MARKETING_VERSION = 1.1;
				PRODUCT_BUNDLE_IDENTIFIER = com.gabrielsiu.pocketgg;
				PRODUCT_NAME = "$(TARGET_NAME)";
				SWIFT_VERSION = 5.0;
				TARGETED_DEVICE_FAMILY = "1,2";
			};
			name = Release;
		};
/* End XCBuildConfiguration section */

/* Begin XCConfigurationList section */
		DA2939E223E7E35B00E5DB3A /* Build configuration list for PBXNativeTarget "pocket.ggTests" */ = {
			isa = XCConfigurationList;
			buildConfigurations = (
				DA2939E323E7E35B00E5DB3A /* Debug */,
				DA2939E423E7E35B00E5DB3A /* Release */,
			);
			defaultConfigurationIsVisible = 0;
			defaultConfigurationName = Release;
		};
		DA7E519523E46EAB0037E757 /* Build configuration list for PBXProject "pocket.gg" */ = {
			isa = XCConfigurationList;
			buildConfigurations = (
				DA7E51AC23E46EAC0037E757 /* Debug */,
				DA7E51AD23E46EAC0037E757 /* Release */,
			);
			defaultConfigurationIsVisible = 0;
			defaultConfigurationName = Release;
		};
		DA7E51AE23E46EAC0037E757 /* Build configuration list for PBXNativeTarget "pocket.gg" */ = {
			isa = XCConfigurationList;
			buildConfigurations = (
				DA7E51AF23E46EAC0037E757 /* Debug */,
				DA7E51B023E46EAC0037E757 /* Release */,
			);
			defaultConfigurationIsVisible = 0;
			defaultConfigurationName = Release;
		};
/* End XCConfigurationList section */

/* Begin XCRemoteSwiftPackageReference section */
		DA2D5F29256B389000C44EEC /* XCRemoteSwiftPackageReference "apollo-ios" */ = {
			isa = XCRemoteSwiftPackageReference;
			repositoryURL = "https://github.com/apollographql/apollo-ios.git";
			requirement = {
				kind = upToNextMinorVersion;
				minimumVersion = 0.37.0;
			};
		};
		DA6CBE66243039E9006DB38F /* XCRemoteSwiftPackageReference "GRDB.swift" */ = {
			isa = XCRemoteSwiftPackageReference;
			repositoryURL = "https://github.com/groue/GRDB.swift.git";
			requirement = {
				kind = upToNextMajorVersion;
				minimumVersion = 4.12.0;
			};
		};
		DA80061D2697AE57003FD3F7 /* XCRemoteSwiftPackageReference "firebase-ios-sdk" */ = {
			isa = XCRemoteSwiftPackageReference;
			repositoryURL = "https://github.com/firebase/firebase-ios-sdk.git";
			requirement = {
				kind = upToNextMajorVersion;
				minimumVersion = 8.3.0;
			};
		};
/* End XCRemoteSwiftPackageReference section */

/* Begin XCSwiftPackageProductDependency section */
		DA2D5F2A256B389000C44EEC /* Apollo */ = {
			isa = XCSwiftPackageProductDependency;
			package = DA2D5F29256B389000C44EEC /* XCRemoteSwiftPackageReference "apollo-ios" */;
			productName = Apollo;
		};
		DA6CBE67243039EA006DB38F /* GRDB */ = {
			isa = XCSwiftPackageProductDependency;
			package = DA6CBE66243039E9006DB38F /* XCRemoteSwiftPackageReference "GRDB.swift" */;
			productName = GRDB;
		};
		DA80061E2697AE57003FD3F7 /* FirebaseAnalytics */ = {
			isa = XCSwiftPackageProductDependency;
			package = DA80061D2697AE57003FD3F7 /* XCRemoteSwiftPackageReference "firebase-ios-sdk" */;
			productName = FirebaseAnalytics;
		};
		DA8006202697AE57003FD3F7 /* FirebaseCrashlytics */ = {
			isa = XCSwiftPackageProductDependency;
			package = DA80061D2697AE57003FD3F7 /* XCRemoteSwiftPackageReference "firebase-ios-sdk" */;
			productName = FirebaseCrashlytics;
		};
/* End XCSwiftPackageProductDependency section */
	};
	rootObject = DA7E519223E46EAB0037E757 /* Project object */;
}
