// !$*UTF8*$!
{
	archiveVersion = 1;
	classes = {
	};
	objectVersion = 56;
	objects = {

/* Begin PBXBuildFile section */
		DA0A43202B5784A800622BF1 /* TournamentTilePlaceholderView.swift in Sources */ = {isa = PBXBuildFile; fileRef = DA0A431F2B5784A800622BF1 /* TournamentTilePlaceholderView.swift */; };
		DA0E597D2B6D58520031A5A1 /* Phase.swift in Sources */ = {isa = PBXBuildFile; fileRef = DA0E597C2B6D58520031A5A1 /* Phase.swift */; };
		DA0E597F2B6D586A0031A5A1 /* PhaseGroup.swift in Sources */ = {isa = PBXBuildFile; fileRef = DA0E597E2B6D586A0031A5A1 /* PhaseGroup.swift */; };
		DA0E59832B6D5A930031A5A1 /* StartggService+Event.swift in Sources */ = {isa = PBXBuildFile; fileRef = DA0E59822B6D5A930031A5A1 /* StartggService+Event.swift */; };
		DA0E59862B6D5AEF0031A5A1 /* Event.graphql in Resources */ = {isa = PBXBuildFile; fileRef = DA0E59852B6D5AEF0031A5A1 /* Event.graphql */; };
		DA15EC5E2B5A2DD8003FD258 /* MockOAuthService.swift in Sources */ = {isa = PBXBuildFile; fileRef = DA15EC5D2B5A2DD8003FD258 /* MockOAuthService.swift */; };
		DA15EC602B5A2DE2003FD258 /* MockStartggService.swift in Sources */ = {isa = PBXBuildFile; fileRef = DA15EC5F2B5A2DE2003FD258 /* MockStartggService.swift */; };
		DA15EC622B5A3750003FD258 /* LoginViewModelTests.swift in Sources */ = {isa = PBXBuildFile; fileRef = DA15EC612B5A3750003FD258 /* LoginViewModelTests.swift */; };
		DA15EC682B5A3BDC003FD258 /* StartggService+Apollo.swift in Sources */ = {isa = PBXBuildFile; fileRef = DA15EC672B5A3BDC003FD258 /* StartggService+Apollo.swift */; };
		DA15EC6A2B5A3C86003FD258 /* StartggService+Home.swift in Sources */ = {isa = PBXBuildFile; fileRef = DA15EC692B5A3C86003FD258 /* StartggService+Home.swift */; };
		DA15EC6C2B5A3CAE003FD258 /* StartggService+Tournament.swift in Sources */ = {isa = PBXBuildFile; fileRef = DA15EC6B2B5A3CAE003FD258 /* StartggService+Tournament.swift */; };
		DA2723A12B5B451C002FF875 /* Stream.swift in Sources */ = {isa = PBXBuildFile; fileRef = DA2723A02B5B451C002FF875 /* Stream.swift */; };
		DA2723A32B5B469A002FF875 /* StreamPlaceholderView.swift in Sources */ = {isa = PBXBuildFile; fileRef = DA2723A22B5B469A002FF875 /* StreamPlaceholderView.swift */; };
		DA2723A52B5B4A79002FF875 /* StreamRowView.swift in Sources */ = {isa = PBXBuildFile; fileRef = DA2723A42B5B4A79002FF875 /* StreamRowView.swift */; };
		DA2723A92B5C5509002FF875 /* Location.swift in Sources */ = {isa = PBXBuildFile; fileRef = DA2723A82B5C5509002FF875 /* Location.swift */; };
		DA46B1942A5E564B00814252 /* pocketggApp.swift in Sources */ = {isa = PBXBuildFile; fileRef = DA46B1932A5E564B00814252 /* pocketggApp.swift */; };
		DA46B1962A5E564B00814252 /* ContentView.swift in Sources */ = {isa = PBXBuildFile; fileRef = DA46B1952A5E564B00814252 /* ContentView.swift */; };
		DA46B1982A5E564C00814252 /* Assets.xcassets in Resources */ = {isa = PBXBuildFile; fileRef = DA46B1972A5E564C00814252 /* Assets.xcassets */; };
		DA46B19B2A5E564C00814252 /* Preview Assets.xcassets in Resources */ = {isa = PBXBuildFile; fileRef = DA46B19A2A5E564C00814252 /* Preview Assets.xcassets */; };
		DA46B19D2A5E564C00814252 /* Persistence.swift in Sources */ = {isa = PBXBuildFile; fileRef = DA46B19C2A5E564C00814252 /* Persistence.swift */; };
		DA46B1A02A5E564C00814252 /* pocketgg.xcdatamodeld in Sources */ = {isa = PBXBuildFile; fileRef = DA46B19E2A5E564C00814252 /* pocketgg.xcdatamodeld */; };
		DA4DDBC62B655F6600F3131E /* StreamsView.swift in Sources */ = {isa = PBXBuildFile; fileRef = DA4DDBC52B655F6600F3131E /* StreamsView.swift */; };
		DA4DDBC92B65639D00F3131E /* EventsView.swift in Sources */ = {isa = PBXBuildFile; fileRef = DA4DDBC82B65639D00F3131E /* EventsView.swift */; };
		DA4DDBCB2B6564B800F3131E /* LocationView.swift in Sources */ = {isa = PBXBuildFile; fileRef = DA4DDBCA2B6564B800F3131E /* LocationView.swift */; };
		DA4DDBCD2B65662F00F3131E /* ContactInfoView.swift in Sources */ = {isa = PBXBuildFile; fileRef = DA4DDBCC2B65662F00F3131E /* ContactInfoView.swift */; };
		DA65D65C2AB618B100EF18E0 /* SettingsView.swift in Sources */ = {isa = PBXBuildFile; fileRef = DA65D65B2AB618B100EF18E0 /* SettingsView.swift */; };
		DA65D65E2AB61AE300EF18E0 /* HomeView.swift in Sources */ = {isa = PBXBuildFile; fileRef = DA65D65D2AB61AE300EF18E0 /* HomeView.swift */; };
		DA65D6612AB61EC900EF18E0 /* HomeViewModel.swift in Sources */ = {isa = PBXBuildFile; fileRef = DA65D6602AB61EC900EF18E0 /* HomeViewModel.swift */; };
		DA65D6642AB6253500EF18E0 /* Tournament.swift in Sources */ = {isa = PBXBuildFile; fileRef = DA65D6632AB6253500EF18E0 /* Tournament.swift */; };
		DA65D66A2AB625E100EF18E0 /* TournamentHorizontalListView.swift in Sources */ = {isa = PBXBuildFile; fileRef = DA65D6692AB625E100EF18E0 /* TournamentHorizontalListView.swift */; };
		DA65D66C2AB6302700EF18E0 /* TournamentTileView.swift in Sources */ = {isa = PBXBuildFile; fileRef = DA65D66B2AB6302700EF18E0 /* TournamentTileView.swift */; };
		DA65D6722AB6522D00EF18E0 /* Apollo in Frameworks */ = {isa = PBXBuildFile; productRef = DA65D6712AB6522D00EF18E0 /* Apollo */; };
		DA65D6742AB6522D00EF18E0 /* ApolloAPI in Frameworks */ = {isa = PBXBuildFile; productRef = DA65D6732AB6522D00EF18E0 /* ApolloAPI */; };
		DA65D6762AB6522D00EF18E0 /* ApolloWebSocket in Frameworks */ = {isa = PBXBuildFile; productRef = DA65D6752AB6522D00EF18E0 /* ApolloWebSocket */; };
		DA65D67C2AB6746F00EF18E0 /* StartggAPI in Frameworks */ = {isa = PBXBuildFile; productRef = DA65D67B2AB6746F00EF18E0 /* StartggAPI */; };
		DA6926642AD1DDFA0086B92A /* EditHomeView.swift in Sources */ = {isa = PBXBuildFile; fileRef = DA6926632AD1DDFA0086B92A /* EditHomeView.swift */; };
		DA6926672AD1E2AB0086B92A /* LocationPreferenceView.swift in Sources */ = {isa = PBXBuildFile; fileRef = DA6926662AD1E2AB0086B92A /* LocationPreferenceView.swift */; };
		DA6926692AD1F5850086B92A /* LocationPreferenceViewModel.swift in Sources */ = {isa = PBXBuildFile; fileRef = DA6926682AD1F5850086B92A /* LocationPreferenceViewModel.swift */; };
		DA789D9E2B66C324009B9799 /* EventView.swift in Sources */ = {isa = PBXBuildFile; fileRef = DA789D9D2B66C324009B9799 /* EventView.swift */; };
		DA789DA12B66C4AB009B9799 /* EventViewModel.swift in Sources */ = {isa = PBXBuildFile; fileRef = DA789DA02B66C4AB009B9799 /* EventViewModel.swift */; };
		DA7949CE2B70198700D68EA4 /* PhaseGroupView.swift in Sources */ = {isa = PBXBuildFile; fileRef = DA7949CD2B70198700D68EA4 /* PhaseGroupView.swift */; };
		DA7949D02B70199E00D68EA4 /* PhaseGroupViewModel.swift in Sources */ = {isa = PBXBuildFile; fileRef = DA7949CF2B70199E00D68EA4 /* PhaseGroupViewModel.swift */; };
		DA7949D32B705C9B00D68EA4 /* StandingsView.swift in Sources */ = {isa = PBXBuildFile; fileRef = DA7949D22B705C9B00D68EA4 /* StandingsView.swift */; };
		DA7949D52B707CE400D68EA4 /* StandingRowView.swift in Sources */ = {isa = PBXBuildFile; fileRef = DA7949D42B707CE400D68EA4 /* StandingRowView.swift */; };
		DA7949D82B70B1B900D68EA4 /* MatchesView.swift in Sources */ = {isa = PBXBuildFile; fileRef = DA7949D72B70B1B900D68EA4 /* MatchesView.swift */; };
		DA8D00A52AC9D3AC0093FC49 /* KeychainService.swift in Sources */ = {isa = PBXBuildFile; fileRef = DA8D00A42AC9D3AC0093FC49 /* KeychainService.swift */; };
		DA8D00A72AC9D8740093FC49 /* AuthorizationInterceptor.swift in Sources */ = {isa = PBXBuildFile; fileRef = DA8D00A62AC9D8740093FC49 /* AuthorizationInterceptor.swift */; };
		DA8D00AF2AC9E68F0093FC49 /* AppRootManager.swift in Sources */ = {isa = PBXBuildFile; fileRef = DA8D00AE2AC9E68F0093FC49 /* AppRootManager.swift */; };
		DA8D00B22ACA362E0093FC49 /* Constants.swift in Sources */ = {isa = PBXBuildFile; fileRef = DA8D00B12ACA362E0093FC49 /* Constants.swift */; };
		DA8D00B42ACA6D800093FC49 /* LoadingView.swift in Sources */ = {isa = PBXBuildFile; fileRef = DA8D00B32ACA6D800093FC49 /* LoadingView.swift */; };
		DA9178552B6E99BE00579360 /* BracketsView.swift in Sources */ = {isa = PBXBuildFile; fileRef = DA9178542B6E99BE00579360 /* BracketsView.swift */; };
		DA9178572B6E9B3F00579360 /* EventHeaderView.swift in Sources */ = {isa = PBXBuildFile; fileRef = DA9178562B6E9B3F00579360 /* EventHeaderView.swift */; };
		DA9178592B6E9D9B00579360 /* EmptyStateView.swift in Sources */ = {isa = PBXBuildFile; fileRef = DA9178582B6E9D9B00579360 /* EmptyStateView.swift */; };
		DA91785B2B6E9DAA00579360 /* ErrorStateView.swift in Sources */ = {isa = PBXBuildFile; fileRef = DA91785A2B6E9DAA00579360 /* ErrorStateView.swift */; };
		DA91785D2B6EBFC500579360 /* BracketRowView.swift in Sources */ = {isa = PBXBuildFile; fileRef = DA91785C2B6EBFC500579360 /* BracketRowView.swift */; };
		DA91785F2B6ECF7300579360 /* TextPlaceholderView.swift in Sources */ = {isa = PBXBuildFile; fileRef = DA91785E2B6ECF7300579360 /* TextPlaceholderView.swift */; };
		DA9178612B6ED69F00579360 /* TopStandingsView.swift in Sources */ = {isa = PBXBuildFile; fileRef = DA9178602B6ED69F00579360 /* TopStandingsView.swift */; };
		DA9178632B6ED7F600579360 /* TopStandingRowView.swift in Sources */ = {isa = PBXBuildFile; fileRef = DA9178622B6ED7F600579360 /* TopStandingRowView.swift */; };
		DA9178652B6EF32900579360 /* AllStandingsView.swift in Sources */ = {isa = PBXBuildFile; fileRef = DA9178642B6EF32900579360 /* AllStandingsView.swift */; };
		DA9178672B6EF42F00579360 /* AllStandingsViewModel.swift in Sources */ = {isa = PBXBuildFile; fileRef = DA9178662B6EF42F00579360 /* AllStandingsViewModel.swift */; };
		DA9178692B6F45EA00579360 /* AllStandingRowView.swift in Sources */ = {isa = PBXBuildFile; fileRef = DA9178682B6F45EA00579360 /* AllStandingRowView.swift */; };
		DA91786C2B6FEFC400579360 /* PhaseGroupListView.swift in Sources */ = {isa = PBXBuildFile; fileRef = DA91786B2B6FEFC400579360 /* PhaseGroupListView.swift */; };
		DA91786F2B6FEFF600579360 /* PhaseGroupListViewModel.swift in Sources */ = {isa = PBXBuildFile; fileRef = DA91786E2B6FEFF600579360 /* PhaseGroupListViewModel.swift */; };
		DA9178712B6FF5D000579360 /* Phase.graphql in Resources */ = {isa = PBXBuildFile; fileRef = DA9178702B6FF5D000579360 /* Phase.graphql */; };
		DA9178732B6FF79A00579360 /* StartggService+Phase.swift in Sources */ = {isa = PBXBuildFile; fileRef = DA9178722B6FF79A00579360 /* StartggService+Phase.swift */; };
		DAA9E36F2B5ADA640066E3B4 /* HomeViewModelTests.swift in Sources */ = {isa = PBXBuildFile; fileRef = DAA9E36E2B5ADA640066E3B4 /* HomeViewModelTests.swift */; };
		DABFF26B2AB794E20053614D /* LoginView.swift in Sources */ = {isa = PBXBuildFile; fileRef = DABFF26A2AB794E20053614D /* LoginView.swift */; };
		DABFF26F2AB906DC0053614D /* LoginViewModel.swift in Sources */ = {isa = PBXBuildFile; fileRef = DABFF26E2AB906DC0053614D /* LoginViewModel.swift */; };
		DABFF2722AB90FA90053614D /* OAuthService.swift in Sources */ = {isa = PBXBuildFile; fileRef = DABFF2712AB90FA90053614D /* OAuthService.swift */; };
		DAC4E94C2B4B95FB00B356A0 /* Event.swift in Sources */ = {isa = PBXBuildFile; fileRef = DAC4E94B2B4B95FB00B356A0 /* Event.swift */; };
		DAC4E94E2B4B96B700B356A0 /* Entrant.swift in Sources */ = {isa = PBXBuildFile; fileRef = DAC4E94D2B4B96B700B356A0 /* Entrant.swift */; };
		DAC4E9502B4BA00900B356A0 /* EntrantService.swift in Sources */ = {isa = PBXBuildFile; fileRef = DAC4E94F2B4BA00900B356A0 /* EntrantService.swift */; };
		DAC4E9522B4BA04400B356A0 /* Collection+Safe.swift in Sources */ = {isa = PBXBuildFile; fileRef = DAC4E9512B4BA04400B356A0 /* Collection+Safe.swift */; };
		DAD2BCDB2ADB2D5D0088BA96 /* DateFormatter+FromTimestamp.swift in Sources */ = {isa = PBXBuildFile; fileRef = DAD2BCDA2ADB2D5D0088BA96 /* DateFormatter+FromTimestamp.swift */; };
		DADD99A72AE0BA9D00ED35FC /* TournamentHeaderView.swift in Sources */ = {isa = PBXBuildFile; fileRef = DADD99A62AE0BA9D00ED35FC /* TournamentHeaderView.swift */; };
		DADD99AE2AE1C33300ED35FC /* TournamentView.swift in Sources */ = {isa = PBXBuildFile; fileRef = DADD99AD2AE1C33300ED35FC /* TournamentView.swift */; };
		DADD99B02AE1C34400ED35FC /* TournamentViewModel.swift in Sources */ = {isa = PBXBuildFile; fileRef = DADD99AF2AE1C34400ED35FC /* TournamentViewModel.swift */; };
		DADF343D2B54CAF50020C29D /* AsyncImageView.swift in Sources */ = {isa = PBXBuildFile; fileRef = DADF343C2B54CAF50020C29D /* AsyncImageView.swift */; };
		DADF343F2B54CB960020C29D /* ImageService.swift in Sources */ = {isa = PBXBuildFile; fileRef = DADF343E2B54CB960020C29D /* ImageService.swift */; };
		DADF34412B54D9FC0020C29D /* UIImage+Helpers.swift in Sources */ = {isa = PBXBuildFile; fileRef = DADF34402B54D9FC0020C29D /* UIImage+Helpers.swift */; };
		DAE36C332B6204440037B45D /* ContactInfoRowView.swift in Sources */ = {isa = PBXBuildFile; fileRef = DAE36C322B6204440037B45D /* ContactInfoRowView.swift */; };
		DAF117AB2B4F879000D39F65 /* EventPlaceholderView.swift in Sources */ = {isa = PBXBuildFile; fileRef = DAF117AA2B4F879000D39F65 /* EventPlaceholderView.swift */; };
		DAF117B12B4FA22100D39F65 /* TournamentsPlaceholderView.swift in Sources */ = {isa = PBXBuildFile; fileRef = DAF117B02B4FA22100D39F65 /* TournamentsPlaceholderView.swift */; };
		DAF117B32B50CE5500D39F65 /* SegmentedControlView.swift in Sources */ = {isa = PBXBuildFile; fileRef = DAF117B22B50CE5500D39F65 /* SegmentedControlView.swift */; };
		DAF117B62B50E2FF00D39F65 /* EventRowView.swift in Sources */ = {isa = PBXBuildFile; fileRef = DAF117B52B50E2FF00D39F65 /* EventRowView.swift */; };
		DAF340712B717FAE00379688 /* MatchRowView.swift in Sources */ = {isa = PBXBuildFile; fileRef = DAF340702B717FAE00379688 /* MatchRowView.swift */; };
		DAF340732B71976B00379688 /* PhaseGroupSetService.swift in Sources */ = {isa = PBXBuildFile; fileRef = DAF340722B71976B00379688 /* PhaseGroupSetService.swift */; };
		DAF8FF9D2B5D9E190070BD49 /* TournamentLocationView.swift in Sources */ = {isa = PBXBuildFile; fileRef = DAF8FF9C2B5D9E190070BD49 /* TournamentLocationView.swift */; };
		DAF8FFA22B5E1E000070BD49 /* LocationPlaceholderView.swift in Sources */ = {isa = PBXBuildFile; fileRef = DAF8FFA12B5E1E000070BD49 /* LocationPlaceholderView.swift */; };
/* End PBXBuildFile section */

/* Begin PBXContainerItemProxy section */
		DA46B1A62A5E564C00814252 /* PBXContainerItemProxy */ = {
			isa = PBXContainerItemProxy;
			containerPortal = DA46B1882A5E564B00814252 /* Project object */;
			proxyType = 1;
			remoteGlobalIDString = DA46B18F2A5E564B00814252;
			remoteInfo = pocketgg;
		};
/* End PBXContainerItemProxy section */

/* Begin PBXFileReference section */
		DA0A431F2B5784A800622BF1 /* TournamentTilePlaceholderView.swift */ = {isa = PBXFileReference; lastKnownFileType = sourcecode.swift; path = TournamentTilePlaceholderView.swift; sourceTree = "<group>"; };
		DA0E597C2B6D58520031A5A1 /* Phase.swift */ = {isa = PBXFileReference; lastKnownFileType = sourcecode.swift; path = Phase.swift; sourceTree = "<group>"; };
		DA0E597E2B6D586A0031A5A1 /* PhaseGroup.swift */ = {isa = PBXFileReference; lastKnownFileType = sourcecode.swift; path = PhaseGroup.swift; sourceTree = "<group>"; };
		DA0E59822B6D5A930031A5A1 /* StartggService+Event.swift */ = {isa = PBXFileReference; lastKnownFileType = sourcecode.swift; path = "StartggService+Event.swift"; sourceTree = "<group>"; };
		DA0E59852B6D5AEF0031A5A1 /* Event.graphql */ = {isa = PBXFileReference; lastKnownFileType = text; path = Event.graphql; sourceTree = "<group>"; };
		DA15EC5D2B5A2DD8003FD258 /* MockOAuthService.swift */ = {isa = PBXFileReference; lastKnownFileType = sourcecode.swift; path = MockOAuthService.swift; sourceTree = "<group>"; };
		DA15EC5F2B5A2DE2003FD258 /* MockStartggService.swift */ = {isa = PBXFileReference; lastKnownFileType = sourcecode.swift; path = MockStartggService.swift; sourceTree = "<group>"; };
		DA15EC612B5A3750003FD258 /* LoginViewModelTests.swift */ = {isa = PBXFileReference; lastKnownFileType = sourcecode.swift; path = LoginViewModelTests.swift; sourceTree = "<group>"; };
		DA15EC672B5A3BDC003FD258 /* StartggService+Apollo.swift */ = {isa = PBXFileReference; lastKnownFileType = sourcecode.swift; path = "StartggService+Apollo.swift"; sourceTree = "<group>"; };
		DA15EC692B5A3C86003FD258 /* StartggService+Home.swift */ = {isa = PBXFileReference; lastKnownFileType = sourcecode.swift; path = "StartggService+Home.swift"; sourceTree = "<group>"; };
		DA15EC6B2B5A3CAE003FD258 /* StartggService+Tournament.swift */ = {isa = PBXFileReference; lastKnownFileType = sourcecode.swift; path = "StartggService+Tournament.swift"; sourceTree = "<group>"; };
		DA2723A02B5B451C002FF875 /* Stream.swift */ = {isa = PBXFileReference; lastKnownFileType = sourcecode.swift; path = Stream.swift; sourceTree = "<group>"; };
		DA2723A22B5B469A002FF875 /* StreamPlaceholderView.swift */ = {isa = PBXFileReference; lastKnownFileType = sourcecode.swift; path = StreamPlaceholderView.swift; sourceTree = "<group>"; };
		DA2723A42B5B4A79002FF875 /* StreamRowView.swift */ = {isa = PBXFileReference; lastKnownFileType = sourcecode.swift; path = StreamRowView.swift; sourceTree = "<group>"; };
		DA2723A82B5C5509002FF875 /* Location.swift */ = {isa = PBXFileReference; lastKnownFileType = sourcecode.swift; path = Location.swift; sourceTree = "<group>"; };
		DA46B1902A5E564B00814252 /* pocketgg.app */ = {isa = PBXFileReference; explicitFileType = wrapper.application; includeInIndex = 0; path = pocketgg.app; sourceTree = BUILT_PRODUCTS_DIR; };
		DA46B1932A5E564B00814252 /* pocketggApp.swift */ = {isa = PBXFileReference; lastKnownFileType = sourcecode.swift; path = pocketggApp.swift; sourceTree = "<group>"; };
		DA46B1952A5E564B00814252 /* ContentView.swift */ = {isa = PBXFileReference; lastKnownFileType = sourcecode.swift; path = ContentView.swift; sourceTree = "<group>"; };
		DA46B1972A5E564C00814252 /* Assets.xcassets */ = {isa = PBXFileReference; lastKnownFileType = folder.assetcatalog; path = Assets.xcassets; sourceTree = "<group>"; };
		DA46B19A2A5E564C00814252 /* Preview Assets.xcassets */ = {isa = PBXFileReference; lastKnownFileType = folder.assetcatalog; path = "Preview Assets.xcassets"; sourceTree = "<group>"; };
		DA46B19C2A5E564C00814252 /* Persistence.swift */ = {isa = PBXFileReference; lastKnownFileType = sourcecode.swift; path = Persistence.swift; sourceTree = "<group>"; };
		DA46B19F2A5E564C00814252 /* pocketgg.xcdatamodel */ = {isa = PBXFileReference; lastKnownFileType = wrapper.xcdatamodel; path = pocketgg.xcdatamodel; sourceTree = "<group>"; };
		DA46B1A52A5E564C00814252 /* pocketggTests.xctest */ = {isa = PBXFileReference; explicitFileType = wrapper.cfbundle; includeInIndex = 0; path = pocketggTests.xctest; sourceTree = BUILT_PRODUCTS_DIR; };
		DA4DDBC52B655F6600F3131E /* StreamsView.swift */ = {isa = PBXFileReference; lastKnownFileType = sourcecode.swift; path = StreamsView.swift; sourceTree = "<group>"; };
		DA4DDBC82B65639D00F3131E /* EventsView.swift */ = {isa = PBXFileReference; lastKnownFileType = sourcecode.swift; path = EventsView.swift; sourceTree = "<group>"; };
		DA4DDBCA2B6564B800F3131E /* LocationView.swift */ = {isa = PBXFileReference; lastKnownFileType = sourcecode.swift; path = LocationView.swift; sourceTree = "<group>"; };
		DA4DDBCC2B65662F00F3131E /* ContactInfoView.swift */ = {isa = PBXFileReference; lastKnownFileType = sourcecode.swift; path = ContactInfoView.swift; sourceTree = "<group>"; };
		DA65D65B2AB618B100EF18E0 /* SettingsView.swift */ = {isa = PBXFileReference; lastKnownFileType = sourcecode.swift; path = SettingsView.swift; sourceTree = "<group>"; };
		DA65D65D2AB61AE300EF18E0 /* HomeView.swift */ = {isa = PBXFileReference; lastKnownFileType = sourcecode.swift; path = HomeView.swift; sourceTree = "<group>"; };
		DA65D6602AB61EC900EF18E0 /* HomeViewModel.swift */ = {isa = PBXFileReference; lastKnownFileType = sourcecode.swift; path = HomeViewModel.swift; sourceTree = "<group>"; };
		DA65D6632AB6253500EF18E0 /* Tournament.swift */ = {isa = PBXFileReference; lastKnownFileType = sourcecode.swift; path = Tournament.swift; sourceTree = "<group>"; };
		DA65D6692AB625E100EF18E0 /* TournamentHorizontalListView.swift */ = {isa = PBXFileReference; lastKnownFileType = sourcecode.swift; path = TournamentHorizontalListView.swift; sourceTree = "<group>"; };
		DA65D66B2AB6302700EF18E0 /* TournamentTileView.swift */ = {isa = PBXFileReference; lastKnownFileType = sourcecode.swift; path = TournamentTileView.swift; sourceTree = "<group>"; };
		DA65D6772AB673A000EF18E0 /* Tournament.graphql */ = {isa = PBXFileReference; lastKnownFileType = text; name = Tournament.graphql; path = pocketgg/GraphQL/Tournament.graphql; sourceTree = SOURCE_ROOT; };
		DA65D6792AB6744400EF18E0 /* startggAPI */ = {isa = PBXFileReference; lastKnownFileType = wrapper; path = startggAPI; sourceTree = "<group>"; };
		DA6926632AD1DDFA0086B92A /* EditHomeView.swift */ = {isa = PBXFileReference; lastKnownFileType = sourcecode.swift; path = EditHomeView.swift; sourceTree = "<group>"; };
		DA6926662AD1E2AB0086B92A /* LocationPreferenceView.swift */ = {isa = PBXFileReference; lastKnownFileType = sourcecode.swift; path = LocationPreferenceView.swift; sourceTree = "<group>"; };
		DA6926682AD1F5850086B92A /* LocationPreferenceViewModel.swift */ = {isa = PBXFileReference; lastKnownFileType = sourcecode.swift; path = LocationPreferenceViewModel.swift; sourceTree = "<group>"; };
		DA789D9D2B66C324009B9799 /* EventView.swift */ = {isa = PBXFileReference; lastKnownFileType = sourcecode.swift; path = EventView.swift; sourceTree = "<group>"; };
		DA789DA02B66C4AB009B9799 /* EventViewModel.swift */ = {isa = PBXFileReference; lastKnownFileType = sourcecode.swift; path = EventViewModel.swift; sourceTree = "<group>"; };
		DA7949CD2B70198700D68EA4 /* PhaseGroupView.swift */ = {isa = PBXFileReference; lastKnownFileType = sourcecode.swift; path = PhaseGroupView.swift; sourceTree = "<group>"; };
		DA7949CF2B70199E00D68EA4 /* PhaseGroupViewModel.swift */ = {isa = PBXFileReference; lastKnownFileType = sourcecode.swift; path = PhaseGroupViewModel.swift; sourceTree = "<group>"; };
		DA7949D22B705C9B00D68EA4 /* StandingsView.swift */ = {isa = PBXFileReference; lastKnownFileType = sourcecode.swift; path = StandingsView.swift; sourceTree = "<group>"; };
		DA7949D42B707CE400D68EA4 /* StandingRowView.swift */ = {isa = PBXFileReference; lastKnownFileType = sourcecode.swift; path = StandingRowView.swift; sourceTree = "<group>"; };
		DA7949D72B70B1B900D68EA4 /* MatchesView.swift */ = {isa = PBXFileReference; lastKnownFileType = sourcecode.swift; path = MatchesView.swift; sourceTree = "<group>"; };
		DA8D00A42AC9D3AC0093FC49 /* KeychainService.swift */ = {isa = PBXFileReference; lastKnownFileType = sourcecode.swift; path = KeychainService.swift; sourceTree = "<group>"; };
		DA8D00A62AC9D8740093FC49 /* AuthorizationInterceptor.swift */ = {isa = PBXFileReference; lastKnownFileType = sourcecode.swift; path = AuthorizationInterceptor.swift; sourceTree = "<group>"; };
		DA8D00AE2AC9E68F0093FC49 /* AppRootManager.swift */ = {isa = PBXFileReference; lastKnownFileType = sourcecode.swift; path = AppRootManager.swift; sourceTree = "<group>"; };
		DA8D00B12ACA362E0093FC49 /* Constants.swift */ = {isa = PBXFileReference; lastKnownFileType = sourcecode.swift; path = Constants.swift; sourceTree = "<group>"; };
		DA8D00B32ACA6D800093FC49 /* LoadingView.swift */ = {isa = PBXFileReference; lastKnownFileType = sourcecode.swift; path = LoadingView.swift; sourceTree = "<group>"; };
		DA8D00EB2ACB4D820093FC49 /* pocketgg.entitlements */ = {isa = PBXFileReference; lastKnownFileType = text.plist.entitlements; path = pocketgg.entitlements; sourceTree = "<group>"; };
		DA9178542B6E99BE00579360 /* BracketsView.swift */ = {isa = PBXFileReference; lastKnownFileType = sourcecode.swift; path = BracketsView.swift; sourceTree = "<group>"; };
		DA9178562B6E9B3F00579360 /* EventHeaderView.swift */ = {isa = PBXFileReference; lastKnownFileType = sourcecode.swift; path = EventHeaderView.swift; sourceTree = "<group>"; };
		DA9178582B6E9D9B00579360 /* EmptyStateView.swift */ = {isa = PBXFileReference; lastKnownFileType = sourcecode.swift; path = EmptyStateView.swift; sourceTree = "<group>"; };
		DA91785A2B6E9DAA00579360 /* ErrorStateView.swift */ = {isa = PBXFileReference; lastKnownFileType = sourcecode.swift; path = ErrorStateView.swift; sourceTree = "<group>"; };
		DA91785C2B6EBFC500579360 /* BracketRowView.swift */ = {isa = PBXFileReference; lastKnownFileType = sourcecode.swift; path = BracketRowView.swift; sourceTree = "<group>"; };
		DA91785E2B6ECF7300579360 /* TextPlaceholderView.swift */ = {isa = PBXFileReference; lastKnownFileType = sourcecode.swift; path = TextPlaceholderView.swift; sourceTree = "<group>"; };
		DA9178602B6ED69F00579360 /* TopStandingsView.swift */ = {isa = PBXFileReference; lastKnownFileType = sourcecode.swift; path = TopStandingsView.swift; sourceTree = "<group>"; };
		DA9178622B6ED7F600579360 /* TopStandingRowView.swift */ = {isa = PBXFileReference; lastKnownFileType = sourcecode.swift; path = TopStandingRowView.swift; sourceTree = "<group>"; };
		DA9178642B6EF32900579360 /* AllStandingsView.swift */ = {isa = PBXFileReference; lastKnownFileType = sourcecode.swift; path = AllStandingsView.swift; sourceTree = "<group>"; };
		DA9178662B6EF42F00579360 /* AllStandingsViewModel.swift */ = {isa = PBXFileReference; lastKnownFileType = sourcecode.swift; path = AllStandingsViewModel.swift; sourceTree = "<group>"; };
		DA9178682B6F45EA00579360 /* AllStandingRowView.swift */ = {isa = PBXFileReference; lastKnownFileType = sourcecode.swift; path = AllStandingRowView.swift; sourceTree = "<group>"; };
		DA91786B2B6FEFC400579360 /* PhaseGroupListView.swift */ = {isa = PBXFileReference; lastKnownFileType = sourcecode.swift; path = PhaseGroupListView.swift; sourceTree = "<group>"; };
		DA91786E2B6FEFF600579360 /* PhaseGroupListViewModel.swift */ = {isa = PBXFileReference; lastKnownFileType = sourcecode.swift; path = PhaseGroupListViewModel.swift; sourceTree = "<group>"; };
		DA9178702B6FF5D000579360 /* Phase.graphql */ = {isa = PBXFileReference; lastKnownFileType = text; path = Phase.graphql; sourceTree = "<group>"; };
		DA9178722B6FF79A00579360 /* StartggService+Phase.swift */ = {isa = PBXFileReference; lastKnownFileType = sourcecode.swift; path = "StartggService+Phase.swift"; sourceTree = "<group>"; };
		DAA9E36E2B5ADA640066E3B4 /* HomeViewModelTests.swift */ = {isa = PBXFileReference; lastKnownFileType = sourcecode.swift; path = HomeViewModelTests.swift; sourceTree = "<group>"; };
		DABFF26A2AB794E20053614D /* LoginView.swift */ = {isa = PBXFileReference; lastKnownFileType = sourcecode.swift; path = LoginView.swift; sourceTree = "<group>"; };
		DABFF26C2AB906580053614D /* Info.plist */ = {isa = PBXFileReference; lastKnownFileType = text.plist; path = Info.plist; sourceTree = "<group>"; };
		DABFF26E2AB906DC0053614D /* LoginViewModel.swift */ = {isa = PBXFileReference; lastKnownFileType = sourcecode.swift; path = LoginViewModel.swift; sourceTree = "<group>"; };
		DABFF2712AB90FA90053614D /* OAuthService.swift */ = {isa = PBXFileReference; lastKnownFileType = sourcecode.swift; path = OAuthService.swift; sourceTree = "<group>"; };
		DAC4E94B2B4B95FB00B356A0 /* Event.swift */ = {isa = PBXFileReference; lastKnownFileType = sourcecode.swift; path = Event.swift; sourceTree = "<group>"; };
		DAC4E94D2B4B96B700B356A0 /* Entrant.swift */ = {isa = PBXFileReference; lastKnownFileType = sourcecode.swift; path = Entrant.swift; sourceTree = "<group>"; };
		DAC4E94F2B4BA00900B356A0 /* EntrantService.swift */ = {isa = PBXFileReference; lastKnownFileType = sourcecode.swift; path = EntrantService.swift; sourceTree = "<group>"; };
		DAC4E9512B4BA04400B356A0 /* Collection+Safe.swift */ = {isa = PBXFileReference; lastKnownFileType = sourcecode.swift; path = "Collection+Safe.swift"; sourceTree = "<group>"; };
		DAD2BCDA2ADB2D5D0088BA96 /* DateFormatter+FromTimestamp.swift */ = {isa = PBXFileReference; lastKnownFileType = sourcecode.swift; path = "DateFormatter+FromTimestamp.swift"; sourceTree = "<group>"; };
		DADD99A62AE0BA9D00ED35FC /* TournamentHeaderView.swift */ = {isa = PBXFileReference; lastKnownFileType = sourcecode.swift; path = TournamentHeaderView.swift; sourceTree = "<group>"; };
		DADD99AD2AE1C33300ED35FC /* TournamentView.swift */ = {isa = PBXFileReference; lastKnownFileType = sourcecode.swift; path = TournamentView.swift; sourceTree = "<group>"; };
		DADD99AF2AE1C34400ED35FC /* TournamentViewModel.swift */ = {isa = PBXFileReference; lastKnownFileType = sourcecode.swift; path = TournamentViewModel.swift; sourceTree = "<group>"; };
		DADF343C2B54CAF50020C29D /* AsyncImageView.swift */ = {isa = PBXFileReference; lastKnownFileType = sourcecode.swift; path = AsyncImageView.swift; sourceTree = "<group>"; };
		DADF343E2B54CB960020C29D /* ImageService.swift */ = {isa = PBXFileReference; lastKnownFileType = sourcecode.swift; path = ImageService.swift; sourceTree = "<group>"; };
		DADF34402B54D9FC0020C29D /* UIImage+Helpers.swift */ = {isa = PBXFileReference; lastKnownFileType = sourcecode.swift; path = "UIImage+Helpers.swift"; sourceTree = "<group>"; };
		DAE36C322B6204440037B45D /* ContactInfoRowView.swift */ = {isa = PBXFileReference; lastKnownFileType = sourcecode.swift; path = ContactInfoRowView.swift; sourceTree = "<group>"; };
		DAF117AA2B4F879000D39F65 /* EventPlaceholderView.swift */ = {isa = PBXFileReference; lastKnownFileType = sourcecode.swift; path = EventPlaceholderView.swift; sourceTree = "<group>"; };
		DAF117B02B4FA22100D39F65 /* TournamentsPlaceholderView.swift */ = {isa = PBXFileReference; lastKnownFileType = sourcecode.swift; path = TournamentsPlaceholderView.swift; sourceTree = "<group>"; };
		DAF117B22B50CE5500D39F65 /* SegmentedControlView.swift */ = {isa = PBXFileReference; lastKnownFileType = sourcecode.swift; path = SegmentedControlView.swift; sourceTree = "<group>"; };
		DAF117B52B50E2FF00D39F65 /* EventRowView.swift */ = {isa = PBXFileReference; lastKnownFileType = sourcecode.swift; path = EventRowView.swift; sourceTree = "<group>"; };
		DAF340702B717FAE00379688 /* MatchRowView.swift */ = {isa = PBXFileReference; lastKnownFileType = sourcecode.swift; path = MatchRowView.swift; sourceTree = "<group>"; };
		DAF340722B71976B00379688 /* PhaseGroupSetService.swift */ = {isa = PBXFileReference; lastKnownFileType = sourcecode.swift; path = PhaseGroupSetService.swift; sourceTree = "<group>"; };
		DAF8FF9C2B5D9E190070BD49 /* TournamentLocationView.swift */ = {isa = PBXFileReference; lastKnownFileType = sourcecode.swift; path = TournamentLocationView.swift; sourceTree = "<group>"; };
		DAF8FFA12B5E1E000070BD49 /* LocationPlaceholderView.swift */ = {isa = PBXFileReference; lastKnownFileType = sourcecode.swift; path = LocationPlaceholderView.swift; sourceTree = "<group>"; };
/* End PBXFileReference section */

/* Begin PBXFrameworksBuildPhase section */
		DA46B18D2A5E564B00814252 /* Frameworks */ = {
			isa = PBXFrameworksBuildPhase;
			buildActionMask = 2147483647;
			files = (
				DA65D67C2AB6746F00EF18E0 /* StartggAPI in Frameworks */,
				DA65D6742AB6522D00EF18E0 /* ApolloAPI in Frameworks */,
				DA65D6762AB6522D00EF18E0 /* ApolloWebSocket in Frameworks */,
				DA65D6722AB6522D00EF18E0 /* Apollo in Frameworks */,
			);
			runOnlyForDeploymentPostprocessing = 0;
		};
		DA46B1A22A5E564C00814252 /* Frameworks */ = {
			isa = PBXFrameworksBuildPhase;
			buildActionMask = 2147483647;
			files = (
			);
			runOnlyForDeploymentPostprocessing = 0;
		};
/* End PBXFrameworksBuildPhase section */

/* Begin PBXGroup section */
		DA0E59842B6D5ACE0031A5A1 /* GraphQL */ = {
			isa = PBXGroup;
			children = (
				DA65D6772AB673A000EF18E0 /* Tournament.graphql */,
				DA0E59852B6D5AEF0031A5A1 /* Event.graphql */,
				DA9178702B6FF5D000579360 /* Phase.graphql */,
			);
			path = GraphQL;
			sourceTree = "<group>";
		};
		DA15EC582B5A28BC003FD258 /* Location */ = {
			isa = PBXGroup;
			children = (
				DA4DDBCA2B6564B800F3131E /* LocationView.swift */,
				DAF8FF9C2B5D9E190070BD49 /* TournamentLocationView.swift */,
			);
			path = Location;
			sourceTree = "<group>";
		};
		DA15EC5B2B5A2A51003FD258 /* Components */ = {
			isa = PBXGroup;
			children = (
				DA9178582B6E9D9B00579360 /* EmptyStateView.swift */,
				DA91785A2B6E9DAA00579360 /* ErrorStateView.swift */,
				DA8D00B32ACA6D800093FC49 /* LoadingView.swift */,
				DADF343C2B54CAF50020C29D /* AsyncImageView.swift */,
				DAF117B22B50CE5500D39F65 /* SegmentedControlView.swift */,
			);
			path = Components;
			sourceTree = "<group>";
		};
		DA15EC5C2B5A2DC8003FD258 /* Mocks */ = {
			isa = PBXGroup;
			children = (
				DA15EC5D2B5A2DD8003FD258 /* MockOAuthService.swift */,
				DA15EC5F2B5A2DE2003FD258 /* MockStartggService.swift */,
			);
			path = Mocks;
			sourceTree = "<group>";
		};
		DA15EC632B5A3A83003FD258 /* Network */ = {
			isa = PBXGroup;
			children = (
				DA15EC692B5A3C86003FD258 /* StartggService+Home.swift */,
				DA15EC6B2B5A3CAE003FD258 /* StartggService+Tournament.swift */,
				DA0E59822B6D5A930031A5A1 /* StartggService+Event.swift */,
				DA9178722B6FF79A00579360 /* StartggService+Phase.swift */,
				DA15EC662B5A3AC5003FD258 /* Apollo */,
				DA15EC5C2B5A2DC8003FD258 /* Mocks */,
			);
			path = Network;
			sourceTree = "<group>";
		};
		DA15EC662B5A3AC5003FD258 /* Apollo */ = {
			isa = PBXGroup;
			children = (
				DA15EC672B5A3BDC003FD258 /* StartggService+Apollo.swift */,
				DA8D00A62AC9D8740093FC49 /* AuthorizationInterceptor.swift */,
			);
			path = Apollo;
			sourceTree = "<group>";
		};
		DA46B1872A5E564B00814252 = {
			isa = PBXGroup;
			children = (
				DA46B1922A5E564B00814252 /* pocketgg */,
				DA46B1A82A5E564C00814252 /* pocketggTests */,
				DA65D6782AB6744400EF18E0 /* Packages */,
				DA46B1912A5E564B00814252 /* Products */,
				DA65D67A2AB6746F00EF18E0 /* Frameworks */,
			);
			sourceTree = "<group>";
		};
		DA46B1912A5E564B00814252 /* Products */ = {
			isa = PBXGroup;
			children = (
				DA46B1902A5E564B00814252 /* pocketgg.app */,
				DA46B1A52A5E564C00814252 /* pocketggTests.xctest */,
			);
			name = Products;
			sourceTree = "<group>";
		};
		DA46B1922A5E564B00814252 /* pocketgg */ = {
			isa = PBXGroup;
			children = (
				DA65D6622AB6252C00EF18E0 /* Model */,
				DADCFECF2A5F96F000A98C0D /* View */,
				DA65D65F2AB61EB800EF18E0 /* ViewModel */,
				DABFF2702AB90F880053614D /* Services */,
				DA8D00B02ACA36200093FC49 /* Utilities */,
				DA0E59842B6D5ACE0031A5A1 /* GraphQL */,
				DA46B1932A5E564B00814252 /* pocketggApp.swift */,
				DA8D00AE2AC9E68F0093FC49 /* AppRootManager.swift */,
				DABFF26C2AB906580053614D /* Info.plist */,
				DA8D00EB2ACB4D820093FC49 /* pocketgg.entitlements */,
				DA46B1952A5E564B00814252 /* ContentView.swift */,
				DA46B1972A5E564C00814252 /* Assets.xcassets */,
				DA46B19C2A5E564C00814252 /* Persistence.swift */,
				DA46B19E2A5E564C00814252 /* pocketgg.xcdatamodeld */,
				DA46B1992A5E564C00814252 /* Preview Content */,
			);
			path = pocketgg;
			sourceTree = "<group>";
		};
		DA46B1992A5E564C00814252 /* Preview Content */ = {
			isa = PBXGroup;
			children = (
				DA46B19A2A5E564C00814252 /* Preview Assets.xcassets */,
			);
			path = "Preview Content";
			sourceTree = "<group>";
		};
		DA46B1A82A5E564C00814252 /* pocketggTests */ = {
			isa = PBXGroup;
			children = (
				DA15EC612B5A3750003FD258 /* LoginViewModelTests.swift */,
				DAA9E36E2B5ADA640066E3B4 /* HomeViewModelTests.swift */,
			);
			path = pocketggTests;
			sourceTree = "<group>";
		};
		DA4DDBC72B65638D00F3131E /* Events */ = {
			isa = PBXGroup;
			children = (
				DA4DDBC82B65639D00F3131E /* EventsView.swift */,
				DAF117B52B50E2FF00D39F65 /* EventRowView.swift */,
			);
			path = Events;
			sourceTree = "<group>";
		};
		DA65D65F2AB61EB800EF18E0 /* ViewModel */ = {
			isa = PBXGroup;
			children = (
				DABFF26D2AB906D30053614D /* Login */,
				DA65D66F2AB64A7500EF18E0 /* Home */,
				DADD99A82AE0C6B300ED35FC /* Tournament */,
				DA789D9F2B66C490009B9799 /* Event */,
				DA91786D2B6FEFD100579360 /* Phase */,
			);
			path = ViewModel;
			sourceTree = "<group>";
		};
		DA65D6622AB6252C00EF18E0 /* Model */ = {
			isa = PBXGroup;
			children = (
				DA65D6632AB6253500EF18E0 /* Tournament.swift */,
				DAC4E94B2B4B95FB00B356A0 /* Event.swift */,
				DA0E597C2B6D58520031A5A1 /* Phase.swift */,
				DA0E597E2B6D586A0031A5A1 /* PhaseGroup.swift */,
				DAC4E94D2B4B96B700B356A0 /* Entrant.swift */,
				DA2723A02B5B451C002FF875 /* Stream.swift */,
				DA2723A82B5C5509002FF875 /* Location.swift */,
			);
			path = Model;
			sourceTree = "<group>";
		};
		DA65D66D2AB64A4700EF18E0 /* Home */ = {
			isa = PBXGroup;
			children = (
				DA65D65D2AB61AE300EF18E0 /* HomeView.swift */,
				DA65D6692AB625E100EF18E0 /* TournamentHorizontalListView.swift */,
				DA65D66B2AB6302700EF18E0 /* TournamentTileView.swift */,
				DA6926632AD1DDFA0086B92A /* EditHomeView.swift */,
				DA6926662AD1E2AB0086B92A /* LocationPreferenceView.swift */,
			);
			path = Home;
			sourceTree = "<group>";
		};
		DA65D66E2AB64A5C00EF18E0 /* Settings */ = {
			isa = PBXGroup;
			children = (
				DA65D65B2AB618B100EF18E0 /* SettingsView.swift */,
			);
			path = Settings;
			sourceTree = "<group>";
		};
		DA65D66F2AB64A7500EF18E0 /* Home */ = {
			isa = PBXGroup;
			children = (
				DA65D6602AB61EC900EF18E0 /* HomeViewModel.swift */,
				DA6926682AD1F5850086B92A /* LocationPreferenceViewModel.swift */,
			);
			path = Home;
			sourceTree = "<group>";
		};
		DA65D6782AB6744400EF18E0 /* Packages */ = {
			isa = PBXGroup;
			children = (
				DA65D6792AB6744400EF18E0 /* startggAPI */,
			);
			name = Packages;
			sourceTree = "<group>";
		};
		DA65D67A2AB6746F00EF18E0 /* Frameworks */ = {
			isa = PBXGroup;
			children = (
			);
			name = Frameworks;
			sourceTree = "<group>";
		};
		DA789D9C2B66C315009B9799 /* Event */ = {
			isa = PBXGroup;
			children = (
				DA789D9D2B66C324009B9799 /* EventView.swift */,
				DA9178562B6E9B3F00579360 /* EventHeaderView.swift */,
				DA9178522B6E989700579360 /* Brackets */,
				DA9178532B6E989D00579360 /* Standings */,
			);
			path = Event;
			sourceTree = "<group>";
		};
		DA789D9F2B66C490009B9799 /* Event */ = {
			isa = PBXGroup;
			children = (
				DA789DA02B66C4AB009B9799 /* EventViewModel.swift */,
				DA9178662B6EF42F00579360 /* AllStandingsViewModel.swift */,
			);
			path = Event;
			sourceTree = "<group>";
		};
		DA7949D12B705C7C00D68EA4 /* Standings */ = {
			isa = PBXGroup;
			children = (
				DA7949D22B705C9B00D68EA4 /* StandingsView.swift */,
				DA7949D42B707CE400D68EA4 /* StandingRowView.swift */,
			);
			path = Standings;
			sourceTree = "<group>";
		};
		DA7949D62B70B1A500D68EA4 /* Matches */ = {
			isa = PBXGroup;
			children = (
				DA7949D72B70B1B900D68EA4 /* MatchesView.swift */,
				DAF340702B717FAE00379688 /* MatchRowView.swift */,
			);
			path = Matches;
			sourceTree = "<group>";
		};
		DA8D00B02ACA36200093FC49 /* Utilities */ = {
			isa = PBXGroup;
			children = (
				DA8D00B12ACA362E0093FC49 /* Constants.swift */,
				DAD2BCD92ADB2D520088BA96 /* Extensions */,
			);
			path = Utilities;
			sourceTree = "<group>";
		};
		DA9178522B6E989700579360 /* Brackets */ = {
			isa = PBXGroup;
			children = (
				DA9178542B6E99BE00579360 /* BracketsView.swift */,
				DA91785C2B6EBFC500579360 /* BracketRowView.swift */,
			);
			path = Brackets;
			sourceTree = "<group>";
		};
		DA9178532B6E989D00579360 /* Standings */ = {
			isa = PBXGroup;
			children = (
				DA9178602B6ED69F00579360 /* TopStandingsView.swift */,
				DA9178622B6ED7F600579360 /* TopStandingRowView.swift */,
				DA9178642B6EF32900579360 /* AllStandingsView.swift */,
				DA9178682B6F45EA00579360 /* AllStandingRowView.swift */,
			);
			path = Standings;
			sourceTree = "<group>";
		};
		DA91786A2B6FEFA200579360 /* Phase */ = {
			isa = PBXGroup;
			children = (
				DA91786B2B6FEFC400579360 /* PhaseGroupListView.swift */,
				DA7949CD2B70198700D68EA4 /* PhaseGroupView.swift */,
				DA7949D12B705C7C00D68EA4 /* Standings */,
				DA7949D62B70B1A500D68EA4 /* Matches */,
			);
			path = Phase;
			sourceTree = "<group>";
		};
		DA91786D2B6FEFD100579360 /* Phase */ = {
			isa = PBXGroup;
			children = (
				DA91786E2B6FEFF600579360 /* PhaseGroupListViewModel.swift */,
				DA7949CF2B70199E00D68EA4 /* PhaseGroupViewModel.swift */,
			);
			path = Phase;
			sourceTree = "<group>";
		};
		DABFF2692AB794CE0053614D /* Login */ = {
			isa = PBXGroup;
			children = (
				DABFF26A2AB794E20053614D /* LoginView.swift */,
			);
			path = Login;
			sourceTree = "<group>";
		};
		DABFF26D2AB906D30053614D /* Login */ = {
			isa = PBXGroup;
			children = (
				DABFF26E2AB906DC0053614D /* LoginViewModel.swift */,
			);
			path = Login;
			sourceTree = "<group>";
		};
		DABFF2702AB90F880053614D /* Services */ = {
			isa = PBXGroup;
			children = (
				DABFF2712AB90FA90053614D /* OAuthService.swift */,
				DA8D00A42AC9D3AC0093FC49 /* KeychainService.swift */,
				DAC4E94F2B4BA00900B356A0 /* EntrantService.swift */,
				DADF343E2B54CB960020C29D /* ImageService.swift */,
				DAF340722B71976B00379688 /* PhaseGroupSetService.swift */,
				DA15EC632B5A3A83003FD258 /* Network */,
			);
			path = Services;
			sourceTree = "<group>";
		};
		DAD2BCD92ADB2D520088BA96 /* Extensions */ = {
			isa = PBXGroup;
			children = (
				DAD2BCDA2ADB2D5D0088BA96 /* DateFormatter+FromTimestamp.swift */,
				DADF34402B54D9FC0020C29D /* UIImage+Helpers.swift */,
				DAC4E9512B4BA04400B356A0 /* Collection+Safe.swift */,
			);
			path = Extensions;
			sourceTree = "<group>";
		};
		DADCFECF2A5F96F000A98C0D /* View */ = {
			isa = PBXGroup;
			children = (
				DABFF2692AB794CE0053614D /* Login */,
				DA65D66D2AB64A4700EF18E0 /* Home */,
				DADD99A52AE0BA8B00ED35FC /* Tournament */,
				DA789D9C2B66C315009B9799 /* Event */,
				DA91786A2B6FEFA200579360 /* Phase */,
				DA65D66E2AB64A5C00EF18E0 /* Settings */,
				DA15EC5B2B5A2A51003FD258 /* Components */,
				DAF117A92B4F875000D39F65 /* Placeholder */,
			);
			path = View;
			sourceTree = "<group>";
		};
		DADD99A52AE0BA8B00ED35FC /* Tournament */ = {
			isa = PBXGroup;
			children = (
				DADD99AD2AE1C33300ED35FC /* TournamentView.swift */,
				DADD99A62AE0BA9D00ED35FC /* TournamentHeaderView.swift */,
				DA4DDBC72B65638D00F3131E /* Events */,
				DAF117B42B50E2DA00D39F65 /* Streams */,
				DA15EC582B5A28BC003FD258 /* Location */,
				DAF8FF9E2B5E17AE0070BD49 /* Contact Info */,
			);
			path = Tournament;
			sourceTree = "<group>";
		};
		DADD99A82AE0C6B300ED35FC /* Tournament */ = {
			isa = PBXGroup;
			children = (
				DADD99AF2AE1C34400ED35FC /* TournamentViewModel.swift */,
			);
			path = Tournament;
			sourceTree = "<group>";
		};
		DAF117A92B4F875000D39F65 /* Placeholder */ = {
			isa = PBXGroup;
			children = (
				DA0A431F2B5784A800622BF1 /* TournamentTilePlaceholderView.swift */,
				DAF117B02B4FA22100D39F65 /* TournamentsPlaceholderView.swift */,
				DAF117AA2B4F879000D39F65 /* EventPlaceholderView.swift */,
				DA2723A22B5B469A002FF875 /* StreamPlaceholderView.swift */,
				DAF8FFA12B5E1E000070BD49 /* LocationPlaceholderView.swift */,
				DA91785E2B6ECF7300579360 /* TextPlaceholderView.swift */,
			);
			path = Placeholder;
			sourceTree = "<group>";
		};
		DAF117B42B50E2DA00D39F65 /* Streams */ = {
			isa = PBXGroup;
			children = (
				DA4DDBC52B655F6600F3131E /* StreamsView.swift */,
				DA2723A42B5B4A79002FF875 /* StreamRowView.swift */,
			);
			path = Streams;
			sourceTree = "<group>";
		};
		DAF8FF9E2B5E17AE0070BD49 /* Contact Info */ = {
			isa = PBXGroup;
			children = (
				DA4DDBCC2B65662F00F3131E /* ContactInfoView.swift */,
				DAE36C322B6204440037B45D /* ContactInfoRowView.swift */,
			);
			path = "Contact Info";
			sourceTree = "<group>";
		};
/* End PBXGroup section */

/* Begin PBXNativeTarget section */
		DA46B18F2A5E564B00814252 /* pocketgg */ = {
			isa = PBXNativeTarget;
			buildConfigurationList = DA46B1B92A5E564D00814252 /* Build configuration list for PBXNativeTarget "pocketgg" */;
			buildPhases = (
				DA46B18C2A5E564B00814252 /* Sources */,
				DA46B18D2A5E564B00814252 /* Frameworks */,
				DA46B18E2A5E564B00814252 /* Resources */,
			);
			buildRules = (
			);
			dependencies = (
			);
			name = pocketgg;
			packageProductDependencies = (
				DA65D6712AB6522D00EF18E0 /* Apollo */,
				DA65D6732AB6522D00EF18E0 /* ApolloAPI */,
				DA65D6752AB6522D00EF18E0 /* ApolloWebSocket */,
				DA65D67B2AB6746F00EF18E0 /* StartggAPI */,
			);
			productName = pocketgg;
			productReference = DA46B1902A5E564B00814252 /* pocketgg.app */;
			productType = "com.apple.product-type.application";
		};
		DA46B1A42A5E564C00814252 /* pocketggTests */ = {
			isa = PBXNativeTarget;
			buildConfigurationList = DA46B1BC2A5E564D00814252 /* Build configuration list for PBXNativeTarget "pocketggTests" */;
			buildPhases = (
				DA46B1A12A5E564C00814252 /* Sources */,
				DA46B1A22A5E564C00814252 /* Frameworks */,
				DA46B1A32A5E564C00814252 /* Resources */,
			);
			buildRules = (
			);
			dependencies = (
				DA46B1A72A5E564C00814252 /* PBXTargetDependency */,
			);
			name = pocketggTests;
			productName = pocketggTests;
			productReference = DA46B1A52A5E564C00814252 /* pocketggTests.xctest */;
			productType = "com.apple.product-type.bundle.unit-test";
		};
/* End PBXNativeTarget section */

/* Begin PBXProject section */
		DA46B1882A5E564B00814252 /* Project object */ = {
			isa = PBXProject;
			attributes = {
				BuildIndependentTargetsInParallel = 1;
				LastSwiftUpdateCheck = 1420;
				LastUpgradeCheck = 1500;
				TargetAttributes = {
					DA46B18F2A5E564B00814252 = {
						CreatedOnToolsVersion = 14.2;
					};
					DA46B1A42A5E564C00814252 = {
						CreatedOnToolsVersion = 14.2;
						LastSwiftMigration = 1500;
						TestTargetID = DA46B18F2A5E564B00814252;
					};
				};
			};
			buildConfigurationList = DA46B18B2A5E564B00814252 /* Build configuration list for PBXProject "pocketgg" */;
			compatibilityVersion = "Xcode 14.0";
			developmentRegion = en;
			hasScannedForEncodings = 0;
			knownRegions = (
				en,
				Base,
			);
			mainGroup = DA46B1872A5E564B00814252;
			packageReferences = (
				DA65D6702AB6522D00EF18E0 /* XCRemoteSwiftPackageReference "apollo-ios" */,
			);
			productRefGroup = DA46B1912A5E564B00814252 /* Products */;
			projectDirPath = "";
			projectRoot = "";
			targets = (
				DA46B18F2A5E564B00814252 /* pocketgg */,
				DA46B1A42A5E564C00814252 /* pocketggTests */,
			);
		};
/* End PBXProject section */

/* Begin PBXResourcesBuildPhase section */
		DA46B18E2A5E564B00814252 /* Resources */ = {
			isa = PBXResourcesBuildPhase;
			buildActionMask = 2147483647;
			files = (
				DA0E59862B6D5AEF0031A5A1 /* Event.graphql in Resources */,
				DA46B19B2A5E564C00814252 /* Preview Assets.xcassets in Resources */,
				DA46B1982A5E564C00814252 /* Assets.xcassets in Resources */,
				DA9178712B6FF5D000579360 /* Phase.graphql in Resources */,
			);
			runOnlyForDeploymentPostprocessing = 0;
		};
		DA46B1A32A5E564C00814252 /* Resources */ = {
			isa = PBXResourcesBuildPhase;
			buildActionMask = 2147483647;
			files = (
			);
			runOnlyForDeploymentPostprocessing = 0;
		};
/* End PBXResourcesBuildPhase section */

/* Begin PBXSourcesBuildPhase section */
		DA46B18C2A5E564B00814252 /* Sources */ = {
			isa = PBXSourcesBuildPhase;
			buildActionMask = 2147483647;
			files = (
				DAF117B62B50E2FF00D39F65 /* EventRowView.swift in Sources */,
				DA7949D82B70B1B900D68EA4 /* MatchesView.swift in Sources */,
				DA65D6642AB6253500EF18E0 /* Tournament.swift in Sources */,
				DAF340712B717FAE00379688 /* MatchRowView.swift in Sources */,
				DA15EC602B5A2DE2003FD258 /* MockStartggService.swift in Sources */,
				DAF117B32B50CE5500D39F65 /* SegmentedControlView.swift in Sources */,
				DA65D66C2AB6302700EF18E0 /* TournamentTileView.swift in Sources */,
				DAF8FFA22B5E1E000070BD49 /* LocationPlaceholderView.swift in Sources */,
				DA9178732B6FF79A00579360 /* StartggService+Phase.swift in Sources */,
				DA9178612B6ED69F00579360 /* TopStandingsView.swift in Sources */,
				DAF117B12B4FA22100D39F65 /* TournamentsPlaceholderView.swift in Sources */,
				DA0E597F2B6D586A0031A5A1 /* PhaseGroup.swift in Sources */,
				DADD99A72AE0BA9D00ED35FC /* TournamentHeaderView.swift in Sources */,
				DA9178672B6EF42F00579360 /* AllStandingsViewModel.swift in Sources */,
				DA7949CE2B70198700D68EA4 /* PhaseGroupView.swift in Sources */,
				DA65D65C2AB618B100EF18E0 /* SettingsView.swift in Sources */,
				DA0A43202B5784A800622BF1 /* TournamentTilePlaceholderView.swift in Sources */,
				DAC4E94C2B4B95FB00B356A0 /* Event.swift in Sources */,
				DADF343F2B54CB960020C29D /* ImageService.swift in Sources */,
				DAF117AB2B4F879000D39F65 /* EventPlaceholderView.swift in Sources */,
				DA0E59832B6D5A930031A5A1 /* StartggService+Event.swift in Sources */,
				DA4DDBC62B655F6600F3131E /* StreamsView.swift in Sources */,
				DA7949D32B705C9B00D68EA4 /* StandingsView.swift in Sources */,
				DA15EC682B5A3BDC003FD258 /* StartggService+Apollo.swift in Sources */,
				DA15EC6A2B5A3C86003FD258 /* StartggService+Home.swift in Sources */,
				DA7949D52B707CE400D68EA4 /* StandingRowView.swift in Sources */,
				DA6926642AD1DDFA0086B92A /* EditHomeView.swift in Sources */,
				DA6926672AD1E2AB0086B92A /* LocationPreferenceView.swift in Sources */,
				DA15EC6C2B5A3CAE003FD258 /* StartggService+Tournament.swift in Sources */,
				DAC4E94E2B4B96B700B356A0 /* Entrant.swift in Sources */,
				DA9178572B6E9B3F00579360 /* EventHeaderView.swift in Sources */,
				DA91785F2B6ECF7300579360 /* TextPlaceholderView.swift in Sources */,
				DA4DDBC92B65639D00F3131E /* EventsView.swift in Sources */,
				DAF340732B71976B00379688 /* PhaseGroupSetService.swift in Sources */,
				DA6926692AD1F5850086B92A /* LocationPreferenceViewModel.swift in Sources */,
				DA46B19D2A5E564C00814252 /* Persistence.swift in Sources */,
				DA0E597D2B6D58520031A5A1 /* Phase.swift in Sources */,
				DADF343D2B54CAF50020C29D /* AsyncImageView.swift in Sources */,
				DA9178652B6EF32900579360 /* AllStandingsView.swift in Sources */,
				DA91786C2B6FEFC400579360 /* PhaseGroupListView.swift in Sources */,
				DA65D6612AB61EC900EF18E0 /* HomeViewModel.swift in Sources */,
				DAC4E9522B4BA04400B356A0 /* Collection+Safe.swift in Sources */,
				DABFF2722AB90FA90053614D /* OAuthService.swift in Sources */,
				DADD99AE2AE1C33300ED35FC /* TournamentView.swift in Sources */,
				DABFF26B2AB794E20053614D /* LoginView.swift in Sources */,
				DADF34412B54D9FC0020C29D /* UIImage+Helpers.swift in Sources */,
				DAD2BCDB2ADB2D5D0088BA96 /* DateFormatter+FromTimestamp.swift in Sources */,
				DA8D00A52AC9D3AC0093FC49 /* KeychainService.swift in Sources */,
				DAF8FF9D2B5D9E190070BD49 /* TournamentLocationView.swift in Sources */,
				DA8D00A72AC9D8740093FC49 /* AuthorizationInterceptor.swift in Sources */,
				DA8D00AF2AC9E68F0093FC49 /* AppRootManager.swift in Sources */,
				DA789D9E2B66C324009B9799 /* EventView.swift in Sources */,
				DA46B1A02A5E564C00814252 /* pocketgg.xcdatamodeld in Sources */,
				DA7949D02B70199E00D68EA4 /* PhaseGroupViewModel.swift in Sources */,
				DA9178632B6ED7F600579360 /* TopStandingRowView.swift in Sources */,
				DA2723A32B5B469A002FF875 /* StreamPlaceholderView.swift in Sources */,
				DA2723A12B5B451C002FF875 /* Stream.swift in Sources */,
				DA2723A52B5B4A79002FF875 /* StreamRowView.swift in Sources */,
				DABFF26F2AB906DC0053614D /* LoginViewModel.swift in Sources */,
				DA789DA12B66C4AB009B9799 /* EventViewModel.swift in Sources */,
				DA65D65E2AB61AE300EF18E0 /* HomeView.swift in Sources */,
				DA91785D2B6EBFC500579360 /* BracketRowView.swift in Sources */,
				DA65D66A2AB625E100EF18E0 /* TournamentHorizontalListView.swift in Sources */,
				DA46B1962A5E564B00814252 /* ContentView.swift in Sources */,
				DA46B1942A5E564B00814252 /* pocketggApp.swift in Sources */,
				DA8D00B42ACA6D800093FC49 /* LoadingView.swift in Sources */,
				DA9178592B6E9D9B00579360 /* EmptyStateView.swift in Sources */,
				DAC4E9502B4BA00900B356A0 /* EntrantService.swift in Sources */,
				DA9178552B6E99BE00579360 /* BracketsView.swift in Sources */,
				DA9178692B6F45EA00579360 /* AllStandingRowView.swift in Sources */,
				DA4DDBCB2B6564B800F3131E /* LocationView.swift in Sources */,
				DA91786F2B6FEFF600579360 /* PhaseGroupListViewModel.swift in Sources */,
				DAE36C332B6204440037B45D /* ContactInfoRowView.swift in Sources */,
				DA15EC5E2B5A2DD8003FD258 /* MockOAuthService.swift in Sources */,
				DA4DDBCD2B65662F00F3131E /* ContactInfoView.swift in Sources */,
				DADD99B02AE1C34400ED35FC /* TournamentViewModel.swift in Sources */,
				DA8D00B22ACA362E0093FC49 /* Constants.swift in Sources */,
				DA2723A92B5C5509002FF875 /* Location.swift in Sources */,
				DA91785B2B6E9DAA00579360 /* ErrorStateView.swift in Sources */,
			);
			runOnlyForDeploymentPostprocessing = 0;
		};
		DA46B1A12A5E564C00814252 /* Sources */ = {
			isa = PBXSourcesBuildPhase;
			buildActionMask = 2147483647;
			files = (
				DA15EC622B5A3750003FD258 /* LoginViewModelTests.swift in Sources */,
				DAA9E36F2B5ADA640066E3B4 /* HomeViewModelTests.swift in Sources */,
			);
			runOnlyForDeploymentPostprocessing = 0;
		};
/* End PBXSourcesBuildPhase section */

/* Begin PBXTargetDependency section */
		DA46B1A72A5E564C00814252 /* PBXTargetDependency */ = {
			isa = PBXTargetDependency;
			target = DA46B18F2A5E564B00814252 /* pocketgg */;
			targetProxy = DA46B1A62A5E564C00814252 /* PBXContainerItemProxy */;
		};
/* End PBXTargetDependency section */

/* Begin XCBuildConfiguration section */
		DA46B1B72A5E564D00814252 /* Debug */ = {
			isa = XCBuildConfiguration;
			buildSettings = {
				ALWAYS_SEARCH_USER_PATHS = NO;
				CLANG_ANALYZER_NONNULL = YES;
				CLANG_ANALYZER_NUMBER_OBJECT_CONVERSION = YES_AGGRESSIVE;
				CLANG_CXX_LANGUAGE_STANDARD = "gnu++20";
				CLANG_ENABLE_MODULES = YES;
				CLANG_ENABLE_OBJC_ARC = YES;
				CLANG_ENABLE_OBJC_WEAK = YES;
				CLANG_WARN_BLOCK_CAPTURE_AUTORELEASING = YES;
				CLANG_WARN_BOOL_CONVERSION = YES;
				CLANG_WARN_COMMA = YES;
				CLANG_WARN_CONSTANT_CONVERSION = YES;
				CLANG_WARN_DEPRECATED_OBJC_IMPLEMENTATIONS = YES;
				CLANG_WARN_DIRECT_OBJC_ISA_USAGE = YES_ERROR;
				CLANG_WARN_DOCUMENTATION_COMMENTS = YES;
				CLANG_WARN_EMPTY_BODY = YES;
				CLANG_WARN_ENUM_CONVERSION = YES;
				CLANG_WARN_INFINITE_RECURSION = YES;
				CLANG_WARN_INT_CONVERSION = YES;
				CLANG_WARN_NON_LITERAL_NULL_CONVERSION = YES;
				CLANG_WARN_OBJC_IMPLICIT_RETAIN_SELF = YES;
				CLANG_WARN_OBJC_LITERAL_CONVERSION = YES;
				CLANG_WARN_OBJC_ROOT_CLASS = YES_ERROR;
				CLANG_WARN_QUOTED_INCLUDE_IN_FRAMEWORK_HEADER = YES;
				CLANG_WARN_RANGE_LOOP_ANALYSIS = YES;
				CLANG_WARN_STRICT_PROTOTYPES = YES;
				CLANG_WARN_SUSPICIOUS_MOVE = YES;
				CLANG_WARN_UNGUARDED_AVAILABILITY = YES_AGGRESSIVE;
				CLANG_WARN_UNREACHABLE_CODE = YES;
				CLANG_WARN__DUPLICATE_METHOD_MATCH = YES;
				COPY_PHASE_STRIP = NO;
				DEBUG_INFORMATION_FORMAT = dwarf;
				ENABLE_STRICT_OBJC_MSGSEND = YES;
				ENABLE_TESTABILITY = YES;
				ENABLE_USER_SCRIPT_SANDBOXING = YES;
				GCC_C_LANGUAGE_STANDARD = gnu11;
				GCC_DYNAMIC_NO_PIC = NO;
				GCC_NO_COMMON_BLOCKS = YES;
				GCC_OPTIMIZATION_LEVEL = 0;
				GCC_PREPROCESSOR_DEFINITIONS = (
					"DEBUG=1",
					"$(inherited)",
				);
				GCC_WARN_64_TO_32_BIT_CONVERSION = YES;
				GCC_WARN_ABOUT_RETURN_TYPE = YES_ERROR;
				GCC_WARN_UNDECLARED_SELECTOR = YES;
				GCC_WARN_UNINITIALIZED_AUTOS = YES_AGGRESSIVE;
				GCC_WARN_UNUSED_FUNCTION = YES;
				GCC_WARN_UNUSED_VARIABLE = YES;
				IPHONEOS_DEPLOYMENT_TARGET = 16.0;
				MTL_ENABLE_DEBUG_INFO = INCLUDE_SOURCE;
				MTL_FAST_MATH = YES;
				ONLY_ACTIVE_ARCH = YES;
				SDKROOT = iphoneos;
				SWIFT_ACTIVE_COMPILATION_CONDITIONS = DEBUG;
				SWIFT_OPTIMIZATION_LEVEL = "-Onone";
			};
			name = Debug;
		};
		DA46B1B82A5E564D00814252 /* Release */ = {
			isa = XCBuildConfiguration;
			buildSettings = {
				ALWAYS_SEARCH_USER_PATHS = NO;
				CLANG_ANALYZER_NONNULL = YES;
				CLANG_ANALYZER_NUMBER_OBJECT_CONVERSION = YES_AGGRESSIVE;
				CLANG_CXX_LANGUAGE_STANDARD = "gnu++20";
				CLANG_ENABLE_MODULES = YES;
				CLANG_ENABLE_OBJC_ARC = YES;
				CLANG_ENABLE_OBJC_WEAK = YES;
				CLANG_WARN_BLOCK_CAPTURE_AUTORELEASING = YES;
				CLANG_WARN_BOOL_CONVERSION = YES;
				CLANG_WARN_COMMA = YES;
				CLANG_WARN_CONSTANT_CONVERSION = YES;
				CLANG_WARN_DEPRECATED_OBJC_IMPLEMENTATIONS = YES;
				CLANG_WARN_DIRECT_OBJC_ISA_USAGE = YES_ERROR;
				CLANG_WARN_DOCUMENTATION_COMMENTS = YES;
				CLANG_WARN_EMPTY_BODY = YES;
				CLANG_WARN_ENUM_CONVERSION = YES;
				CLANG_WARN_INFINITE_RECURSION = YES;
				CLANG_WARN_INT_CONVERSION = YES;
				CLANG_WARN_NON_LITERAL_NULL_CONVERSION = YES;
				CLANG_WARN_OBJC_IMPLICIT_RETAIN_SELF = YES;
				CLANG_WARN_OBJC_LITERAL_CONVERSION = YES;
				CLANG_WARN_OBJC_ROOT_CLASS = YES_ERROR;
				CLANG_WARN_QUOTED_INCLUDE_IN_FRAMEWORK_HEADER = YES;
				CLANG_WARN_RANGE_LOOP_ANALYSIS = YES;
				CLANG_WARN_STRICT_PROTOTYPES = YES;
				CLANG_WARN_SUSPICIOUS_MOVE = YES;
				CLANG_WARN_UNGUARDED_AVAILABILITY = YES_AGGRESSIVE;
				CLANG_WARN_UNREACHABLE_CODE = YES;
				CLANG_WARN__DUPLICATE_METHOD_MATCH = YES;
				COPY_PHASE_STRIP = NO;
				DEBUG_INFORMATION_FORMAT = "dwarf-with-dsym";
				ENABLE_NS_ASSERTIONS = NO;
				ENABLE_STRICT_OBJC_MSGSEND = YES;
				ENABLE_USER_SCRIPT_SANDBOXING = YES;
				GCC_C_LANGUAGE_STANDARD = gnu11;
				GCC_NO_COMMON_BLOCKS = YES;
				GCC_WARN_64_TO_32_BIT_CONVERSION = YES;
				GCC_WARN_ABOUT_RETURN_TYPE = YES_ERROR;
				GCC_WARN_UNDECLARED_SELECTOR = YES;
				GCC_WARN_UNINITIALIZED_AUTOS = YES_AGGRESSIVE;
				GCC_WARN_UNUSED_FUNCTION = YES;
				GCC_WARN_UNUSED_VARIABLE = YES;
				IPHONEOS_DEPLOYMENT_TARGET = 16.0;
				MTL_ENABLE_DEBUG_INFO = NO;
				MTL_FAST_MATH = YES;
				SDKROOT = iphoneos;
				SWIFT_COMPILATION_MODE = wholemodule;
				SWIFT_OPTIMIZATION_LEVEL = "-O";
				VALIDATE_PRODUCT = YES;
			};
			name = Release;
		};
		DA46B1BA2A5E564D00814252 /* Debug */ = {
			isa = XCBuildConfiguration;
			buildSettings = {
				ASSETCATALOG_COMPILER_APPICON_NAME = AppIcon;
				ASSETCATALOG_COMPILER_GLOBAL_ACCENT_COLOR_NAME = AccentColor;
				CODE_SIGN_ENTITLEMENTS = pocketgg/pocketgg.entitlements;
				CODE_SIGN_STYLE = Automatic;
				CURRENT_PROJECT_VERSION = 1;
				DEVELOPMENT_ASSET_PATHS = "\"pocketgg/Preview Content\"";
				DEVELOPMENT_TEAM = H5HY9QQ8RU;
				ENABLE_PREVIEWS = YES;
				GENERATE_INFOPLIST_FILE = YES;
				INFOPLIST_FILE = pocketgg/Info.plist;
				INFOPLIST_KEY_CFBundleDisplayName = pocket.gg;
				INFOPLIST_KEY_UIApplicationSceneManifest_Generation = YES;
				INFOPLIST_KEY_UIApplicationSupportsIndirectInputEvents = YES;
				INFOPLIST_KEY_UILaunchScreen_Generation = YES;
				INFOPLIST_KEY_UISupportedInterfaceOrientations_iPad = "UIInterfaceOrientationPortrait UIInterfaceOrientationPortraitUpsideDown UIInterfaceOrientationLandscapeLeft UIInterfaceOrientationLandscapeRight";
				INFOPLIST_KEY_UISupportedInterfaceOrientations_iPhone = "UIInterfaceOrientationPortrait UIInterfaceOrientationLandscapeLeft UIInterfaceOrientationLandscapeRight";
				LD_RUNPATH_SEARCH_PATHS = (
					"$(inherited)",
					"@executable_path/Frameworks",
				);
				MARKETING_VERSION = 2.0;
				PRODUCT_BUNDLE_IDENTIFIER = com.gabrielsiu.pocketgg;
				PRODUCT_NAME = "$(TARGET_NAME)";
				SUPPORTED_PLATFORMS = "iphoneos iphonesimulator";
				SUPPORTS_MACCATALYST = YES;
				SUPPORTS_MAC_DESIGNED_FOR_IPHONE_IPAD = NO;
				SWIFT_EMIT_LOC_STRINGS = YES;
				SWIFT_VERSION = 5.0;
				TARGETED_DEVICE_FAMILY = "1,2";
			};
			name = Debug;
		};
		DA46B1BB2A5E564D00814252 /* Release */ = {
			isa = XCBuildConfiguration;
			buildSettings = {
				ASSETCATALOG_COMPILER_APPICON_NAME = AppIcon;
				ASSETCATALOG_COMPILER_GLOBAL_ACCENT_COLOR_NAME = AccentColor;
				CODE_SIGN_ENTITLEMENTS = pocketgg/pocketgg.entitlements;
				CODE_SIGN_STYLE = Automatic;
				CURRENT_PROJECT_VERSION = 1;
				DEVELOPMENT_ASSET_PATHS = "\"pocketgg/Preview Content\"";
				DEVELOPMENT_TEAM = H5HY9QQ8RU;
				ENABLE_PREVIEWS = YES;
				GENERATE_INFOPLIST_FILE = YES;
				INFOPLIST_FILE = pocketgg/Info.plist;
				INFOPLIST_KEY_CFBundleDisplayName = pocket.gg;
				INFOPLIST_KEY_UIApplicationSceneManifest_Generation = YES;
				INFOPLIST_KEY_UIApplicationSupportsIndirectInputEvents = YES;
				INFOPLIST_KEY_UILaunchScreen_Generation = YES;
				INFOPLIST_KEY_UISupportedInterfaceOrientations_iPad = "UIInterfaceOrientationPortrait UIInterfaceOrientationPortraitUpsideDown UIInterfaceOrientationLandscapeLeft UIInterfaceOrientationLandscapeRight";
				INFOPLIST_KEY_UISupportedInterfaceOrientations_iPhone = "UIInterfaceOrientationPortrait UIInterfaceOrientationLandscapeLeft UIInterfaceOrientationLandscapeRight";
				LD_RUNPATH_SEARCH_PATHS = (
					"$(inherited)",
					"@executable_path/Frameworks",
				);
				MARKETING_VERSION = 2.0;
				PRODUCT_BUNDLE_IDENTIFIER = com.gabrielsiu.pocketgg;
				PRODUCT_NAME = "$(TARGET_NAME)";
				SUPPORTED_PLATFORMS = "iphoneos iphonesimulator";
				SUPPORTS_MACCATALYST = YES;
				SUPPORTS_MAC_DESIGNED_FOR_IPHONE_IPAD = NO;
				SWIFT_EMIT_LOC_STRINGS = YES;
				SWIFT_VERSION = 5.0;
				TARGETED_DEVICE_FAMILY = "1,2";
			};
			name = Release;
		};
		DA46B1BD2A5E564D00814252 /* Debug */ = {
			isa = XCBuildConfiguration;
			buildSettings = {
				ALWAYS_EMBED_SWIFT_STANDARD_LIBRARIES = YES;
				BUNDLE_LOADER = "$(TEST_HOST)";
				CLANG_ENABLE_MODULES = YES;
				CODE_SIGN_STYLE = Automatic;
				CURRENT_PROJECT_VERSION = 1;
				DEVELOPMENT_TEAM = H5HY9QQ8RU;
				GENERATE_INFOPLIST_FILE = YES;
				IPHONEOS_DEPLOYMENT_TARGET = 16.2;
				MARKETING_VERSION = 1.0;
				PRODUCT_BUNDLE_IDENTIFIER = gabrielsiu.pocketggTests;
				PRODUCT_NAME = "$(TARGET_NAME)";
				SWIFT_EMIT_LOC_STRINGS = NO;
				SWIFT_OPTIMIZATION_LEVEL = "-Onone";
				SWIFT_VERSION = 5.0;
				TARGETED_DEVICE_FAMILY = "1,2";
				TEST_HOST = "$(BUILT_PRODUCTS_DIR)/pocketgg.app/$(BUNDLE_EXECUTABLE_FOLDER_PATH)/pocketgg";
			};
			name = Debug;
		};
		DA46B1BE2A5E564D00814252 /* Release */ = {
			isa = XCBuildConfiguration;
			buildSettings = {
				ALWAYS_EMBED_SWIFT_STANDARD_LIBRARIES = YES;
				BUNDLE_LOADER = "$(TEST_HOST)";
				CLANG_ENABLE_MODULES = YES;
				CODE_SIGN_STYLE = Automatic;
				CURRENT_PROJECT_VERSION = 1;
				DEVELOPMENT_TEAM = H5HY9QQ8RU;
				GENERATE_INFOPLIST_FILE = YES;
				IPHONEOS_DEPLOYMENT_TARGET = 16.2;
				MARKETING_VERSION = 1.0;
				PRODUCT_BUNDLE_IDENTIFIER = gabrielsiu.pocketggTests;
				PRODUCT_NAME = "$(TARGET_NAME)";
				SWIFT_EMIT_LOC_STRINGS = NO;
				SWIFT_VERSION = 5.0;
				TARGETED_DEVICE_FAMILY = "1,2";
				TEST_HOST = "$(BUILT_PRODUCTS_DIR)/pocketgg.app/$(BUNDLE_EXECUTABLE_FOLDER_PATH)/pocketgg";
			};
			name = Release;
		};
/* End XCBuildConfiguration section */

/* Begin XCConfigurationList section */
		DA46B18B2A5E564B00814252 /* Build configuration list for PBXProject "pocketgg" */ = {
			isa = XCConfigurationList;
			buildConfigurations = (
				DA46B1B72A5E564D00814252 /* Debug */,
				DA46B1B82A5E564D00814252 /* Release */,
			);
			defaultConfigurationIsVisible = 0;
			defaultConfigurationName = Release;
		};
		DA46B1B92A5E564D00814252 /* Build configuration list for PBXNativeTarget "pocketgg" */ = {
			isa = XCConfigurationList;
			buildConfigurations = (
				DA46B1BA2A5E564D00814252 /* Debug */,
				DA46B1BB2A5E564D00814252 /* Release */,
			);
			defaultConfigurationIsVisible = 0;
			defaultConfigurationName = Release;
		};
		DA46B1BC2A5E564D00814252 /* Build configuration list for PBXNativeTarget "pocketggTests" */ = {
			isa = XCConfigurationList;
			buildConfigurations = (
				DA46B1BD2A5E564D00814252 /* Debug */,
				DA46B1BE2A5E564D00814252 /* Release */,
			);
			defaultConfigurationIsVisible = 0;
			defaultConfigurationName = Release;
		};
/* End XCConfigurationList section */

/* Begin XCRemoteSwiftPackageReference section */
		DA65D6702AB6522D00EF18E0 /* XCRemoteSwiftPackageReference "apollo-ios" */ = {
			isa = XCRemoteSwiftPackageReference;
			repositoryURL = "https://github.com/apollographql/apollo-ios";
			requirement = {
				kind = upToNextMinorVersion;
				minimumVersion = 1.5.0;
			};
		};
/* End XCRemoteSwiftPackageReference section */

/* Begin XCSwiftPackageProductDependency section */
		DA65D6712AB6522D00EF18E0 /* Apollo */ = {
			isa = XCSwiftPackageProductDependency;
			package = DA65D6702AB6522D00EF18E0 /* XCRemoteSwiftPackageReference "apollo-ios" */;
			productName = Apollo;
		};
		DA65D6732AB6522D00EF18E0 /* ApolloAPI */ = {
			isa = XCSwiftPackageProductDependency;
			package = DA65D6702AB6522D00EF18E0 /* XCRemoteSwiftPackageReference "apollo-ios" */;
			productName = ApolloAPI;
		};
		DA65D6752AB6522D00EF18E0 /* ApolloWebSocket */ = {
			isa = XCSwiftPackageProductDependency;
			package = DA65D6702AB6522D00EF18E0 /* XCRemoteSwiftPackageReference "apollo-ios" */;
			productName = ApolloWebSocket;
		};
		DA65D67B2AB6746F00EF18E0 /* StartggAPI */ = {
			isa = XCSwiftPackageProductDependency;
			productName = StartggAPI;
		};
/* End XCSwiftPackageProductDependency section */

/* Begin XCVersionGroup section */
		DA46B19E2A5E564C00814252 /* pocketgg.xcdatamodeld */ = {
			isa = XCVersionGroup;
			children = (
				DA46B19F2A5E564C00814252 /* pocketgg.xcdatamodel */,
			);
			currentVersion = DA46B19F2A5E564C00814252 /* pocketgg.xcdatamodel */;
			path = pocketgg.xcdatamodeld;
			sourceTree = "<group>";
			versionGroupType = wrapper.xcdatamodel;
		};
/* End XCVersionGroup section */
	};
	rootObject = DA46B1882A5E564B00814252 /* Project object */;
}
