// !$*UTF8*$!
{
	archiveVersion = 1;
	classes = {
	};
	objectVersion = 56;
	objects = {

/* Begin PBXBuildFile section */
		DA46B1942A5E564B00814252 /* pocketggApp.swift in Sources */ = {isa = PBXBuildFile; fileRef = DA46B1932A5E564B00814252 /* pocketggApp.swift */; };
		DA46B1962A5E564B00814252 /* ContentView.swift in Sources */ = {isa = PBXBuildFile; fileRef = DA46B1952A5E564B00814252 /* ContentView.swift */; };
		DA46B1982A5E564C00814252 /* Assets.xcassets in Resources */ = {isa = PBXBuildFile; fileRef = DA46B1972A5E564C00814252 /* Assets.xcassets */; };
		DA46B19B2A5E564C00814252 /* Preview Assets.xcassets in Resources */ = {isa = PBXBuildFile; fileRef = DA46B19A2A5E564C00814252 /* Preview Assets.xcassets */; };
		DA46B19D2A5E564C00814252 /* Persistence.swift in Sources */ = {isa = PBXBuildFile; fileRef = DA46B19C2A5E564C00814252 /* Persistence.swift */; };
		DA46B1A02A5E564C00814252 /* pocketgg.xcdatamodeld in Sources */ = {isa = PBXBuildFile; fileRef = DA46B19E2A5E564C00814252 /* pocketgg.xcdatamodeld */; };
		DA46B1AA2A5E564C00814252 /* pocketggTests.swift in Sources */ = {isa = PBXBuildFile; fileRef = DA46B1A92A5E564C00814252 /* pocketggTests.swift */; };
		DA65D65C2AB618B100EF18E0 /* SettingsView.swift in Sources */ = {isa = PBXBuildFile; fileRef = DA65D65B2AB618B100EF18E0 /* SettingsView.swift */; };
		DA65D65E2AB61AE300EF18E0 /* HomeView.swift in Sources */ = {isa = PBXBuildFile; fileRef = DA65D65D2AB61AE300EF18E0 /* HomeView.swift */; };
		DA65D6612AB61EC900EF18E0 /* HomeViewModel.swift in Sources */ = {isa = PBXBuildFile; fileRef = DA65D6602AB61EC900EF18E0 /* HomeViewModel.swift */; };
		DA65D6642AB6253500EF18E0 /* Tournament.swift in Sources */ = {isa = PBXBuildFile; fileRef = DA65D6632AB6253500EF18E0 /* Tournament.swift */; };
		DA65D66A2AB625E100EF18E0 /* TournamentHorizontalListView.swift in Sources */ = {isa = PBXBuildFile; fileRef = DA65D6692AB625E100EF18E0 /* TournamentHorizontalListView.swift */; };
		DA65D66C2AB6302700EF18E0 /* TournamentTileView.swift in Sources */ = {isa = PBXBuildFile; fileRef = DA65D66B2AB6302700EF18E0 /* TournamentTileView.swift */; };
		DA65D6722AB6522D00EF18E0 /* Apollo in Frameworks */ = {isa = PBXBuildFile; productRef = DA65D6712AB6522D00EF18E0 /* Apollo */; };
		DA65D6742AB6522D00EF18E0 /* ApolloAPI in Frameworks */ = {isa = PBXBuildFile; productRef = DA65D6732AB6522D00EF18E0 /* ApolloAPI */; };
		DA65D6762AB6522D00EF18E0 /* ApolloWebSocket in Frameworks */ = {isa = PBXBuildFile; productRef = DA65D6752AB6522D00EF18E0 /* ApolloWebSocket */; };
		DA65D67C2AB6746F00EF18E0 /* StartggAPI in Frameworks */ = {isa = PBXBuildFile; productRef = DA65D67B2AB6746F00EF18E0 /* StartggAPI */; };
		DA65D67F2AB6751900EF18E0 /* Network.swift in Sources */ = {isa = PBXBuildFile; fileRef = DA65D67E2AB6751900EF18E0 /* Network.swift */; };
		DA8D00A52AC9D3AC0093FC49 /* KeychainService.swift in Sources */ = {isa = PBXBuildFile; fileRef = DA8D00A42AC9D3AC0093FC49 /* KeychainService.swift */; };
		DA8D00A72AC9D8740093FC49 /* AuthorizationInterceptor.swift in Sources */ = {isa = PBXBuildFile; fileRef = DA8D00A62AC9D8740093FC49 /* AuthorizationInterceptor.swift */; };
		DA8D00AF2AC9E68F0093FC49 /* AppRootManager.swift in Sources */ = {isa = PBXBuildFile; fileRef = DA8D00AE2AC9E68F0093FC49 /* AppRootManager.swift */; };
		DABFF26B2AB794E20053614D /* LoginView.swift in Sources */ = {isa = PBXBuildFile; fileRef = DABFF26A2AB794E20053614D /* LoginView.swift */; };
		DABFF26F2AB906DC0053614D /* LoginViewModel.swift in Sources */ = {isa = PBXBuildFile; fileRef = DABFF26E2AB906DC0053614D /* LoginViewModel.swift */; };
		DABFF2722AB90FA90053614D /* OAuthService.swift in Sources */ = {isa = PBXBuildFile; fileRef = DABFF2712AB90FA90053614D /* OAuthService.swift */; };
/* End PBXBuildFile section */

/* Begin PBXContainerItemProxy section */
		DA46B1A62A5E564C00814252 /* PBXContainerItemProxy */ = {
			isa = PBXContainerItemProxy;
			containerPortal = DA46B1882A5E564B00814252 /* Project object */;
			proxyType = 1;
			remoteGlobalIDString = DA46B18F2A5E564B00814252;
			remoteInfo = pocketgg;
		};
/* End PBXContainerItemProxy section */

/* Begin PBXFileReference section */
		DA46B1902A5E564B00814252 /* pocketgg.app */ = {isa = PBXFileReference; explicitFileType = wrapper.application; includeInIndex = 0; path = pocketgg.app; sourceTree = BUILT_PRODUCTS_DIR; };
		DA46B1932A5E564B00814252 /* pocketggApp.swift */ = {isa = PBXFileReference; lastKnownFileType = sourcecode.swift; path = pocketggApp.swift; sourceTree = "<group>"; };
		DA46B1952A5E564B00814252 /* ContentView.swift */ = {isa = PBXFileReference; lastKnownFileType = sourcecode.swift; path = ContentView.swift; sourceTree = "<group>"; };
		DA46B1972A5E564C00814252 /* Assets.xcassets */ = {isa = PBXFileReference; lastKnownFileType = folder.assetcatalog; path = Assets.xcassets; sourceTree = "<group>"; };
		DA46B19A2A5E564C00814252 /* Preview Assets.xcassets */ = {isa = PBXFileReference; lastKnownFileType = folder.assetcatalog; path = "Preview Assets.xcassets"; sourceTree = "<group>"; };
		DA46B19C2A5E564C00814252 /* Persistence.swift */ = {isa = PBXFileReference; lastKnownFileType = sourcecode.swift; path = Persistence.swift; sourceTree = "<group>"; };
		DA46B19F2A5E564C00814252 /* pocketgg.xcdatamodel */ = {isa = PBXFileReference; lastKnownFileType = wrapper.xcdatamodel; path = pocketgg.xcdatamodel; sourceTree = "<group>"; };
		DA46B1A52A5E564C00814252 /* pocketggTests.xctest */ = {isa = PBXFileReference; explicitFileType = wrapper.cfbundle; includeInIndex = 0; path = pocketggTests.xctest; sourceTree = BUILT_PRODUCTS_DIR; };
		DA46B1A92A5E564C00814252 /* pocketggTests.swift */ = {isa = PBXFileReference; lastKnownFileType = sourcecode.swift; path = pocketggTests.swift; sourceTree = "<group>"; };
		DA65D65B2AB618B100EF18E0 /* SettingsView.swift */ = {isa = PBXFileReference; lastKnownFileType = sourcecode.swift; path = SettingsView.swift; sourceTree = "<group>"; };
		DA65D65D2AB61AE300EF18E0 /* HomeView.swift */ = {isa = PBXFileReference; lastKnownFileType = sourcecode.swift; path = HomeView.swift; sourceTree = "<group>"; };
		DA65D6602AB61EC900EF18E0 /* HomeViewModel.swift */ = {isa = PBXFileReference; lastKnownFileType = sourcecode.swift; path = HomeViewModel.swift; sourceTree = "<group>"; };
		DA65D6632AB6253500EF18E0 /* Tournament.swift */ = {isa = PBXFileReference; lastKnownFileType = sourcecode.swift; path = Tournament.swift; sourceTree = "<group>"; };
		DA65D6692AB625E100EF18E0 /* TournamentHorizontalListView.swift */ = {isa = PBXFileReference; lastKnownFileType = sourcecode.swift; path = TournamentHorizontalListView.swift; sourceTree = "<group>"; };
		DA65D66B2AB6302700EF18E0 /* TournamentTileView.swift */ = {isa = PBXFileReference; lastKnownFileType = sourcecode.swift; path = TournamentTileView.swift; sourceTree = "<group>"; };
		DA65D6772AB673A000EF18E0 /* Tournament.graphql */ = {isa = PBXFileReference; lastKnownFileType = text; name = Tournament.graphql; path = graphql/Tournament.graphql; sourceTree = SOURCE_ROOT; };
		DA65D6792AB6744400EF18E0 /* startggAPI */ = {isa = PBXFileReference; lastKnownFileType = wrapper; path = startggAPI; sourceTree = "<group>"; };
		DA65D67E2AB6751900EF18E0 /* Network.swift */ = {isa = PBXFileReference; lastKnownFileType = sourcecode.swift; path = Network.swift; sourceTree = "<group>"; };
		DA8D00A42AC9D3AC0093FC49 /* KeychainService.swift */ = {isa = PBXFileReference; lastKnownFileType = sourcecode.swift; path = KeychainService.swift; sourceTree = "<group>"; };
		DA8D00A62AC9D8740093FC49 /* AuthorizationInterceptor.swift */ = {isa = PBXFileReference; lastKnownFileType = sourcecode.swift; path = AuthorizationInterceptor.swift; sourceTree = "<group>"; };
		DA8D00AE2AC9E68F0093FC49 /* AppRootManager.swift */ = {isa = PBXFileReference; lastKnownFileType = sourcecode.swift; path = AppRootManager.swift; sourceTree = "<group>"; };
		DABFF26A2AB794E20053614D /* LoginView.swift */ = {isa = PBXFileReference; lastKnownFileType = sourcecode.swift; path = LoginView.swift; sourceTree = "<group>"; };
		DABFF26C2AB906580053614D /* Info.plist */ = {isa = PBXFileReference; lastKnownFileType = text.plist; path = Info.plist; sourceTree = "<group>"; };
		DABFF26E2AB906DC0053614D /* LoginViewModel.swift */ = {isa = PBXFileReference; lastKnownFileType = sourcecode.swift; path = LoginViewModel.swift; sourceTree = "<group>"; };
		DABFF2712AB90FA90053614D /* OAuthService.swift */ = {isa = PBXFileReference; lastKnownFileType = sourcecode.swift; path = OAuthService.swift; sourceTree = "<group>"; };
/* End PBXFileReference section */

/* Begin PBXFrameworksBuildPhase section */
		DA46B18D2A5E564B00814252 /* Frameworks */ = {
			isa = PBXFrameworksBuildPhase;
			buildActionMask = 2147483647;
			files = (
				DA65D67C2AB6746F00EF18E0 /* StartggAPI in Frameworks */,
				DA65D6742AB6522D00EF18E0 /* ApolloAPI in Frameworks */,
				DA65D6762AB6522D00EF18E0 /* ApolloWebSocket in Frameworks */,
				DA65D6722AB6522D00EF18E0 /* Apollo in Frameworks */,
			);
			runOnlyForDeploymentPostprocessing = 0;
		};
		DA46B1A22A5E564C00814252 /* Frameworks */ = {
			isa = PBXFrameworksBuildPhase;
			buildActionMask = 2147483647;
			files = (
			);
			runOnlyForDeploymentPostprocessing = 0;
		};
/* End PBXFrameworksBuildPhase section */

/* Begin PBXGroup section */
		DA46B1872A5E564B00814252 = {
			isa = PBXGroup;
			children = (
				DA46B1922A5E564B00814252 /* pocketgg */,
				DA46B1A82A5E564C00814252 /* pocketggTests */,
				DA65D6782AB6744400EF18E0 /* Packages */,
				DA46B1912A5E564B00814252 /* Products */,
				DA65D67A2AB6746F00EF18E0 /* Frameworks */,
			);
			sourceTree = "<group>";
		};
		DA46B1912A5E564B00814252 /* Products */ = {
			isa = PBXGroup;
			children = (
				DA46B1902A5E564B00814252 /* pocketgg.app */,
				DA46B1A52A5E564C00814252 /* pocketggTests.xctest */,
			);
			name = Products;
			sourceTree = "<group>";
		};
		DA46B1922A5E564B00814252 /* pocketgg */ = {
			isa = PBXGroup;
			children = (
				DA65D6622AB6252C00EF18E0 /* Model */,
				DADCFECF2A5F96F000A98C0D /* View */,
				DA65D65F2AB61EB800EF18E0 /* ViewModel */,
				DA65D67D2AB674FD00EF18E0 /* Network */,
				DABFF2702AB90F880053614D /* Services */,
				DA46B1932A5E564B00814252 /* pocketggApp.swift */,
				DA8D00AE2AC9E68F0093FC49 /* AppRootManager.swift */,
				DABFF26C2AB906580053614D /* Info.plist */,
				DA46B1952A5E564B00814252 /* ContentView.swift */,
				DA46B1972A5E564C00814252 /* Assets.xcassets */,
				DA65D6772AB673A000EF18E0 /* Tournament.graphql */,
				DA46B19C2A5E564C00814252 /* Persistence.swift */,
				DA46B19E2A5E564C00814252 /* pocketgg.xcdatamodeld */,
				DA46B1992A5E564C00814252 /* Preview Content */,
			);
			path = pocketgg;
			sourceTree = "<group>";
		};
		DA46B1992A5E564C00814252 /* Preview Content */ = {
			isa = PBXGroup;
			children = (
				DA46B19A2A5E564C00814252 /* Preview Assets.xcassets */,
			);
			path = "Preview Content";
			sourceTree = "<group>";
		};
		DA46B1A82A5E564C00814252 /* pocketggTests */ = {
			isa = PBXGroup;
			children = (
				DA46B1A92A5E564C00814252 /* pocketggTests.swift */,
			);
			path = pocketggTests;
			sourceTree = "<group>";
		};
		DA65D65F2AB61EB800EF18E0 /* ViewModel */ = {
			isa = PBXGroup;
			children = (
				DABFF26D2AB906D30053614D /* Login */,
				DA65D66F2AB64A7500EF18E0 /* Home */,
			);
			path = ViewModel;
			sourceTree = "<group>";
		};
		DA65D6622AB6252C00EF18E0 /* Model */ = {
			isa = PBXGroup;
			children = (
				DA65D6632AB6253500EF18E0 /* Tournament.swift */,
			);
			path = Model;
			sourceTree = "<group>";
		};
		DA65D66D2AB64A4700EF18E0 /* Home */ = {
			isa = PBXGroup;
			children = (
				DA65D65D2AB61AE300EF18E0 /* HomeView.swift */,
				DA65D6692AB625E100EF18E0 /* TournamentHorizontalListView.swift */,
				DA65D66B2AB6302700EF18E0 /* TournamentTileView.swift */,
			);
			path = Home;
			sourceTree = "<group>";
		};
		DA65D66E2AB64A5C00EF18E0 /* Settings */ = {
			isa = PBXGroup;
			children = (
				DA65D65B2AB618B100EF18E0 /* SettingsView.swift */,
			);
			path = Settings;
			sourceTree = "<group>";
		};
		DA65D66F2AB64A7500EF18E0 /* Home */ = {
			isa = PBXGroup;
			children = (
				DA65D6602AB61EC900EF18E0 /* HomeViewModel.swift */,
			);
			path = Home;
			sourceTree = "<group>";
		};
		DA65D6782AB6744400EF18E0 /* Packages */ = {
			isa = PBXGroup;
			children = (
				DA65D6792AB6744400EF18E0 /* startggAPI */,
			);
			name = Packages;
			sourceTree = "<group>";
		};
		DA65D67A2AB6746F00EF18E0 /* Frameworks */ = {
			isa = PBXGroup;
			children = (
			);
			name = Frameworks;
			sourceTree = "<group>";
		};
		DA65D67D2AB674FD00EF18E0 /* Network */ = {
			isa = PBXGroup;
			children = (
				DA65D67E2AB6751900EF18E0 /* Network.swift */,
				DA8D00A62AC9D8740093FC49 /* AuthorizationInterceptor.swift */,
			);
			path = Network;
			sourceTree = "<group>";
		};
		DABFF2692AB794CE0053614D /* Login */ = {
			isa = PBXGroup;
			children = (
				DABFF26A2AB794E20053614D /* LoginView.swift */,
			);
			path = Login;
			sourceTree = "<group>";
		};
		DABFF26D2AB906D30053614D /* Login */ = {
			isa = PBXGroup;
			children = (
				DABFF26E2AB906DC0053614D /* LoginViewModel.swift */,
			);
			path = Login;
			sourceTree = "<group>";
		};
		DABFF2702AB90F880053614D /* Services */ = {
			isa = PBXGroup;
			children = (
				DABFF2712AB90FA90053614D /* OAuthService.swift */,
				DA8D00A42AC9D3AC0093FC49 /* KeychainService.swift */,
			);
			path = Services;
			sourceTree = "<group>";
		};
		DADCFECF2A5F96F000A98C0D /* View */ = {
			isa = PBXGroup;
			children = (
				DABFF2692AB794CE0053614D /* Login */,
				DA65D66D2AB64A4700EF18E0 /* Home */,
				DA65D66E2AB64A5C00EF18E0 /* Settings */,
			);
			path = View;
			sourceTree = "<group>";
		};
/* End PBXGroup section */

/* Begin PBXNativeTarget section */
		DA46B18F2A5E564B00814252 /* pocketgg */ = {
			isa = PBXNativeTarget;
			buildConfigurationList = DA46B1B92A5E564D00814252 /* Build configuration list for PBXNativeTarget "pocketgg" */;
			buildPhases = (
				DA46B18C2A5E564B00814252 /* Sources */,
				DA46B18D2A5E564B00814252 /* Frameworks */,
				DA46B18E2A5E564B00814252 /* Resources */,
			);
			buildRules = (
			);
			dependencies = (
			);
			name = pocketgg;
			packageProductDependencies = (
				DA65D6712AB6522D00EF18E0 /* Apollo */,
				DA65D6732AB6522D00EF18E0 /* ApolloAPI */,
				DA65D6752AB6522D00EF18E0 /* ApolloWebSocket */,
				DA65D67B2AB6746F00EF18E0 /* StartggAPI */,
			);
			productName = pocketgg;
			productReference = DA46B1902A5E564B00814252 /* pocketgg.app */;
			productType = "com.apple.product-type.application";
		};
		DA46B1A42A5E564C00814252 /* pocketggTests */ = {
			isa = PBXNativeTarget;
			buildConfigurationList = DA46B1BC2A5E564D00814252 /* Build configuration list for PBXNativeTarget "pocketggTests" */;
			buildPhases = (
				DA46B1A12A5E564C00814252 /* Sources */,
				DA46B1A22A5E564C00814252 /* Frameworks */,
				DA46B1A32A5E564C00814252 /* Resources */,
			);
			buildRules = (
			);
			dependencies = (
				DA46B1A72A5E564C00814252 /* PBXTargetDependency */,
			);
			name = pocketggTests;
			productName = pocketggTests;
			productReference = DA46B1A52A5E564C00814252 /* pocketggTests.xctest */;
			productType = "com.apple.product-type.bundle.unit-test";
		};
/* End PBXNativeTarget section */

/* Begin PBXProject section */
		DA46B1882A5E564B00814252 /* Project object */ = {
			isa = PBXProject;
			attributes = {
				BuildIndependentTargetsInParallel = 1;
				LastSwiftUpdateCheck = 1420;
				LastUpgradeCheck = 1420;
				TargetAttributes = {
					DA46B18F2A5E564B00814252 = {
						CreatedOnToolsVersion = 14.2;
					};
					DA46B1A42A5E564C00814252 = {
						CreatedOnToolsVersion = 14.2;
						TestTargetID = DA46B18F2A5E564B00814252;
					};
				};
			};
			buildConfigurationList = DA46B18B2A5E564B00814252 /* Build configuration list for PBXProject "pocketgg" */;
			compatibilityVersion = "Xcode 14.0";
			developmentRegion = en;
			hasScannedForEncodings = 0;
			knownRegions = (
				en,
				Base,
			);
			mainGroup = DA46B1872A5E564B00814252;
			packageReferences = (
				DA65D6702AB6522D00EF18E0 /* XCRemoteSwiftPackageReference "apollo-ios" */,
			);
			productRefGroup = DA46B1912A5E564B00814252 /* Products */;
			projectDirPath = "";
			projectRoot = "";
			targets = (
				DA46B18F2A5E564B00814252 /* pocketgg */,
				DA46B1A42A5E564C00814252 /* pocketggTests */,
			);
		};
/* End PBXProject section */

/* Begin PBXResourcesBuildPhase section */
		DA46B18E2A5E564B00814252 /* Resources */ = {
			isa = PBXResourcesBuildPhase;
			buildActionMask = 2147483647;
			files = (
				DA46B19B2A5E564C00814252 /* Preview Assets.xcassets in Resources */,
				DA46B1982A5E564C00814252 /* Assets.xcassets in Resources */,
			);
			runOnlyForDeploymentPostprocessing = 0;
		};
		DA46B1A32A5E564C00814252 /* Resources */ = {
			isa = PBXResourcesBuildPhase;
			buildActionMask = 2147483647;
			files = (
			);
			runOnlyForDeploymentPostprocessing = 0;
		};
/* End PBXResourcesBuildPhase section */

/* Begin PBXSourcesBuildPhase section */
		DA46B18C2A5E564B00814252 /* Sources */ = {
			isa = PBXSourcesBuildPhase;
			buildActionMask = 2147483647;
			files = (
				DA65D6642AB6253500EF18E0 /* Tournament.swift in Sources */,
				DA65D66C2AB6302700EF18E0 /* TournamentTileView.swift in Sources */,
				DA65D65C2AB618B100EF18E0 /* SettingsView.swift in Sources */,
				DA46B19D2A5E564C00814252 /* Persistence.swift in Sources */,
				DA65D6612AB61EC900EF18E0 /* HomeViewModel.swift in Sources */,
				DABFF2722AB90FA90053614D /* OAuthService.swift in Sources */,
				DA65D67F2AB6751900EF18E0 /* Network.swift in Sources */,
				DABFF26B2AB794E20053614D /* LoginView.swift in Sources */,
				DA8D00A52AC9D3AC0093FC49 /* KeychainService.swift in Sources */,
				DA8D00A72AC9D8740093FC49 /* AuthorizationInterceptor.swift in Sources */,
				DA8D00AF2AC9E68F0093FC49 /* AppRootManager.swift in Sources */,
				DA46B1A02A5E564C00814252 /* pocketgg.xcdatamodeld in Sources */,
				DABFF26F2AB906DC0053614D /* LoginViewModel.swift in Sources */,
				DA65D65E2AB61AE300EF18E0 /* HomeView.swift in Sources */,
				DA65D66A2AB625E100EF18E0 /* TournamentHorizontalListView.swift in Sources */,
				DA46B1962A5E564B00814252 /* ContentView.swift in Sources */,
				DA46B1942A5E564B00814252 /* pocketggApp.swift in Sources */,
			);
			runOnlyForDeploymentPostprocessing = 0;
		};
		DA46B1A12A5E564C00814252 /* Sources */ = {
			isa = PBXSourcesBuildPhase;
			buildActionMask = 2147483647;
			files = (
				DA46B1AA2A5E564C00814252 /* pocketggTests.swift in Sources */,
			);
			runOnlyForDeploymentPostprocessing = 0;
		};
/* End PBXSourcesBuildPhase section */

/* Begin PBXTargetDependency section */
		DA46B1A72A5E564C00814252 /* PBXTargetDependency */ = {
			isa = PBXTargetDependency;
			target = DA46B18F2A5E564B00814252 /* pocketgg */;
			targetProxy = DA46B1A62A5E564C00814252 /* PBXContainerItemProxy */;
		};
/* End PBXTargetDependency section */

/* Begin XCBuildConfiguration section */
		DA46B1B72A5E564D00814252 /* Debug */ = {
			isa = XCBuildConfiguration;
			buildSettings = {
				ALWAYS_SEARCH_USER_PATHS = NO;
				CLANG_ANALYZER_NONNULL = YES;
				CLANG_ANALYZER_NUMBER_OBJECT_CONVERSION = YES_AGGRESSIVE;
				CLANG_CXX_LANGUAGE_STANDARD = "gnu++20";
				CLANG_ENABLE_MODULES = YES;
				CLANG_ENABLE_OBJC_ARC = YES;
				CLANG_ENABLE_OBJC_WEAK = YES;
				CLANG_WARN_BLOCK_CAPTURE_AUTORELEASING = YES;
				CLANG_WARN_BOOL_CONVERSION = YES;
				CLANG_WARN_COMMA = YES;
				CLANG_WARN_CONSTANT_CONVERSION = YES;
				CLANG_WARN_DEPRECATED_OBJC_IMPLEMENTATIONS = YES;
				CLANG_WARN_DIRECT_OBJC_ISA_USAGE = YES_ERROR;
				CLANG_WARN_DOCUMENTATION_COMMENTS = YES;
				CLANG_WARN_EMPTY_BODY = YES;
				CLANG_WARN_ENUM_CONVERSION = YES;
				CLANG_WARN_INFINITE_RECURSION = YES;
				CLANG_WARN_INT_CONVERSION = YES;
				CLANG_WARN_NON_LITERAL_NULL_CONVERSION = YES;
				CLANG_WARN_OBJC_IMPLICIT_RETAIN_SELF = YES;
				CLANG_WARN_OBJC_LITERAL_CONVERSION = YES;
				CLANG_WARN_OBJC_ROOT_CLASS = YES_ERROR;
				CLANG_WARN_QUOTED_INCLUDE_IN_FRAMEWORK_HEADER = YES;
				CLANG_WARN_RANGE_LOOP_ANALYSIS = YES;
				CLANG_WARN_STRICT_PROTOTYPES = YES;
				CLANG_WARN_SUSPICIOUS_MOVE = YES;
				CLANG_WARN_UNGUARDED_AVAILABILITY = YES_AGGRESSIVE;
				CLANG_WARN_UNREACHABLE_CODE = YES;
				CLANG_WARN__DUPLICATE_METHOD_MATCH = YES;
				COPY_PHASE_STRIP = NO;
				DEBUG_INFORMATION_FORMAT = dwarf;
				ENABLE_STRICT_OBJC_MSGSEND = YES;
				ENABLE_TESTABILITY = YES;
				GCC_C_LANGUAGE_STANDARD = gnu11;
				GCC_DYNAMIC_NO_PIC = NO;
				GCC_NO_COMMON_BLOCKS = YES;
				GCC_OPTIMIZATION_LEVEL = 0;
				GCC_PREPROCESSOR_DEFINITIONS = (
					"DEBUG=1",
					"$(inherited)",
				);
				GCC_WARN_64_TO_32_BIT_CONVERSION = YES;
				GCC_WARN_ABOUT_RETURN_TYPE = YES_ERROR;
				GCC_WARN_UNDECLARED_SELECTOR = YES;
				GCC_WARN_UNINITIALIZED_AUTOS = YES_AGGRESSIVE;
				GCC_WARN_UNUSED_FUNCTION = YES;
				GCC_WARN_UNUSED_VARIABLE = YES;
				IPHONEOS_DEPLOYMENT_TARGET = 16.0;
				MTL_ENABLE_DEBUG_INFO = INCLUDE_SOURCE;
				MTL_FAST_MATH = YES;
				ONLY_ACTIVE_ARCH = YES;
				SDKROOT = iphoneos;
				SWIFT_ACTIVE_COMPILATION_CONDITIONS = DEBUG;
				SWIFT_OPTIMIZATION_LEVEL = "-Onone";
			};
			name = Debug;
		};
		DA46B1B82A5E564D00814252 /* Release */ = {
			isa = XCBuildConfiguration;
			buildSettings = {
				ALWAYS_SEARCH_USER_PATHS = NO;
				CLANG_ANALYZER_NONNULL = YES;
				CLANG_ANALYZER_NUMBER_OBJECT_CONVERSION = YES_AGGRESSIVE;
				CLANG_CXX_LANGUAGE_STANDARD = "gnu++20";
				CLANG_ENABLE_MODULES = YES;
				CLANG_ENABLE_OBJC_ARC = YES;
				CLANG_ENABLE_OBJC_WEAK = YES;
				CLANG_WARN_BLOCK_CAPTURE_AUTORELEASING = YES;
				CLANG_WARN_BOOL_CONVERSION = YES;
				CLANG_WARN_COMMA = YES;
				CLANG_WARN_CONSTANT_CONVERSION = YES;
				CLANG_WARN_DEPRECATED_OBJC_IMPLEMENTATIONS = YES;
				CLANG_WARN_DIRECT_OBJC_ISA_USAGE = YES_ERROR;
				CLANG_WARN_DOCUMENTATION_COMMENTS = YES;
				CLANG_WARN_EMPTY_BODY = YES;
				CLANG_WARN_ENUM_CONVERSION = YES;
				CLANG_WARN_INFINITE_RECURSION = YES;
				CLANG_WARN_INT_CONVERSION = YES;
				CLANG_WARN_NON_LITERAL_NULL_CONVERSION = YES;
				CLANG_WARN_OBJC_IMPLICIT_RETAIN_SELF = YES;
				CLANG_WARN_OBJC_LITERAL_CONVERSION = YES;
				CLANG_WARN_OBJC_ROOT_CLASS = YES_ERROR;
				CLANG_WARN_QUOTED_INCLUDE_IN_FRAMEWORK_HEADER = YES;
				CLANG_WARN_RANGE_LOOP_ANALYSIS = YES;
				CLANG_WARN_STRICT_PROTOTYPES = YES;
				CLANG_WARN_SUSPICIOUS_MOVE = YES;
				CLANG_WARN_UNGUARDED_AVAILABILITY = YES_AGGRESSIVE;
				CLANG_WARN_UNREACHABLE_CODE = YES;
				CLANG_WARN__DUPLICATE_METHOD_MATCH = YES;
				COPY_PHASE_STRIP = NO;
				DEBUG_INFORMATION_FORMAT = "dwarf-with-dsym";
				ENABLE_NS_ASSERTIONS = NO;
				ENABLE_STRICT_OBJC_MSGSEND = YES;
				GCC_C_LANGUAGE_STANDARD = gnu11;
				GCC_NO_COMMON_BLOCKS = YES;
				GCC_WARN_64_TO_32_BIT_CONVERSION = YES;
				GCC_WARN_ABOUT_RETURN_TYPE = YES_ERROR;
				GCC_WARN_UNDECLARED_SELECTOR = YES;
				GCC_WARN_UNINITIALIZED_AUTOS = YES_AGGRESSIVE;
				GCC_WARN_UNUSED_FUNCTION = YES;
				GCC_WARN_UNUSED_VARIABLE = YES;
				IPHONEOS_DEPLOYMENT_TARGET = 16.0;
				MTL_ENABLE_DEBUG_INFO = NO;
				MTL_FAST_MATH = YES;
				SDKROOT = iphoneos;
				SWIFT_COMPILATION_MODE = wholemodule;
				SWIFT_OPTIMIZATION_LEVEL = "-O";
				VALIDATE_PRODUCT = YES;
			};
			name = Release;
		};
		DA46B1BA2A5E564D00814252 /* Debug */ = {
			isa = XCBuildConfiguration;
			buildSettings = {
				ASSETCATALOG_COMPILER_APPICON_NAME = AppIcon;
				ASSETCATALOG_COMPILER_GLOBAL_ACCENT_COLOR_NAME = AccentColor;
				CODE_SIGN_STYLE = Automatic;
				CURRENT_PROJECT_VERSION = 1;
				DEVELOPMENT_ASSET_PATHS = "\"pocketgg/Preview Content\"";
				DEVELOPMENT_TEAM = H5HY9QQ8RU;
				ENABLE_PREVIEWS = YES;
				GENERATE_INFOPLIST_FILE = YES;
				INFOPLIST_FILE = pocketgg/Info.plist;
				INFOPLIST_KEY_CFBundleDisplayName = pocket.gg;
				INFOPLIST_KEY_UIApplicationSceneManifest_Generation = YES;
				INFOPLIST_KEY_UIApplicationSupportsIndirectInputEvents = YES;
				INFOPLIST_KEY_UILaunchScreen_Generation = YES;
				INFOPLIST_KEY_UISupportedInterfaceOrientations_iPad = "UIInterfaceOrientationPortrait UIInterfaceOrientationPortraitUpsideDown UIInterfaceOrientationLandscapeLeft UIInterfaceOrientationLandscapeRight";
				INFOPLIST_KEY_UISupportedInterfaceOrientations_iPhone = "UIInterfaceOrientationPortrait UIInterfaceOrientationLandscapeLeft UIInterfaceOrientationLandscapeRight";
				LD_RUNPATH_SEARCH_PATHS = (
					"$(inherited)",
					"@executable_path/Frameworks",
				);
				MARKETING_VERSION = 2.0;
				PRODUCT_BUNDLE_IDENTIFIER = com.gabrielsiu.pocketgg;
				PRODUCT_NAME = "$(TARGET_NAME)";
				SWIFT_EMIT_LOC_STRINGS = YES;
				SWIFT_VERSION = 5.0;
				TARGETED_DEVICE_FAMILY = "1,2";
			};
			name = Debug;
		};
		DA46B1BB2A5E564D00814252 /* Release */ = {
			isa = XCBuildConfiguration;
			buildSettings = {
				ASSETCATALOG_COMPILER_APPICON_NAME = AppIcon;
				ASSETCATALOG_COMPILER_GLOBAL_ACCENT_COLOR_NAME = AccentColor;
				CODE_SIGN_STYLE = Automatic;
				CURRENT_PROJECT_VERSION = 1;
				DEVELOPMENT_ASSET_PATHS = "\"pocketgg/Preview Content\"";
				DEVELOPMENT_TEAM = H5HY9QQ8RU;
				ENABLE_PREVIEWS = YES;
				GENERATE_INFOPLIST_FILE = YES;
				INFOPLIST_FILE = pocketgg/Info.plist;
				INFOPLIST_KEY_CFBundleDisplayName = pocket.gg;
				INFOPLIST_KEY_UIApplicationSceneManifest_Generation = YES;
				INFOPLIST_KEY_UIApplicationSupportsIndirectInputEvents = YES;
				INFOPLIST_KEY_UILaunchScreen_Generation = YES;
				INFOPLIST_KEY_UISupportedInterfaceOrientations_iPad = "UIInterfaceOrientationPortrait UIInterfaceOrientationPortraitUpsideDown UIInterfaceOrientationLandscapeLeft UIInterfaceOrientationLandscapeRight";
				INFOPLIST_KEY_UISupportedInterfaceOrientations_iPhone = "UIInterfaceOrientationPortrait UIInterfaceOrientationLandscapeLeft UIInterfaceOrientationLandscapeRight";
				LD_RUNPATH_SEARCH_PATHS = (
					"$(inherited)",
					"@executable_path/Frameworks",
				);
				MARKETING_VERSION = 2.0;
				PRODUCT_BUNDLE_IDENTIFIER = com.gabrielsiu.pocketgg;
				PRODUCT_NAME = "$(TARGET_NAME)";
				SWIFT_EMIT_LOC_STRINGS = YES;
				SWIFT_VERSION = 5.0;
				TARGETED_DEVICE_FAMILY = "1,2";
			};
			name = Release;
		};
		DA46B1BD2A5E564D00814252 /* Debug */ = {
			isa = XCBuildConfiguration;
			buildSettings = {
				ALWAYS_EMBED_SWIFT_STANDARD_LIBRARIES = YES;
				BUNDLE_LOADER = "$(TEST_HOST)";
				CODE_SIGN_STYLE = Automatic;
				CURRENT_PROJECT_VERSION = 1;
				DEVELOPMENT_TEAM = H5HY9QQ8RU;
				GENERATE_INFOPLIST_FILE = YES;
				IPHONEOS_DEPLOYMENT_TARGET = 16.2;
				MARKETING_VERSION = 1.0;
				PRODUCT_BUNDLE_IDENTIFIER = gabrielsiu.pocketggTests;
				PRODUCT_NAME = "$(TARGET_NAME)";
				SWIFT_EMIT_LOC_STRINGS = NO;
				SWIFT_VERSION = 5.0;
				TARGETED_DEVICE_FAMILY = "1,2";
				TEST_HOST = "$(BUILT_PRODUCTS_DIR)/pocketgg.app/$(BUNDLE_EXECUTABLE_FOLDER_PATH)/pocketgg";
			};
			name = Debug;
		};
		DA46B1BE2A5E564D00814252 /* Release */ = {
			isa = XCBuildConfiguration;
			buildSettings = {
				ALWAYS_EMBED_SWIFT_STANDARD_LIBRARIES = YES;
				BUNDLE_LOADER = "$(TEST_HOST)";
				CODE_SIGN_STYLE = Automatic;
				CURRENT_PROJECT_VERSION = 1;
				DEVELOPMENT_TEAM = H5HY9QQ8RU;
				GENERATE_INFOPLIST_FILE = YES;
				IPHONEOS_DEPLOYMENT_TARGET = 16.2;
				MARKETING_VERSION = 1.0;
				PRODUCT_BUNDLE_IDENTIFIER = gabrielsiu.pocketggTests;
				PRODUCT_NAME = "$(TARGET_NAME)";
				SWIFT_EMIT_LOC_STRINGS = NO;
				SWIFT_VERSION = 5.0;
				TARGETED_DEVICE_FAMILY = "1,2";
				TEST_HOST = "$(BUILT_PRODUCTS_DIR)/pocketgg.app/$(BUNDLE_EXECUTABLE_FOLDER_PATH)/pocketgg";
			};
			name = Release;
		};
/* End XCBuildConfiguration section */

/* Begin XCConfigurationList section */
		DA46B18B2A5E564B00814252 /* Build configuration list for PBXProject "pocketgg" */ = {
			isa = XCConfigurationList;
			buildConfigurations = (
				DA46B1B72A5E564D00814252 /* Debug */,
				DA46B1B82A5E564D00814252 /* Release */,
			);
			defaultConfigurationIsVisible = 0;
			defaultConfigurationName = Release;
		};
		DA46B1B92A5E564D00814252 /* Build configuration list for PBXNativeTarget "pocketgg" */ = {
			isa = XCConfigurationList;
			buildConfigurations = (
				DA46B1BA2A5E564D00814252 /* Debug */,
				DA46B1BB2A5E564D00814252 /* Release */,
			);
			defaultConfigurationIsVisible = 0;
			defaultConfigurationName = Release;
		};
		DA46B1BC2A5E564D00814252 /* Build configuration list for PBXNativeTarget "pocketggTests" */ = {
			isa = XCConfigurationList;
			buildConfigurations = (
				DA46B1BD2A5E564D00814252 /* Debug */,
				DA46B1BE2A5E564D00814252 /* Release */,
			);
			defaultConfigurationIsVisible = 0;
			defaultConfigurationName = Release;
		};
/* End XCConfigurationList section */

/* Begin XCRemoteSwiftPackageReference section */
		DA65D6702AB6522D00EF18E0 /* XCRemoteSwiftPackageReference "apollo-ios" */ = {
			isa = XCRemoteSwiftPackageReference;
			repositoryURL = "https://github.com/apollographql/apollo-ios";
			requirement = {
				kind = upToNextMinorVersion;
				minimumVersion = 1.5.0;
			};
		};
/* End XCRemoteSwiftPackageReference section */

/* Begin XCSwiftPackageProductDependency section */
		DA65D6712AB6522D00EF18E0 /* Apollo */ = {
			isa = XCSwiftPackageProductDependency;
			package = DA65D6702AB6522D00EF18E0 /* XCRemoteSwiftPackageReference "apollo-ios" */;
			productName = Apollo;
		};
		DA65D6732AB6522D00EF18E0 /* ApolloAPI */ = {
			isa = XCSwiftPackageProductDependency;
			package = DA65D6702AB6522D00EF18E0 /* XCRemoteSwiftPackageReference "apollo-ios" */;
			productName = ApolloAPI;
		};
		DA65D6752AB6522D00EF18E0 /* ApolloWebSocket */ = {
			isa = XCSwiftPackageProductDependency;
			package = DA65D6702AB6522D00EF18E0 /* XCRemoteSwiftPackageReference "apollo-ios" */;
			productName = ApolloWebSocket;
		};
		DA65D67B2AB6746F00EF18E0 /* StartggAPI */ = {
			isa = XCSwiftPackageProductDependency;
			productName = StartggAPI;
		};
/* End XCSwiftPackageProductDependency section */

/* Begin XCVersionGroup section */
		DA46B19E2A5E564C00814252 /* pocketgg.xcdatamodeld */ = {
			isa = XCVersionGroup;
			children = (
				DA46B19F2A5E564C00814252 /* pocketgg.xcdatamodel */,
			);
			currentVersion = DA46B19F2A5E564C00814252 /* pocketgg.xcdatamodel */;
			path = pocketgg.xcdatamodeld;
			sourceTree = "<group>";
			versionGroupType = wrapper.xcdatamodel;
		};
/* End XCVersionGroup section */
	};
	rootObject = DA46B1882A5E564B00814252 /* Project object */;
}
